<?xml version="1.0" encoding="UTF-8"?>
<Scheme
   version = "1.3">
   <BuildAction
      parallelizeBuildables = "YES"
      buildImplicitDependencies = "YES">
      <BuildActionEntries>
         <BuildActionEntry
            buildForTesting = "YES"
            buildForRunning = "YES"
            buildForProfiling = "YES"
            buildForArchiving = "YES"
            buildForAnalyzing = "YES">
            <BuildableReference
               BuildableIdentifier = "primary"
               BlueprintIdentifier = "DDED16A913A3290D003E523C"
               BuildableName = "&#1041;&#1091;&#1093;&#1075;&#1072;&#1083;&#1090;&#1077;&#1088;&#1080;&#1103;.app"
               BlueprintName = "&#1041;&#1091;&#1093;&#1075;&#1072;&#1083;&#1090;&#1077;&#1088;&#1080;&#1103;"
               ReferencedContainer = "container:&#1041;&#1091;&#1093;&#1075;&#1072;&#1083;&#1090;&#1077;&#1088;&#1080;&#1103;.xcodeproj">
            </BuildableReference>
         </BuildActionEntry>
      </BuildActionEntries>
   </BuildAction>
   <TestAction
      selectedDebuggerIdentifier = "Xcode.DebuggerFoundation.Debugger.GDB"
      selectedLauncherIdentifier = "Xcode.DebuggerFoundation.Launcher.GDB"
      shouldUseLaunchSchemeArgsEnv = "YES"
      buildConfiguration = "Debug">
      <Testables>
      </Testables>
   </TestAction>
   <LaunchAction
      selectedDebuggerIdentifier = "Xcode.DebuggerFoundation.Debugger.GDB"
      selectedLauncherIdentifier = "Xcode.DebuggerFoundation.Launcher.GDB"
      displayScaleIsEnabled = "NO"
      displayScale = "1.00"
      launchStyle = "0"
      useCustomWorkingDirectory = "NO"
      buildConfiguration = "Debug">
      <BuildableProductRunnable>
         <BuildableReference
            BuildableIdentifier = "primary"
            BlueprintIdentifier = "DDED16A913A3290D003E523C"
            BuildableName = "&#1041;&#1091;&#1093;&#1075;&#1072;&#1083;&#1090;&#1077;&#1088;&#1080;&#1103;.app"
            BlueprintName = "&#1041;&#1091;&#1093;&#1075;&#1072;&#1083;&#1090;&#1077;&#1088;&#1080;&#1103;"
            ReferencedContainer = "container:&#1041;&#1091;&#1093;&#1075;&#1072;&#1083;&#1090;&#1077;&#1088;&#1080;&#1103;.xcodeproj">
         </BuildableReference>
      </BuildableProductRunnable>
      <AdditionalOptions>
      </AdditionalOptions>
   </LaunchAction>
   <ProfileAction
      displayScaleIsEnabled = "NO"
      displayScale = "1.00"
      shouldUseLaunchSchemeArgsEnv = "YES"
      savedToolIdentifier = ""
      useCustomWorkingDirectory = "NO"
      buildConfiguration = "Release">
      <BuildableProductRunnable>
         <BuildableReference
            BuildableIdentifier = "primary"
            BlueprintIdentifier = "DDED16A913A3290D003E523C"
            BuildableName = "&#1041;&#1091;&#1093;&#1075;&#1072;&#1083;&#1090;&#1077;&#1088;&#1080;&#1103;.app"
            BlueprintName = "&#1041;&#1091;&#1093;&#1075;&#1072;&#1083;&#1090;&#1077;&#1088;&#1080;&#1103;"
            ReferencedContainer = "container:&#1041;&#1091;&#1093;&#1075;&#1072;&#1083;&#1090;&#1077;&#1088;&#1080;&#1103;.xcodeproj">
         </BuildableReference>
      </BuildableProductRunnable>
   </ProfileAction>
   <AnalyzeAction
      buildConfiguration = "Debug">
   </AnalyzeAction>
   <ArchiveAction
      buildConfiguration = "Release"
      revealArchiveInOrganizer = "YES">
   </ArchiveAction>
</Scheme>
