// !$*UTF8*$!
{
	archiveVersion = 1;
	classes = {
	};
	objectVersion = 46;
	objects = {

/* Begin PBXBuildFile section */
		8C87438213A76A2E00588B05 /* NewsDetailController.m in Sources */ = {isa = PBXBuildFile; fileRef = 8C87438013A76A2E00588B05 /* NewsDetailController.m */; };
		8C87438313A76A2E00588B05 /* NewsDetailController.xib in Resources */ = {isa = PBXBuildFile; fileRef = 8C87438113A76A2E00588B05 /* NewsDetailController.xib */; };
		8C92548113AF53AF00374063 /* SendQController.m in Sources */ = {isa = PBXBuildFile; fileRef = 8C92547F13AF53AF00374063 /* SendQController.m */; };
		8C92548213AF53AF00374063 /* SendQController.xib in Resources */ = {isa = PBXBuildFile; fileRef = 8C92548013AF53AF00374063 /* SendQController.xib */; };
		8C92548613AF635200374063 /* 53-house.png in Resources */ = {isa = PBXBuildFile; fileRef = 8C92548413AF635200374063 /* 53-house.png */; };
		8C92548713AF635200374063 /* 53-house@2x.png in Resources */ = {isa = PBXBuildFile; fileRef = 8C92548513AF635200374063 /* 53-house@2x.png */; };
		8C9AAC7413AF3F6B00B759CF /* login-screen-ok.png in Resources */ = {isa = PBXBuildFile; fileRef = 8C9AAC7213AF3F6B00B759CF /* login-screen-ok.png */; };
		8C9AAC7513AF3F6B00B759CF /* login-screen-ok@2x.png in Resources */ = {isa = PBXBuildFile; fileRef = 8C9AAC7313AF3F6B00B759CF /* login-screen-ok@2x.png */; };
		8CDEB88D13AF0ADD00143F26 /* NewsCell.xib in Resources */ = {isa = PBXBuildFile; fileRef = 8CDEB88C13AF0ADD00143F26 /* NewsCell.xib */; };
		DD10C1D513A6D6C1007E191D /* NewsCell.m in Sources */ = {isa = PBXBuildFile; fileRef = DD10C1D413A6D6C1007E191D /* NewsCell.m */; };
		DD251BA513A496A800DBA93B /* Reachability.m in Sources */ = {isa = PBXBuildFile; fileRef = DD251BA413A496A800DBA93B /* Reachability.m */; };
		DD251BA813A4975D00DBA93B /* XMLParser.m in Sources */ = {isa = PBXBuildFile; fileRef = DD251BA713A4975D00DBA93B /* XMLParser.m */; };
		DD251BAB13A497F300DBA93B /* Item.m in Sources */ = {isa = PBXBuildFile; fileRef = DD251BAA13A497F200DBA93B /* Item.m */; };
		DD251BC913A4F05800DBA93B /* SystemConfiguration.framework in Frameworks */ = {isa = PBXBuildFile; fileRef = DD251BC813A4F05800DBA93B /* SystemConfiguration.framework */; };
		DDC99BE413AD8EB800958DF2 /* top-logo-sample.png in Resources */ = {isa = PBXBuildFile; fileRef = DDC99BE213AD8EB800958DF2 /* top-logo-sample.png */; };
		DDC99BED13AD956600958DF2 /* top-logo-sample@2x.png in Resources */ = {isa = PBXBuildFile; fileRef = DDC99BEB13AD956600958DF2 /* top-logo-sample@2x.png */; };
		DDC99BF313AD993E00958DF2 /* Default.png in Resources */ = {isa = PBXBuildFile; fileRef = DDC99BF213AD993E00958DF2 /* Default.png */; };
		DDC99BF513AD994F00958DF2 /* Default@2x.png in Resources */ = {isa = PBXBuildFile; fileRef = DDC99BF413AD994F00958DF2 /* Default@2x.png */; };
		DDC99BF913AD9D3E00958DF2 /* TopNewsCell.m in Sources */ = {isa = PBXBuildFile; fileRef = DDC99BF713AD9D3E00958DF2 /* TopNewsCell.m */; };
		DDC99BFA13AD9D3E00958DF2 /* TopNewsCell.xib in Resources */ = {isa = PBXBuildFile; fileRef = DDC99BF813AD9D3E00958DF2 /* TopNewsCell.xib */; };
		DDD0386813ADBD6B00BD246B /* DelimNewsCell.m in Sources */ = {isa = PBXBuildFile; fileRef = DDD0386613ADBD6B00BD246B /* DelimNewsCell.m */; };
		DDD0386913ADBD6B00BD246B /* DelimNewsCell.xib in Resources */ = {isa = PBXBuildFile; fileRef = DDD0386713ADBD6B00BD246B /* DelimNewsCell.xib */; };
		DDD0389E13ADD2A500BD246B /* QAController.m in Sources */ = {isa = PBXBuildFile; fileRef = DDD0389C13ADD2A500BD246B /* QAController.m */; };
		DDD0389F13ADD2A500BD246B /* QAController.xib in Resources */ = {isa = PBXBuildFile; fileRef = DDD0389D13ADD2A500BD246B /* QAController.xib */; };
		DDD038A313ADDBBD00BD246B /* QACell.m in Sources */ = {isa = PBXBuildFile; fileRef = DDD038A113ADDBBC00BD246B /* QACell.m */; };
		DDD038A413ADDBBD00BD246B /* QACell.xib in Resources */ = {isa = PBXBuildFile; fileRef = DDD038A213ADDBBC00BD246B /* QACell.xib */; };
		DDED16AF13A3290D003E523C /* UIKit.framework in Frameworks */ = {isa = PBXBuildFile; fileRef = DDED16AE13A3290D003E523C /* UIKit.framework */; };
		DDED16B113A3290D003E523C /* Foundation.framework in Frameworks */ = {isa = PBXBuildFile; fileRef = DDED16B013A3290D003E523C /* Foundation.framework */; };
		DDED16B313A3290D003E523C /* CoreGraphics.framework in Frameworks */ = {isa = PBXBuildFile; fileRef = DDED16B213A3290D003E523C /* CoreGraphics.framework */; };
		DDED16B913A3290D003E523C /* InfoPlist.strings in Resources */ = {isa = PBXBuildFile; fileRef = DDED16B713A3290D003E523C /* InfoPlist.strings */; };
		DDED16BC13A3290D003E523C /* main.m in Sources */ = {isa = PBXBuildFile; fileRef = DDED16BB13A3290D003E523C /* main.m */; };
		DDED16BF13A3290D003E523C /* iBuhAppDelegate.m in Sources */ = {isa = PBXBuildFile; fileRef = DDED16BE13A3290D003E523C /* iBuhAppDelegate.m */; };
		DDED16C213A3290D003E523C /* MainWindow.xib in Resources */ = {isa = PBXBuildFile; fileRef = DDED16C013A3290D003E523C /* MainWindow.xib */; };
		DDED16D513A3290E003E523C /* UIKit.framework in Frameworks */ = {isa = PBXBuildFile; fileRef = DDED16AE13A3290D003E523C /* UIKit.framework */; };
		DDED16D613A3290E003E523C /* Foundation.framework in Frameworks */ = {isa = PBXBuildFile; fileRef = DDED16B013A3290D003E523C /* Foundation.framework */; };
		DDED16D713A3290E003E523C /* CoreGraphics.framework in Frameworks */ = {isa = PBXBuildFile; fileRef = DDED16B213A3290D003E523C /* CoreGraphics.framework */; };
		DDED16DF13A3290E003E523C /* InfoPlist.strings in Resources */ = {isa = PBXBuildFile; fileRef = DDED16DD13A3290E003E523C /* InfoPlist.strings */; };
		DDED16E213A3290E003E523C /* iBuhTests.h in Resources */ = {isa = PBXBuildFile; fileRef = DDED16E113A3290E003E523C /* iBuhTests.h */; };
		DDED16E413A3290E003E523C /* iBuhTests.m in Sources */ = {isa = PBXBuildFile; fileRef = DDED16E313A3290E003E523C /* iBuhTests.m */; };
		DDED16F713A45835003E523C /* Common.m in Sources */ = {isa = PBXBuildFile; fileRef = DDED16F613A45835003E523C /* Common.m */; };
		DDED175C13A47FDA003E523C /* FavController.m in Sources */ = {isa = PBXBuildFile; fileRef = DDED175A13A47FD9003E523C /* FavController.m */; };
		DDED175D13A47FDA003E523C /* FavController.xib in Resources */ = {isa = PBXBuildFile; fileRef = DDED175B13A47FDA003E523C /* FavController.xib */; };
		DDED177D13A48363003E523C /* NewsController.m in Sources */ = {isa = PBXBuildFile; fileRef = DDED177B13A48362003E523C /* NewsController.m */; };
		DDED177E13A48363003E523C /* NewsController.xib in Resources */ = {isa = PBXBuildFile; fileRef = DDED177C13A48363003E523C /* NewsController.xib */; };
/* End PBXBuildFile section */

/* Begin PBXContainerItemProxy section */
		DDED16D813A3290E003E523C /* PBXContainerItemProxy */ = {
			isa = PBXContainerItemProxy;
			containerPortal = DDED16A113A3290C003E523C /* Project object */;
			proxyType = 1;
			remoteGlobalIDString = DDED16A913A3290D003E523C;
			remoteInfo = iBuh;
		};
/* End PBXContainerItemProxy section */

/* Begin PBXFileReference section */
		8C87437F13A76A2E00588B05 /* NewsDetailController.h */ = {isa = PBXFileReference; fileEncoding = 4; lastKnownFileType = sourcecode.c.h; path = NewsDetailController.h; sourceTree = "<group>"; };
		8C87438013A76A2E00588B05 /* NewsDetailController.m */ = {isa = PBXFileReference; fileEncoding = 4; lastKnownFileType = sourcecode.c.objc; path = NewsDetailController.m; sourceTree = "<group>"; };
		8C87438113A76A2E00588B05 /* NewsDetailController.xib */ = {isa = PBXFileReference; fileEncoding = 4; lastKnownFileType = file.xib; path = NewsDetailController.xib; sourceTree = "<group>"; };
		8C92547E13AF53AF00374063 /* SendQController.h */ = {isa = PBXFileReference; fileEncoding = 4; lastKnownFileType = sourcecode.c.h; path = SendQController.h; sourceTree = "<group>"; };
		8C92547F13AF53AF00374063 /* SendQController.m */ = {isa = PBXFileReference; fileEncoding = 4; lastKnownFileType = sourcecode.c.objc; path = SendQController.m; sourceTree = "<group>"; };
		8C92548013AF53AF00374063 /* SendQController.xib */ = {isa = PBXFileReference; fileEncoding = 4; lastKnownFileType = file.xib; path = SendQController.xib; sourceTree = "<group>"; };
		8C92548413AF635200374063 /* 53-house.png */ = {isa = PBXFileReference; lastKnownFileType = image.png; path = "53-house.png"; sourceTree = "<group>"; };
		8C92548513AF635200374063 /* 53-house@2x.png */ = {isa = PBXFileReference; lastKnownFileType = image.png; path = "53-house@2x.png"; sourceTree = "<group>"; };
		8C9AAC7213AF3F6B00B759CF /* login-screen-ok.png */ = {isa = PBXFileReference; lastKnownFileType = image.png; path = "login-screen-ok.png"; sourceTree = "<group>"; };
		8C9AAC7313AF3F6B00B759CF /* login-screen-ok@2x.png */ = {isa = PBXFileReference; lastKnownFileType = image.png; path = "login-screen-ok@2x.png"; sourceTree = "<group>"; };
		8CDEB88C13AF0ADD00143F26 /* NewsCell.xib */ = {isa = PBXFileReference; fileEncoding = 4; lastKnownFileType = file.xib; path = NewsCell.xib; sourceTree = "<group>"; };
		DD10C1D313A6D6C1007E191D /* NewsCell.h */ = {isa = PBXFileReference; fileEncoding = 4; lastKnownFileType = sourcecode.c.h; path = NewsCell.h; sourceTree = "<group>"; };
		DD10C1D413A6D6C1007E191D /* NewsCell.m */ = {isa = PBXFileReference; fileEncoding = 4; lastKnownFileType = sourcecode.c.objc; path = NewsCell.m; sourceTree = "<group>"; };
		DD251BA313A496A800DBA93B /* Reachability.h */ = {isa = PBXFileReference; fileEncoding = 4; lastKnownFileType = sourcecode.c.h; path = Reachability.h; sourceTree = "<group>"; };
		DD251BA413A496A800DBA93B /* Reachability.m */ = {isa = PBXFileReference; fileEncoding = 4; lastKnownFileType = sourcecode.c.objc; path = Reachability.m; sourceTree = "<group>"; };
		DD251BA613A4975D00DBA93B /* XMLParser.h */ = {isa = PBXFileReference; fileEncoding = 4; lastKnownFileType = sourcecode.c.h; path = XMLParser.h; sourceTree = "<group>"; };
		DD251BA713A4975D00DBA93B /* XMLParser.m */ = {isa = PBXFileReference; fileEncoding = 4; lastKnownFileType = sourcecode.c.objc; path = XMLParser.m; sourceTree = "<group>"; };
		DD251BA913A497F200DBA93B /* Item.h */ = {isa = PBXFileReference; fileEncoding = 4; lastKnownFileType = sourcecode.c.h; path = Item.h; sourceTree = "<group>"; };
		DD251BAA13A497F200DBA93B /* Item.m */ = {isa = PBXFileReference; fileEncoding = 4; lastKnownFileType = sourcecode.c.objc; path = Item.m; sourceTree = "<group>"; };
		DD251BC813A4F05800DBA93B /* SystemConfiguration.framework */ = {isa = PBXFileReference; lastKnownFileType = wrapper.framework; name = SystemConfiguration.framework; path = System/Library/Frameworks/SystemConfiguration.framework; sourceTree = SDKROOT; };
		DDC99BE213AD8EB800958DF2 /* top-logo-sample.png */ = {isa = PBXFileReference; lastKnownFileType = image.png; path = "top-logo-sample.png"; sourceTree = "<group>"; };
		DDC99BEB13AD956600958DF2 /* top-logo-sample@2x.png */ = {isa = PBXFileReference; lastKnownFileType = image.png; path = "top-logo-sample@2x.png"; sourceTree = "<group>"; };
		DDC99BF213AD993E00958DF2 /* Default.png */ = {isa = PBXFileReference; lastKnownFileType = image.png; name = Default.png; path = ../Default.png; sourceTree = "<group>"; };
		DDC99BF413AD994F00958DF2 /* Default@2x.png */ = {isa = PBXFileReference; lastKnownFileType = image.png; name = "Default@2x.png"; path = "../Default@2x.png"; sourceTree = "<group>"; };
		DDC99BF613AD9D3E00958DF2 /* TopNewsCell.h */ = {isa = PBXFileReference; fileEncoding = 4; lastKnownFileType = sourcecode.c.h; path = TopNewsCell.h; sourceTree = "<group>"; };
		DDC99BF713AD9D3E00958DF2 /* TopNewsCell.m */ = {isa = PBXFileReference; fileEncoding = 4; lastKnownFileType = sourcecode.c.objc; path = TopNewsCell.m; sourceTree = "<group>"; };
		DDC99BF813AD9D3E00958DF2 /* TopNewsCell.xib */ = {isa = PBXFileReference; fileEncoding = 4; lastKnownFileType = file.xib; path = TopNewsCell.xib; sourceTree = "<group>"; };
		DDD0386513ADBD6B00BD246B /* DelimNewsCell.h */ = {isa = PBXFileReference; fileEncoding = 4; lastKnownFileType = sourcecode.c.h; path = DelimNewsCell.h; sourceTree = "<group>"; };
		DDD0386613ADBD6B00BD246B /* DelimNewsCell.m */ = {isa = PBXFileReference; fileEncoding = 4; lastKnownFileType = sourcecode.c.objc; path = DelimNewsCell.m; sourceTree = "<group>"; };
		DDD0386713ADBD6B00BD246B /* DelimNewsCell.xib */ = {isa = PBXFileReference; fileEncoding = 4; lastKnownFileType = file.xib; path = DelimNewsCell.xib; sourceTree = "<group>"; };
		DDD0389B13ADD2A400BD246B /* QAController.h */ = {isa = PBXFileReference; fileEncoding = 4; lastKnownFileType = sourcecode.c.h; path = QAController.h; sourceTree = "<group>"; };
		DDD0389C13ADD2A500BD246B /* QAController.m */ = {isa = PBXFileReference; fileEncoding = 4; lastKnownFileType = sourcecode.c.objc; path = QAController.m; sourceTree = "<group>"; };
		DDD0389D13ADD2A500BD246B /* QAController.xib */ = {isa = PBXFileReference; fileEncoding = 4; lastKnownFileType = file.xib; path = QAController.xib; sourceTree = "<group>"; };
		DDD038A013ADDBBB00BD246B /* QACell.h */ = {isa = PBXFileReference; fileEncoding = 4; lastKnownFileType = sourcecode.c.h; path = QACell.h; sourceTree = "<group>"; };
		DDD038A113ADDBBC00BD246B /* QACell.m */ = {isa = PBXFileReference; fileEncoding = 4; lastKnownFileType = sourcecode.c.objc; path = QACell.m; sourceTree = "<group>"; };
		DDD038A213ADDBBC00BD246B /* QACell.xib */ = {isa = PBXFileReference; fileEncoding = 4; lastKnownFileType = file.xib; path = QACell.xib; sourceTree = "<group>"; };
		DDED16AA13A3290D003E523C /* iBuh.app */ = {isa = PBXFileReference; explicitFileType = wrapper.application; includeInIndex = 0; path = iBuh.app; sourceTree = BUILT_PRODUCTS_DIR; };
		DDED16AE13A3290D003E523C /* UIKit.framework */ = {isa = PBXFileReference; lastKnownFileType = wrapper.framework; name = UIKit.framework; path = System/Library/Frameworks/UIKit.framework; sourceTree = SDKROOT; };
		DDED16B013A3290D003E523C /* Foundation.framework */ = {isa = PBXFileReference; lastKnownFileType = wrapper.framework; name = Foundation.framework; path = System/Library/Frameworks/Foundation.framework; sourceTree = SDKROOT; };
		DDED16B213A3290D003E523C /* CoreGraphics.framework */ = {isa = PBXFileReference; lastKnownFileType = wrapper.framework; name = CoreGraphics.framework; path = System/Library/Frameworks/CoreGraphics.framework; sourceTree = SDKROOT; };
		DDED16B613A3290D003E523C /* iBuh-Info.plist */ = {isa = PBXFileReference; lastKnownFileType = text.plist.xml; path = "iBuh-Info.plist"; sourceTree = "<group>"; };
		DDED16B813A3290D003E523C /* en */ = {isa = PBXFileReference; lastKnownFileType = text.plist.strings; name = en; path = en.lproj/InfoPlist.strings; sourceTree = "<group>"; };
		DDED16BA13A3290D003E523C /* iBuh-Prefix.pch */ = {isa = PBXFileReference; lastKnownFileType = sourcecode.c.h; path = "iBuh-Prefix.pch"; sourceTree = "<group>"; };
		DDED16BB13A3290D003E523C /* main.m */ = {isa = PBXFileReference; lastKnownFileType = sourcecode.c.objc; path = main.m; sourceTree = "<group>"; };
		DDED16BD13A3290D003E523C /* iBuhAppDelegate.h */ = {isa = PBXFileReference; lastKnownFileType = sourcecode.c.h; path = iBuhAppDelegate.h; sourceTree = "<group>"; };
		DDED16BE13A3290D003E523C /* iBuhAppDelegate.m */ = {isa = PBXFileReference; lastKnownFileType = sourcecode.c.objc; path = iBuhAppDelegate.m; sourceTree = "<group>"; };
		DDED16C113A3290D003E523C /* en */ = {isa = PBXFileReference; lastKnownFileType = file.xib; name = en; path = en.lproj/MainWindow.xib; sourceTree = "<group>"; };
		DDED16D413A3290E003E523C /* iBuhTests.octest */ = {isa = PBXFileReference; explicitFileType = wrapper.cfbundle; includeInIndex = 0; path = iBuhTests.octest; sourceTree = BUILT_PRODUCTS_DIR; };
		DDED16DC13A3290E003E523C /* iBuhTests-Info.plist */ = {isa = PBXFileReference; lastKnownFileType = text.plist.xml; path = "iBuhTests-Info.plist"; sourceTree = "<group>"; };
		DDED16DE13A3290E003E523C /* en */ = {isa = PBXFileReference; lastKnownFileType = text.plist.strings; name = en; path = en.lproj/InfoPlist.strings; sourceTree = "<group>"; };
		DDED16E013A3290E003E523C /* iBuhTests-Prefix.pch */ = {isa = PBXFileReference; lastKnownFileType = sourcecode.c.h; path = "iBuhTests-Prefix.pch"; sourceTree = "<group>"; };
		DDED16E113A3290E003E523C /* iBuhTests.h */ = {isa = PBXFileReference; lastKnownFileType = sourcecode.c.h; path = iBuhTests.h; sourceTree = "<group>"; };
		DDED16E313A3290E003E523C /* iBuhTests.m */ = {isa = PBXFileReference; lastKnownFileType = sourcecode.c.objc; path = iBuhTests.m; sourceTree = "<group>"; };
		DDED16F513A45835003E523C /* Common.h */ = {isa = PBXFileReference; fileEncoding = 4; lastKnownFileType = sourcecode.c.h; path = Common.h; sourceTree = "<group>"; };
		DDED16F613A45835003E523C /* Common.m */ = {isa = PBXFileReference; fileEncoding = 4; lastKnownFileType = sourcecode.c.objc; path = Common.m; sourceTree = "<group>"; };
		DDED175913A47FD9003E523C /* FavController.h */ = {isa = PBXFileReference; fileEncoding = 4; lastKnownFileType = sourcecode.c.h; path = FavController.h; sourceTree = "<group>"; };
		DDED175A13A47FD9003E523C /* FavController.m */ = {isa = PBXFileReference; fileEncoding = 4; lastKnownFileType = sourcecode.c.objc; path = FavController.m; sourceTree = "<group>"; };
		DDED175B13A47FDA003E523C /* FavController.xib */ = {isa = PBXFileReference; fileEncoding = 4; lastKnownFileType = file.xib; path = FavController.xib; sourceTree = "<group>"; };
		DDED177A13A48362003E523C /* NewsController.h */ = {isa = PBXFileReference; fileEncoding = 4; lastKnownFileType = sourcecode.c.h; path = NewsController.h; sourceTree = "<group>"; };
		DDED177B13A48362003E523C /* NewsController.m */ = {isa = PBXFileReference; fileEncoding = 4; lastKnownFileType = sourcecode.c.objc; path = NewsController.m; sourceTree = "<group>"; };
		DDED177C13A48363003E523C /* NewsController.xib */ = {isa = PBXFileReference; fileEncoding = 4; lastKnownFileType = file.xib; path = NewsController.xib; sourceTree = "<group>"; };
/* End PBXFileReference section */

/* Begin PBXFrameworksBuildPhase section */
		DDED16A713A3290D003E523C /* Frameworks */ = {
			isa = PBXFrameworksBuildPhase;
			buildActionMask = 2147483647;
			files = (
				DD251BC913A4F05800DBA93B /* SystemConfiguration.framework in Frameworks */,
				DDED16AF13A3290D003E523C /* UIKit.framework in Frameworks */,
				DDED16B113A3290D003E523C /* Foundation.framework in Frameworks */,
				DDED16B313A3290D003E523C /* CoreGraphics.framework in Frameworks */,
			);
			runOnlyForDeploymentPostprocessing = 0;
		};
		DDED16D013A3290E003E523C /* Frameworks */ = {
			isa = PBXFrameworksBuildPhase;
			buildActionMask = 2147483647;
			files = (
				DDED16D513A3290E003E523C /* UIKit.framework in Frameworks */,
				DDED16D613A3290E003E523C /* Foundation.framework in Frameworks */,
				DDED16D713A3290E003E523C /* CoreGraphics.framework in Frameworks */,
			);
			runOnlyForDeploymentPostprocessing = 0;
		};
/* End PBXFrameworksBuildPhase section */

/* Begin PBXGroup section */
		DDED169F13A3290C003E523C = {
			isa = PBXGroup;
			children = (
				DD251BC813A4F05800DBA93B /* SystemConfiguration.framework */,
				DDED16B413A3290D003E523C /* iBuh */,
				DDED16DA13A3290E003E523C /* iBuhTests */,
				DDED16AD13A3290D003E523C /* Frameworks */,
				DDED16AB13A3290D003E523C /* Products */,
			);
			sourceTree = "<group>";
		};
		DDED16AB13A3290D003E523C /* Products */ = {
			isa = PBXGroup;
			children = (
				DDED16AA13A3290D003E523C /* iBuh.app */,
				DDED16D413A3290E003E523C /* iBuhTests.octest */,
			);
			name = Products;
			sourceTree = "<group>";
		};
		DDED16AD13A3290D003E523C /* Frameworks */ = {
			isa = PBXGroup;
			children = (
				DDED16AE13A3290D003E523C /* UIKit.framework */,
				DDED16B013A3290D003E523C /* Foundation.framework */,
				DDED16B213A3290D003E523C /* CoreGraphics.framework */,
			);
			name = Frameworks;
			sourceTree = "<group>";
		};
		DDED16B413A3290D003E523C /* iBuh */ = {
			isa = PBXGroup;
			children = (
				DDED16B513A3290D003E523C /* Supporting Files */,
				DDED16F813A45852003E523C /* Xibs */,
				DDED16ED13A45576003E523C /* Images */,
				DDED16F513A45835003E523C /* Common.h */,
				DDED16F613A45835003E523C /* Common.m */,
				DDED16BD13A3290D003E523C /* iBuhAppDelegate.h */,
				DDED16BE13A3290D003E523C /* iBuhAppDelegate.m */,
				DDED175913A47FD9003E523C /* FavController.h */,
				DDED175A13A47FD9003E523C /* FavController.m */,
				DD251BA313A496A800DBA93B /* Reachability.h */,
				DD251BA413A496A800DBA93B /* Reachability.m */,
				DD251BA613A4975D00DBA93B /* XMLParser.h */,
				DD251BA713A4975D00DBA93B /* XMLParser.m */,
				DD251BA913A497F200DBA93B /* Item.h */,
				DD251BAA13A497F200DBA93B /* Item.m */,
				DDED177A13A48362003E523C /* NewsController.h */,
				DDED177B13A48362003E523C /* NewsController.m */,
				DDD0389B13ADD2A400BD246B /* QAController.h */,
				DDD0389C13ADD2A500BD246B /* QAController.m */,
				8C87437F13A76A2E00588B05 /* NewsDetailController.h */,
				8C87438013A76A2E00588B05 /* NewsDetailController.m */,
				DD10C1D313A6D6C1007E191D /* NewsCell.h */,
				DD10C1D413A6D6C1007E191D /* NewsCell.m */,
				DDC99BF613AD9D3E00958DF2 /* TopNewsCell.h */,
				DDC99BF713AD9D3E00958DF2 /* TopNewsCell.m */,
				DDD0386513ADBD6B00BD246B /* DelimNewsCell.h */,
				DDD0386613ADBD6B00BD246B /* DelimNewsCell.m */,
				DDD038A013ADDBBB00BD246B /* QACell.h */,
				DDD038A113ADDBBC00BD246B /* QACell.m */,
				8C92547E13AF53AF00374063 /* SendQController.h */,
				8C92547F13AF53AF00374063 /* SendQController.m */,
			);
			path = iBuh;
			sourceTree = "<group>";
		};
		DDED16B513A3290D003E523C /* Supporting Files */ = {
			isa = PBXGroup;
			children = (
				DDED16B613A3290D003E523C /* iBuh-Info.plist */,
				DDED16B713A3290D003E523C /* InfoPlist.strings */,
				DDED16BA13A3290D003E523C /* iBuh-Prefix.pch */,
				DDED16BB13A3290D003E523C /* main.m */,
			);
			name = "Supporting Files";
			sourceTree = "<group>";
		};
		DDED16DA13A3290E003E523C /* iBuhTests */ = {
			isa = PBXGroup;
			children = (
				DDED16E113A3290E003E523C /* iBuhTests.h */,
				DDED16E313A3290E003E523C /* iBuhTests.m */,
				DDED16DB13A3290E003E523C /* Supporting Files */,
			);
			path = iBuhTests;
			sourceTree = "<group>";
		};
		DDED16DB13A3290E003E523C /* Supporting Files */ = {
			isa = PBXGroup;
			children = (
				DDED16DC13A3290E003E523C /* iBuhTests-Info.plist */,
				DDED16DD13A3290E003E523C /* InfoPlist.strings */,
				DDED16E013A3290E003E523C /* iBuhTests-Prefix.pch */,
			);
			name = "Supporting Files";
			sourceTree = "<group>";
		};
		DDED16ED13A45576003E523C /* Images */ = {
			isa = PBXGroup;
			children = (
				8C9AAC7213AF3F6B00B759CF /* login-screen-ok.png */,
				8C9AAC7313AF3F6B00B759CF /* login-screen-ok@2x.png */,
				DDC99BEB13AD956600958DF2 /* top-logo-sample@2x.png */,
				DDC99BE213AD8EB800958DF2 /* top-logo-sample.png */,
				DDC99BF413AD994F00958DF2 /* Default@2x.png */,
				DDC99BF213AD993E00958DF2 /* Default.png */,
				8C92548413AF635200374063 /* 53-house.png */,
				8C92548513AF635200374063 /* 53-house@2x.png */,
			);
			name = Images;
			sourceTree = "<group>";
		};
		DDED16F813A45852003E523C /* Xibs */ = {
			isa = PBXGroup;
			children = (
				8CDEB88C13AF0ADD00143F26 /* NewsCell.xib */,
				DDED16C013A3290D003E523C /* MainWindow.xib */,
				DDED175B13A47FDA003E523C /* FavController.xib */,
				DDED177C13A48363003E523C /* NewsController.xib */,
				DDC99BF813AD9D3E00958DF2 /* TopNewsCell.xib */,
				8C87438113A76A2E00588B05 /* NewsDetailController.xib */,
				DDD0386713ADBD6B00BD246B /* DelimNewsCell.xib */,
				DDD0389D13ADD2A500BD246B /* QAController.xib */,
				DDD038A213ADDBBC00BD246B /* QACell.xib */,
				8C92548013AF53AF00374063 /* SendQController.xib */,
			);
			name = Xibs;
			sourceTree = "<group>";
		};
/* End PBXGroup section */

/* Begin PBXNativeTarget section */
		DDED16A913A3290D003E523C /* iBuh */ = {
			isa = PBXNativeTarget;
			buildConfigurationList = DDED16E713A3290E003E523C /* Build configuration list for PBXNativeTarget "iBuh" */;
			buildPhases = (
				DDED16A613A3290D003E523C /* Sources */,
				DDED16A713A3290D003E523C /* Frameworks */,
				DDED16A813A3290D003E523C /* Resources */,
			);
			buildRules = (
			);
			dependencies = (
			);
			name = iBuh;
			productName = iBuh;
			productReference = DDED16AA13A3290D003E523C /* iBuh.app */;
			productType = "com.apple.product-type.application";
		};
		DDED16D313A3290E003E523C /* iBuhTests */ = {
			isa = PBXNativeTarget;
			buildConfigurationList = DDED16EA13A3290E003E523C /* Build configuration list for PBXNativeTarget "iBuhTests" */;
			buildPhases = (
				DDED16CF13A3290E003E523C /* Sources */,
				DDED16D013A3290E003E523C /* Frameworks */,
				DDED16D113A3290E003E523C /* Resources */,
				DDED16D213A3290E003E523C /* ShellScript */,
			);
			buildRules = (
			);
			dependencies = (
				DDED16D913A3290E003E523C /* PBXTargetDependency */,
			);
			name = iBuhTests;
			productName = iBuhTests;
			productReference = DDED16D413A3290E003E523C /* iBuhTests.octest */;
			productType = "com.apple.product-type.bundle";
		};
/* End PBXNativeTarget section */

/* Begin PBXProject section */
		DDED16A113A3290C003E523C /* Project object */ = {
			isa = PBXProject;
			buildConfigurationList = DDED16A413A3290C003E523C /* Build configuration list for PBXProject "iBuh" */;
			compatibilityVersion = "Xcode 3.2";
			developmentRegion = English;
			hasScannedForEncodings = 0;
			knownRegions = (
				en,
			);
			mainGroup = DDED169F13A3290C003E523C;
			productRefGroup = DDED16AB13A3290D003E523C /* Products */;
			projectDirPath = "";
			projectRoot = "";
			targets = (
				DDED16A913A3290D003E523C /* iBuh */,
				DDED16D313A3290E003E523C /* iBuhTests */,
			);
		};
/* End PBXProject section */

/* Begin PBXResourcesBuildPhase section */
		DDED16A813A3290D003E523C /* Resources */ = {
			isa = PBXResourcesBuildPhase;
			buildActionMask = 2147483647;
			files = (
				DDED16B913A3290D003E523C /* InfoPlist.strings in Resources */,
				DDED16C213A3290D003E523C /* MainWindow.xib in Resources */,
				DDED175D13A47FDA003E523C /* FavController.xib in Resources */,
				DDED177E13A48363003E523C /* NewsController.xib in Resources */,
				8C87438313A76A2E00588B05 /* NewsDetailController.xib in Resources */,
				DDC99BE413AD8EB800958DF2 /* top-logo-sample.png in Resources */,
				DDC99BED13AD956600958DF2 /* top-logo-sample@2x.png in Resources */,
				DDC99BF313AD993E00958DF2 /* Default.png in Resources */,
				DDC99BF513AD994F00958DF2 /* Default@2x.png in Resources */,
				DDC99BFA13AD9D3E00958DF2 /* TopNewsCell.xib in Resources */,
				DDD0386913ADBD6B00BD246B /* DelimNewsCell.xib in Resources */,
				DDD0389F13ADD2A500BD246B /* QAController.xib in Resources */,
				DDD038A413ADDBBD00BD246B /* QACell.xib in Resources */,
				8CDEB88D13AF0ADD00143F26 /* NewsCell.xib in Resources */,
				8C9AAC7413AF3F6B00B759CF /* login-screen-ok.png in Resources */,
				8C9AAC7513AF3F6B00B759CF /* login-screen-ok@2x.png in Resources */,
				8C92548213AF53AF00374063 /* SendQController.xib in Resources */,
				8C92548613AF635200374063 /* 53-house.png in Resources */,
				8C92548713AF635200374063 /* 53-house@2x.png in Resources */,
			);
			runOnlyForDeploymentPostprocessing = 0;
		};
		DDED16D113A3290E003E523C /* Resources */ = {
			isa = PBXResourcesBuildPhase;
			buildActionMask = 2147483647;
			files = (
				DDED16DF13A3290E003E523C /* InfoPlist.strings in Resources */,
				DDED16E213A3290E003E523C /* iBuhTests.h in Resources */,
			);
			runOnlyForDeploymentPostprocessing = 0;
		};
/* End PBXResourcesBuildPhase section */

/* Begin PBXShellScriptBuildPhase section */
		DDED16D213A3290E003E523C /* ShellScript */ = {
			isa = PBXShellScriptBuildPhase;
			buildActionMask = 2147483647;
			files = (
			);
			inputPaths = (
			);
			outputPaths = (
			);
			runOnlyForDeploymentPostprocessing = 0;
			shellPath = /bin/sh;
			shellScript = "# Run the unit tests in this test bundle.\n\"${SYSTEM_DEVELOPER_DIR}/Tools/RunUnitTests\"\n";
		};
/* End PBXShellScriptBuildPhase section */

/* Begin PBXSourcesBuildPhase section */
		DDED16A613A3290D003E523C /* Sources */ = {
			isa = PBXSourcesBuildPhase;
			buildActionMask = 2147483647;
			files = (
				DDED16BC13A3290D003E523C /* main.m in Sources */,
				DDED16BF13A3290D003E523C /* iBuhAppDelegate.m in Sources */,
				DDED16F713A45835003E523C /* Common.m in Sources */,
				DDED175C13A47FDA003E523C /* FavController.m in Sources */,
				DDED177D13A48363003E523C /* NewsController.m in Sources */,
				DD251BA513A496A800DBA93B /* Reachability.m in Sources */,
				DD251BA813A4975D00DBA93B /* XMLParser.m in Sources */,
				DD251BAB13A497F300DBA93B /* Item.m in Sources */,
				DD10C1D513A6D6C1007E191D /* NewsCell.m in Sources */,
				8C87438213A76A2E00588B05 /* NewsDetailController.m in Sources */,
				DDC99BF913AD9D3E00958DF2 /* TopNewsCell.m in Sources */,
				DDD0386813ADBD6B00BD246B /* DelimNewsCell.m in Sources */,
				DDD0389E13ADD2A500BD246B /* QAController.m in Sources */,
				DDD038A313ADDBBD00BD246B /* QACell.m in Sources */,
				8C92548113AF53AF00374063 /* SendQController.m in Sources */,
			);
			runOnlyForDeploymentPostprocessing = 0;
		};
		DDED16CF13A3290E003E523C /* Sources */ = {
			isa = PBXSourcesBuildPhase;
			buildActionMask = 2147483647;
			files = (
				DDED16E413A3290E003E523C /* iBuhTests.m in Sources */,
			);
			runOnlyForDeploymentPostprocessing = 0;
		};
/* End PBXSourcesBuildPhase section */

/* Begin PBXTargetDependency section */
		DDED16D913A3290E003E523C /* PBXTargetDependency */ = {
			isa = PBXTargetDependency;
			target = DDED16A913A3290D003E523C /* iBuh */;
			targetProxy = DDED16D813A3290E003E523C /* PBXContainerItemProxy */;
		};
/* End PBXTargetDependency section */

/* Begin PBXVariantGroup section */
		DDED16B713A3290D003E523C /* InfoPlist.strings */ = {
			isa = PBXVariantGroup;
			children = (
				DDED16B813A3290D003E523C /* en */,
			);
			name = InfoPlist.strings;
			sourceTree = "<group>";
		};
		DDED16C013A3290D003E523C /* MainWindow.xib */ = {
			isa = PBXVariantGroup;
			children = (
				DDED16C113A3290D003E523C /* en */,
			);
			name = MainWindow.xib;
			sourceTree = "<group>";
		};
		DDED16DD13A3290E003E523C /* InfoPlist.strings */ = {
			isa = PBXVariantGroup;
			children = (
				DDED16DE13A3290E003E523C /* en */,
			);
			name = InfoPlist.strings;
			sourceTree = "<group>";
		};
/* End PBXVariantGroup section */

/* Begin XCBuildConfiguration section */
		DDED16E513A3290E003E523C /* Debug */ = {
			isa = XCBuildConfiguration;
			buildSettings = {
				ARCHS = "$(ARCHS_STANDARD_32_BIT)";
				"CODE_SIGN_IDENTITY[sdk=iphoneos*]" = "iPhone Developer";
				GCC_C_LANGUAGE_STANDARD = gnu99;
				GCC_OPTIMIZATION_LEVEL = 0;
				GCC_PREPROCESSOR_DEFINITIONS = DEBUG;
				GCC_SYMBOLS_PRIVATE_EXTERN = NO;
				GCC_VERSION = com.apple.compilers.llvmgcc42;
				GCC_WARN_ABOUT_RETURN_TYPE = YES;
				GCC_WARN_UNUSED_VARIABLE = YES;
				IPHONEOS_DEPLOYMENT_TARGET = 4.3;
				SDKROOT = iphoneos;
			};
			name = Debug;
		};
		DDED16E613A3290E003E523C /* Release */ = {
			isa = XCBuildConfiguration;
			buildSettings = {
				ARCHS = "$(ARCHS_STANDARD_32_BIT)";
				"CODE_SIGN_IDENTITY[sdk=iphoneos*]" = "iPhone Developer";
				GCC_C_LANGUAGE_STANDARD = gnu99;
				GCC_VERSION = com.apple.compilers.llvmgcc42;
				GCC_WARN_ABOUT_RETURN_TYPE = YES;
				GCC_WARN_UNUSED_VARIABLE = YES;
				IPHONEOS_DEPLOYMENT_TARGET = 4.3;
				OTHER_CFLAGS = "-DNS_BLOCK_ASSERTIONS=1";
				SDKROOT = iphoneos;
			};
			name = Release;
		};
		DDED16E813A3290E003E523C /* Debug */ = {
			isa = XCBuildConfiguration;
			buildSettings = {
				ALWAYS_SEARCH_USER_PATHS = NO;
				COPY_PHASE_STRIP = NO;
				GCC_DYNAMIC_NO_PIC = NO;
				GCC_PRECOMPILE_PREFIX_HEADER = YES;
				GCC_PREFIX_HEADER = "iBuh/iBuh-Prefix.pch";
				INFOPLIST_FILE = "iBuh/iBuh-Info.plist";
				PRODUCT_NAME = "$(TARGET_NAME)";
				WRAPPER_EXTENSION = app;
			};
			name = Debug;
		};
		DDED16E913A3290E003E523C /* Release */ = {
			isa = XCBuildConfiguration;
			buildSettings = {
				ALWAYS_SEARCH_USER_PATHS = NO;
				COPY_PHASE_STRIP = YES;
				GCC_PRECOMPILE_PREFIX_HEADER = YES;
				GCC_PREFIX_HEADER = "iBuh/iBuh-Prefix.pch";
				INFOPLIST_FILE = "iBuh/iBuh-Info.plist";
				PRODUCT_NAME = "$(TARGET_NAME)";
				VALIDATE_PRODUCT = YES;
				WRAPPER_EXTENSION = app;
			};
			name = Release;
		};
		DDED16EB13A3290E003E523C /* Debug */ = {
			isa = XCBuildConfiguration;
			buildSettings = {
				ALWAYS_SEARCH_USER_PATHS = NO;
				BUNDLE_LOADER = "$(BUILT_PRODUCTS_DIR)/iBuh.app/iBuh";
				FRAMEWORK_SEARCH_PATHS = (
					"$(SDKROOT)/Developer/Library/Frameworks",
					"$(DEVELOPER_LIBRARY_DIR)/Frameworks",
				);
				GCC_PRECOMPILE_PREFIX_HEADER = YES;
				GCC_PREFIX_HEADER = "iBuhTests/iBuhTests-Prefix.pch";
				INFOPLIST_FILE = "iBuhTests/iBuhTests-Info.plist";
				OTHER_LDFLAGS = (
					"-framework",
					SenTestingKit,
				);
				PRODUCT_NAME = "$(TARGET_NAME)";
				TEST_HOST = "$(BUNDLE_LOADER)";
				WRAPPER_EXTENSION = octest;
			};
			name = Debug;
		};
		DDED16EC13A3290E003E523C /* Release */ = {
			isa = XCBuildConfiguration;
			buildSettings = {
				ALWAYS_SEARCH_USER_PATHS = NO;
				BUNDLE_LOADER = "$(BUILT_PRODUCTS_DIR)/iBuh.app/iBuh";
				FRAMEWORK_SEARCH_PATHS = (
					"$(SDKROOT)/Developer/Library/Frameworks",
					"$(DEVELOPER_LIBRARY_DIR)/Frameworks",
				);
				GCC_PRECOMPILE_PREFIX_HEADER = YES;
				GCC_PREFIX_HEADER = "iBuhTests/iBuhTests-Prefix.pch";
				INFOPLIST_FILE = "iBuhTests/iBuhTests-Info.plist";
				OTHER_LDFLAGS = (
					"-framework",
					SenTestingKit,
				);
				PRODUCT_NAME = "$(TARGET_NAME)";
				TEST_HOST = "$(BUNDLE_LOADER)";
				WRAPPER_EXTENSION = octest;
			};
			name = Release;
		};
/* End XCBuildConfiguration section */

/* Begin XCConfigurationList section */
		DDED16A413A3290C003E523C /* Build configuration list for PBXProject "iBuh" */ = {
			isa = XCConfigurationList;
			buildConfigurations = (
				DDED16E513A3290E003E523C /* Debug */,
				DDED16E613A3290E003E523C /* Release */,
			);
			defaultConfigurationIsVisible = 0;
			defaultConfigurationName = Release;
		};
		DDED16E713A3290E003E523C /* Build configuration list for PBXNativeTarget "iBuh" */ = {
			isa = XCConfigurationList;
			buildConfigurations = (
				DDED16E813A3290E003E523C /* Debug */,
				DDED16E913A3290E003E523C /* Release */,
			);
			defaultConfigurationIsVisible = 0;
			defaultConfigurationName = Release;
		};
		DDED16EA13A3290E003E523C /* Build configuration list for PBXNativeTarget "iBuhTests" */ = {
			isa = XCConfigurationList;
			buildConfigurations = (
				DDED16EB13A3290E003E523C /* Debug */,
				DDED16EC13A3290E003E523C /* Release */,
			);
			defaultConfigurationIsVisible = 0;
			defaultConfigurationName = Release;
		};
/* End XCConfigurationList section */
	};
	rootObject = DDED16A113A3290C003E523C /* Project object */;
}
