// !$*UTF8*$!
{
	archiveVersion = 1;
	classes = {
	};
	objectVersion = 46;
	objects = {

/* Begin PBXBuildFile section */
		8C87438213A76A2E00588B05 /* NewsDetailController.m in Sources */ = {isa = PBXBuildFile; fileRef = 8C87438013A76A2E00588B05 /* NewsDetailController.m */; };
		8C87438313A76A2E00588B05 /* NewsDetailController.xib in Resources */ = {isa = PBXBuildFile; fileRef = 8C87438113A76A2E00588B05 /* NewsDetailController.xib */; };
		8C92548113AF53AF00374063 /* SendQController.m in Sources */ = {isa = PBXBuildFile; fileRef = 8C92547F13AF53AF00374063 /* SendQController.m */; };
		8C92548213AF53AF00374063 /* SendQController.xib in Resources */ = {isa = PBXBuildFile; fileRef = 8C92548013AF53AF00374063 /* SendQController.xib */; };
		8C94809013B303DD0085A268 /* share.png in Resources */ = {isa = PBXBuildFile; fileRef = 8C94808E13B303DD0085A268 /* share.png */; };
		8C94809113B303DD0085A268 /* share@2x.png in Resources */ = {isa = PBXBuildFile; fileRef = 8C94808F13B303DD0085A268 /* share@2x.png */; };
		8C94809713B303EE0085A268 /* word-big.png in Resources */ = {isa = PBXBuildFile; fileRef = 8C94809313B303EE0085A268 /* word-big.png */; };
		8C94809813B303EE0085A268 /* word-big@2x.png in Resources */ = {isa = PBXBuildFile; fileRef = 8C94809413B303EE0085A268 /* word-big@2x.png */; };
		8C94809913B303EE0085A268 /* word.png in Resources */ = {isa = PBXBuildFile; fileRef = 8C94809513B303EE0085A268 /* word.png */; };
		8C94809A13B303EE0085A268 /* word@2x.png in Resources */ = {isa = PBXBuildFile; fileRef = 8C94809613B303EE0085A268 /* word@2x.png */; };
		8C95F19313B34D6900B1F5F4 /* favourites.plist in Resources */ = {isa = PBXBuildFile; fileRef = 8C95F19213B34D6900B1F5F4 /* favourites.plist */; };
		8C9A8B6E13B461C000DDD2D2 /* PodController.m in Sources */ = {isa = PBXBuildFile; fileRef = 8C9A8B6C13B461C000DDD2D2 /* PodController.m */; };
		8C9A8B6F13B461C000DDD2D2 /* PodController.xib in Resources */ = {isa = PBXBuildFile; fileRef = 8C9A8B6D13B461C000DDD2D2 /* PodController.xib */; };
		8C9AAC7413AF3F6B00B759CF /* login-screen-ok.png in Resources */ = {isa = PBXBuildFile; fileRef = 8C9AAC7213AF3F6B00B759CF /* login-screen-ok.png */; };
		8C9AAC7513AF3F6B00B759CF /* login-screen-ok@2x.png in Resources */ = {isa = PBXBuildFile; fileRef = 8C9AAC7313AF3F6B00B759CF /* login-screen-ok@2x.png */; };
		8C9D0DBB13AF6A4A009A8D20 /* 09-chat-2.png in Resources */ = {isa = PBXBuildFile; fileRef = 8C9D0DB513AF6A4A009A8D20 /* 09-chat-2.png */; };
		8C9D0DBD13AF6A4A009A8D20 /* 19-gear.png in Resources */ = {isa = PBXBuildFile; fileRef = 8C9D0DB713AF6A4A009A8D20 /* 19-gear.png */; };
		8C9D0DBF13AF6A4A009A8D20 /* 28-star.png in Resources */ = {isa = PBXBuildFile; fileRef = 8C9D0DB913AF6A4A009A8D20 /* 28-star.png */; };
		8CDEB88D13AF0ADD00143F26 /* NewsCell.xib in Resources */ = {isa = PBXBuildFile; fileRef = 8CDEB88C13AF0ADD00143F26 /* NewsCell.xib */; };
		DD06237013B15B1D00A4465F /* 53-house.png in Resources */ = {isa = PBXBuildFile; fileRef = DD06236E13B15B1D00A4465F /* 53-house.png */; };
		DD06237113B15B1D00A4465F /* 53-house@2x.png in Resources */ = {isa = PBXBuildFile; fileRef = DD06236F13B15B1D00A4465F /* 53-house@2x.png */; };
		DD06237513B15B3E00A4465F /* 09-chat-2@2x.png in Resources */ = {isa = PBXBuildFile; fileRef = DD06237213B15B3E00A4465F /* 09-chat-2@2x.png */; };
		DD06237613B15B3E00A4465F /* 19-gear@2x.png in Resources */ = {isa = PBXBuildFile; fileRef = DD06237313B15B3E00A4465F /* 19-gear@2x.png */; };
		DD06237713B15B3E00A4465F /* 28-star@2x.png in Resources */ = {isa = PBXBuildFile; fileRef = DD06237413B15B3E00A4465F /* 28-star@2x.png */; };
		DD06237A13B15B6E00A4465F /* 65-note.png in Resources */ = {isa = PBXBuildFile; fileRef = DD06237813B15B6E00A4465F /* 65-note.png */; };
		DD06237B13B15B6E00A4465F /* 65-note@2x.png in Resources */ = {isa = PBXBuildFile; fileRef = DD06237913B15B6E00A4465F /* 65-note@2x.png */; };
		DD06237E13B15BA500A4465F /* 02-redo.png in Resources */ = {isa = PBXBuildFile; fileRef = DD06237C13B15BA500A4465F /* 02-redo.png */; };
		DD06237F13B15BA500A4465F /* 02-redo@2x.png in Resources */ = {isa = PBXBuildFile; fileRef = DD06237D13B15BA500A4465F /* 02-redo@2x.png */; };
		DD10C1D513A6D6C1007E191D /* NewsCell.m in Sources */ = {isa = PBXBuildFile; fileRef = DD10C1D413A6D6C1007E191D /* NewsCell.m */; };
		DD251BA513A496A800DBA93B /* Reachability.m in Sources */ = {isa = PBXBuildFile; fileRef = DD251BA413A496A800DBA93B /* Reachability.m */; };
		DD251BA813A4975D00DBA93B /* XMLParser.m in Sources */ = {isa = PBXBuildFile; fileRef = DD251BA713A4975D00DBA93B /* XMLParser.m */; };
		DD251BAB13A497F300DBA93B /* Item.m in Sources */ = {isa = PBXBuildFile; fileRef = DD251BAA13A497F200DBA93B /* Item.m */; };
		DD251BC913A4F05800DBA93B /* SystemConfiguration.framework in Frameworks */ = {isa = PBXBuildFile; fileRef = DD251BC813A4F05800DBA93B /* SystemConfiguration.framework */; };
		DD2A3DFC13B5709100468228 /* Facebook.m in Sources */ = {isa = PBXBuildFile; fileRef = DD2A3DE113B5709000468228 /* Facebook.m */; };
		DD2A3DFD13B5709100468228 /* FBDialog.bundle in Resources */ = {isa = PBXBuildFile; fileRef = DD2A3DE413B5709000468228 /* FBDialog.bundle */; };
		DD2A3DFE13B5709100468228 /* FBDialog.m in Sources */ = {isa = PBXBuildFile; fileRef = DD2A3DE613B5709000468228 /* FBDialog.m */; };
		DD2A3DFF13B5709100468228 /* FBLoginDialog.m in Sources */ = {isa = PBXBuildFile; fileRef = DD2A3DE813B5709000468228 /* FBLoginDialog.m */; };
		DD2A3E0013B5709100468228 /* FBRequest.m in Sources */ = {isa = PBXBuildFile; fileRef = DD2A3DEA13B5709000468228 /* FBRequest.m */; };
		DD2A3E0113B5709100468228 /* NSObject+SBJSON.m in Sources */ = {isa = PBXBuildFile; fileRef = DD2A3DEE13B5709000468228 /* NSObject+SBJSON.m */; };
		DD2A3E0213B5709100468228 /* NSString+SBJSON.m in Sources */ = {isa = PBXBuildFile; fileRef = DD2A3DF013B5709000468228 /* NSString+SBJSON.m */; };
		DD2A3E0313B5709100468228 /* SBJSON.m in Sources */ = {isa = PBXBuildFile; fileRef = DD2A3DF213B5709000468228 /* SBJSON.m */; };
		DD2A3E0413B5709100468228 /* SBJsonBase.m in Sources */ = {isa = PBXBuildFile; fileRef = DD2A3DF413B5709000468228 /* SBJsonBase.m */; };
		DD2A3E0513B5709100468228 /* SBJsonParser.m in Sources */ = {isa = PBXBuildFile; fileRef = DD2A3DF613B5709000468228 /* SBJsonParser.m */; };
		DD2A3E0613B5709100468228 /* SBJsonWriter.m in Sources */ = {isa = PBXBuildFile; fileRef = DD2A3DF813B5709000468228 /* SBJsonWriter.m */; };
		DD37745313B41E6D00398228 /* FavrController.m in Sources */ = {isa = PBXBuildFile; fileRef = DD37745113B41E6D00398228 /* FavrController.m */; };
		DD37745413B41E6D00398228 /* FavrController.xib in Resources */ = {isa = PBXBuildFile; fileRef = DD37745213B41E6D00398228 /* FavrController.xib */; };
		DDC99BE413AD8EB800958DF2 /* top-logo-sample.png in Resources */ = {isa = PBXBuildFile; fileRef = DDC99BE213AD8EB800958DF2 /* top-logo-sample.png */; };
		DDC99BED13AD956600958DF2 /* top-logo-sample@2x.png in Resources */ = {isa = PBXBuildFile; fileRef = DDC99BEB13AD956600958DF2 /* top-logo-sample@2x.png */; };
		DDC99BF313AD993E00958DF2 /* Default.png in Resources */ = {isa = PBXBuildFile; fileRef = DDC99BF213AD993E00958DF2 /* Default.png */; };
		DDC99BF513AD994F00958DF2 /* Default@2x.png in Resources */ = {isa = PBXBuildFile; fileRef = DDC99BF413AD994F00958DF2 /* Default@2x.png */; };
		DDC99BF913AD9D3E00958DF2 /* TopNewsCell.m in Sources */ = {isa = PBXBuildFile; fileRef = DDC99BF713AD9D3E00958DF2 /* TopNewsCell.m */; };
		DDC99BFA13AD9D3E00958DF2 /* TopNewsCell.xib in Resources */ = {isa = PBXBuildFile; fileRef = DDC99BF813AD9D3E00958DF2 /* TopNewsCell.xib */; };
		DDD0386813ADBD6B00BD246B /* DelimNewsCell.m in Sources */ = {isa = PBXBuildFile; fileRef = DDD0386613ADBD6B00BD246B /* DelimNewsCell.m */; };
		DDD0386913ADBD6B00BD246B /* DelimNewsCell.xib in Resources */ = {isa = PBXBuildFile; fileRef = DDD0386713ADBD6B00BD246B /* DelimNewsCell.xib */; };
		DDD0389E13ADD2A500BD246B /* QAController.m in Sources */ = {isa = PBXBuildFile; fileRef = DDD0389C13ADD2A500BD246B /* QAController.m */; };
		DDD0389F13ADD2A500BD246B /* QAController.xib in Resources */ = {isa = PBXBuildFile; fileRef = DDD0389D13ADD2A500BD246B /* QAController.xib */; };
		DDD038A313ADDBBD00BD246B /* QACell.m in Sources */ = {isa = PBXBuildFile; fileRef = DDD038A113ADDBBC00BD246B /* QACell.m */; };
		DDD038A413ADDBBD00BD246B /* QACell.xib in Resources */ = {isa = PBXBuildFile; fileRef = DDD038A213ADDBBC00BD246B /* QACell.xib */; };
		DDED16AF13A3290D003E523C /* UIKit.framework in Frameworks */ = {isa = PBXBuildFile; fileRef = DDED16AE13A3290D003E523C /* UIKit.framework */; };
		DDED16B113A3290D003E523C /* Foundation.framework in Frameworks */ = {isa = PBXBuildFile; fileRef = DDED16B013A3290D003E523C /* Foundation.framework */; };
		DDED16B313A3290D003E523C /* CoreGraphics.framework in Frameworks */ = {isa = PBXBuildFile; fileRef = DDED16B213A3290D003E523C /* CoreGraphics.framework */; };
		DDED16B913A3290D003E523C /* InfoPlist.strings in Resources */ = {isa = PBXBuildFile; fileRef = DDED16B713A3290D003E523C /* InfoPlist.strings */; };
		DDED16BC13A3290D003E523C /* main.m in Sources */ = {isa = PBXBuildFile; fileRef = DDED16BB13A3290D003E523C /* main.m */; };
		DDED16BF13A3290D003E523C /* iBuhAppDelegate.m in Sources */ = {isa = PBXBuildFile; fileRef = DDED16BE13A3290D003E523C /* iBuhAppDelegate.m */; };
		DDED16C213A3290D003E523C /* MainWindow.xib in Resources */ = {isa = PBXBuildFile; fileRef = DDED16C013A3290D003E523C /* MainWindow.xib */; };
		DDED16D513A3290E003E523C /* UIKit.framework in Frameworks */ = {isa = PBXBuildFile; fileRef = DDED16AE13A3290D003E523C /* UIKit.framework */; };
		DDED16D613A3290E003E523C /* Foundation.framework in Frameworks */ = {isa = PBXBuildFile; fileRef = DDED16B013A3290D003E523C /* Foundation.framework */; };
		DDED16D713A3290E003E523C /* CoreGraphics.framework in Frameworks */ = {isa = PBXBuildFile; fileRef = DDED16B213A3290D003E523C /* CoreGraphics.framework */; };
		DDED16DF13A3290E003E523C /* InfoPlist.strings in Resources */ = {isa = PBXBuildFile; fileRef = DDED16DD13A3290E003E523C /* InfoPlist.strings */; };
		DDED16E213A3290E003E523C /* iBuhTests.h in Resources */ = {isa = PBXBuildFile; fileRef = DDED16E113A3290E003E523C /* iBuhTests.h */; };
		DDED16E413A3290E003E523C /* iBuhTests.m in Sources */ = {isa = PBXBuildFile; fileRef = DDED16E313A3290E003E523C /* iBuhTests.m */; };
		DDED16F713A45835003E523C /* Common.m in Sources */ = {isa = PBXBuildFile; fileRef = DDED16F613A45835003E523C /* Common.m */; };
		DDED177D13A48363003E523C /* NewsController.m in Sources */ = {isa = PBXBuildFile; fileRef = DDED177B13A48362003E523C /* NewsController.m */; };
		DDED177E13A48363003E523C /* NewsController.xib in Resources */ = {isa = PBXBuildFile; fileRef = DDED177C13A48363003E523C /* NewsController.xib */; };
/* End PBXBuildFile section */

/* Begin PBXContainerItemProxy section */
		DD2A3E0813B5709100468228 /* PBXContainerItemProxy */ = {
			isa = PBXContainerItemProxy;
			containerPortal = DD2A3DDD13B5709000468228 /* facebook-ios-sdk.xcodeproj */;
			proxyType = 2;
			remoteGlobalIDString = D2AAC07E0554694100DB518D;
			remoteInfo = "facebook-ios-sdk";
		};
		DDED16D813A3290E003E523C /* PBXContainerItemProxy */ = {
			isa = PBXContainerItemProxy;
			containerPortal = DDED16A113A3290C003E523C /* Project object */;
			proxyType = 1;
			remoteGlobalIDString = DDED16A913A3290D003E523C;
			remoteInfo = iBuh;
		};
/* End PBXContainerItemProxy section */

/* Begin PBXFileReference section */
		8C87437F13A76A2E00588B05 /* NewsDetailController.h */ = {isa = PBXFileReference; fileEncoding = 4; lastKnownFileType = sourcecode.c.h; path = NewsDetailController.h; sourceTree = "<group>"; };
		8C87438013A76A2E00588B05 /* NewsDetailController.m */ = {isa = PBXFileReference; fileEncoding = 4; lastKnownFileType = sourcecode.c.objc; path = NewsDetailController.m; sourceTree = "<group>"; };
		8C87438113A76A2E00588B05 /* NewsDetailController.xib */ = {isa = PBXFileReference; fileEncoding = 4; lastKnownFileType = file.xib; path = NewsDetailController.xib; sourceTree = "<group>"; };
		8C92547E13AF53AF00374063 /* SendQController.h */ = {isa = PBXFileReference; fileEncoding = 4; lastKnownFileType = sourcecode.c.h; path = SendQController.h; sourceTree = "<group>"; };
		8C92547F13AF53AF00374063 /* SendQController.m */ = {isa = PBXFileReference; fileEncoding = 4; lastKnownFileType = sourcecode.c.objc; path = SendQController.m; sourceTree = "<group>"; };
		8C92548013AF53AF00374063 /* SendQController.xib */ = {isa = PBXFileReference; fileEncoding = 4; lastKnownFileType = file.xib; path = SendQController.xib; sourceTree = "<group>"; };
		8C94808E13B303DD0085A268 /* share.png */ = {isa = PBXFileReference; lastKnownFileType = image.png; path = share.png; sourceTree = "<group>"; };
		8C94808F13B303DD0085A268 /* share@2x.png */ = {isa = PBXFileReference; lastKnownFileType = image.png; path = "share@2x.png"; sourceTree = "<group>"; };
		8C94809313B303EE0085A268 /* word-big.png */ = {isa = PBXFileReference; lastKnownFileType = image.png; path = "word-big.png"; sourceTree = "<group>"; };
		8C94809413B303EE0085A268 /* word-big@2x.png */ = {isa = PBXFileReference; lastKnownFileType = image.png; path = "word-big@2x.png"; sourceTree = "<group>"; };
		8C94809513B303EE0085A268 /* word.png */ = {isa = PBXFileReference; lastKnownFileType = image.png; path = word.png; sourceTree = "<group>"; };
		8C94809613B303EE0085A268 /* word@2x.png */ = {isa = PBXFileReference; lastKnownFileType = image.png; path = "word@2x.png"; sourceTree = "<group>"; };
		8C95F19213B34D6900B1F5F4 /* favourites.plist */ = {isa = PBXFileReference; fileEncoding = 4; lastKnownFileType = text.plist.xml; path = favourites.plist; sourceTree = "<group>"; };
		8C9A8B6B13B461C000DDD2D2 /* PodController.h */ = {isa = PBXFileReference; fileEncoding = 4; lastKnownFileType = sourcecode.c.h; path = PodController.h; sourceTree = "<group>"; };
		8C9A8B6C13B461C000DDD2D2 /* PodController.m */ = {isa = PBXFileReference; fileEncoding = 4; lastKnownFileType = sourcecode.c.objc; path = PodController.m; sourceTree = "<group>"; };
		8C9A8B6D13B461C000DDD2D2 /* PodController.xib */ = {isa = PBXFileReference; fileEncoding = 4; lastKnownFileType = file.xib; path = PodController.xib; sourceTree = "<group>"; };
		8C9AAC7213AF3F6B00B759CF /* login-screen-ok.png */ = {isa = PBXFileReference; lastKnownFileType = image.png; path = "login-screen-ok.png"; sourceTree = "<group>"; };
		8C9AAC7313AF3F6B00B759CF /* login-screen-ok@2x.png */ = {isa = PBXFileReference; lastKnownFileType = image.png; path = "login-screen-ok@2x.png"; sourceTree = "<group>"; };
		8C9D0DB513AF6A4A009A8D20 /* 09-chat-2.png */ = {isa = PBXFileReference; lastKnownFileType = image.png; path = "09-chat-2.png"; sourceTree = "<group>"; };
		8C9D0DB713AF6A4A009A8D20 /* 19-gear.png */ = {isa = PBXFileReference; lastKnownFileType = image.png; path = "19-gear.png"; sourceTree = "<group>"; };
		8C9D0DB913AF6A4A009A8D20 /* 28-star.png */ = {isa = PBXFileReference; lastKnownFileType = image.png; path = "28-star.png"; sourceTree = "<group>"; };
		8CDEB88C13AF0ADD00143F26 /* NewsCell.xib */ = {isa = PBXFileReference; fileEncoding = 4; lastKnownFileType = file.xib; path = NewsCell.xib; sourceTree = "<group>"; };
		DD06236E13B15B1D00A4465F /* 53-house.png */ = {isa = PBXFileReference; lastKnownFileType = image.png; path = "53-house.png"; sourceTree = "<group>"; };
		DD06236F13B15B1D00A4465F /* 53-house@2x.png */ = {isa = PBXFileReference; lastKnownFileType = image.png; path = "53-house@2x.png"; sourceTree = "<group>"; };
		DD06237213B15B3E00A4465F /* 09-chat-2@2x.png */ = {isa = PBXFileReference; lastKnownFileType = image.png; path = "09-chat-2@2x.png"; sourceTree = "<group>"; };
		DD06237313B15B3E00A4465F /* 19-gear@2x.png */ = {isa = PBXFileReference; lastKnownFileType = image.png; path = "19-gear@2x.png"; sourceTree = "<group>"; };
		DD06237413B15B3E00A4465F /* 28-star@2x.png */ = {isa = PBXFileReference; lastKnownFileType = image.png; path = "28-star@2x.png"; sourceTree = "<group>"; };
		DD06237813B15B6E00A4465F /* 65-note.png */ = {isa = PBXFileReference; lastKnownFileType = image.png; path = "65-note.png"; sourceTree = "<group>"; };
		DD06237913B15B6E00A4465F /* 65-note@2x.png */ = {isa = PBXFileReference; lastKnownFileType = image.png; path = "65-note@2x.png"; sourceTree = "<group>"; };
		DD06237C13B15BA500A4465F /* 02-redo.png */ = {isa = PBXFileReference; lastKnownFileType = image.png; path = "02-redo.png"; sourceTree = "<group>"; };
		DD06237D13B15BA500A4465F /* 02-redo@2x.png */ = {isa = PBXFileReference; lastKnownFileType = image.png; path = "02-redo@2x.png"; sourceTree = "<group>"; };
		DD10C1D313A6D6C1007E191D /* NewsCell.h */ = {isa = PBXFileReference; fileEncoding = 4; lastKnownFileType = sourcecode.c.h; path = NewsCell.h; sourceTree = "<group>"; };
		DD10C1D413A6D6C1007E191D /* NewsCell.m */ = {isa = PBXFileReference; fileEncoding = 4; lastKnownFileType = sourcecode.c.objc; path = NewsCell.m; sourceTree = "<group>"; };
		DD251BA313A496A800DBA93B /* Reachability.h */ = {isa = PBXFileReference; fileEncoding = 4; lastKnownFileType = sourcecode.c.h; path = Reachability.h; sourceTree = "<group>"; };
		DD251BA413A496A800DBA93B /* Reachability.m */ = {isa = PBXFileReference; fileEncoding = 4; lastKnownFileType = sourcecode.c.objc; path = Reachability.m; sourceTree = "<group>"; };
		DD251BA613A4975D00DBA93B /* XMLParser.h */ = {isa = PBXFileReference; fileEncoding = 4; lastKnownFileType = sourcecode.c.h; path = XMLParser.h; sourceTree = "<group>"; };
		DD251BA713A4975D00DBA93B /* XMLParser.m */ = {isa = PBXFileReference; fileEncoding = 4; lastKnownFileType = sourcecode.c.objc; path = XMLParser.m; sourceTree = "<group>"; };
		DD251BA913A497F200DBA93B /* Item.h */ = {isa = PBXFileReference; fileEncoding = 4; lastKnownFileType = sourcecode.c.h; path = Item.h; sourceTree = "<group>"; };
		DD251BAA13A497F200DBA93B /* Item.m */ = {isa = PBXFileReference; fileEncoding = 4; lastKnownFileType = sourcecode.c.objc; path = Item.m; sourceTree = "<group>"; };
		DD251BC813A4F05800DBA93B /* SystemConfiguration.framework */ = {isa = PBXFileReference; lastKnownFileType = wrapper.framework; name = SystemConfiguration.framework; path = System/Library/Frameworks/SystemConfiguration.framework; sourceTree = SDKROOT; };
		DD2A3DDD13B5709000468228 /* facebook-ios-sdk.xcodeproj */ = {isa = PBXFileReference; lastKnownFileType = "wrapper.pb-project"; path = "facebook-ios-sdk.xcodeproj"; sourceTree = "<group>"; };
		DD2A3DE013B5709000468228 /* Facebook.h */ = {isa = PBXFileReference; fileEncoding = 4; lastKnownFileType = sourcecode.c.h; path = Facebook.h; sourceTree = "<group>"; };
		DD2A3DE113B5709000468228 /* Facebook.m */ = {isa = PBXFileReference; fileEncoding = 4; lastKnownFileType = sourcecode.c.objc; path = Facebook.m; sourceTree = "<group>"; };
		DD2A3DE213B5709000468228 /* facebook_ios_sdk_Prefix.pch */ = {isa = PBXFileReference; fileEncoding = 4; lastKnownFileType = sourcecode.c.h; path = facebook_ios_sdk_Prefix.pch; sourceTree = "<group>"; };
		DD2A3DE313B5709000468228 /* FBConnect.h */ = {isa = PBXFileReference; fileEncoding = 4; lastKnownFileType = sourcecode.c.h; path = FBConnect.h; sourceTree = "<group>"; };
		DD2A3DE413B5709000468228 /* FBDialog.bundle */ = {isa = PBXFileReference; lastKnownFileType = "wrapper.plug-in"; path = FBDialog.bundle; sourceTree = "<group>"; };
		DD2A3DE513B5709000468228 /* FBDialog.h */ = {isa = PBXFileReference; fileEncoding = 4; lastKnownFileType = sourcecode.c.h; path = FBDialog.h; sourceTree = "<group>"; };
		DD2A3DE613B5709000468228 /* FBDialog.m */ = {isa = PBXFileReference; fileEncoding = 4; lastKnownFileType = sourcecode.c.objc; path = FBDialog.m; sourceTree = "<group>"; };
		DD2A3DE713B5709000468228 /* FBLoginDialog.h */ = {isa = PBXFileReference; fileEncoding = 4; lastKnownFileType = sourcecode.c.h; path = FBLoginDialog.h; sourceTree = "<group>"; };
		DD2A3DE813B5709000468228 /* FBLoginDialog.m */ = {isa = PBXFileReference; fileEncoding = 4; lastKnownFileType = sourcecode.c.objc; path = FBLoginDialog.m; sourceTree = "<group>"; };
		DD2A3DE913B5709000468228 /* FBRequest.h */ = {isa = PBXFileReference; fileEncoding = 4; lastKnownFileType = sourcecode.c.h; path = FBRequest.h; sourceTree = "<group>"; };
		DD2A3DEA13B5709000468228 /* FBRequest.m */ = {isa = PBXFileReference; fileEncoding = 4; lastKnownFileType = sourcecode.c.objc; path = FBRequest.m; sourceTree = "<group>"; };
		DD2A3DEC13B5709000468228 /* JSON.h */ = {isa = PBXFileReference; fileEncoding = 4; lastKnownFileType = sourcecode.c.h; path = JSON.h; sourceTree = "<group>"; };
		DD2A3DED13B5709000468228 /* NSObject+SBJSON.h */ = {isa = PBXFileReference; fileEncoding = 4; lastKnownFileType = sourcecode.c.h; path = "NSObject+SBJSON.h"; sourceTree = "<group>"; };
		DD2A3DEE13B5709000468228 /* NSObject+SBJSON.m */ = {isa = PBXFileReference; fileEncoding = 4; lastKnownFileType = sourcecode.c.objc; path = "NSObject+SBJSON.m"; sourceTree = "<group>"; };
		DD2A3DEF13B5709000468228 /* NSString+SBJSON.h */ = {isa = PBXFileReference; fileEncoding = 4; lastKnownFileType = sourcecode.c.h; path = "NSString+SBJSON.h"; sourceTree = "<group>"; };
		DD2A3DF013B5709000468228 /* NSString+SBJSON.m */ = {isa = PBXFileReference; fileEncoding = 4; lastKnownFileType = sourcecode.c.objc; path = "NSString+SBJSON.m"; sourceTree = "<group>"; };
		DD2A3DF113B5709000468228 /* SBJSON.h */ = {isa = PBXFileReference; fileEncoding = 4; lastKnownFileType = sourcecode.c.h; path = SBJSON.h; sourceTree = "<group>"; };
		DD2A3DF213B5709000468228 /* SBJSON.m */ = {isa = PBXFileReference; fileEncoding = 4; lastKnownFileType = sourcecode.c.objc; path = SBJSON.m; sourceTree = "<group>"; };
		DD2A3DF313B5709000468228 /* SBJsonBase.h */ = {isa = PBXFileReference; fileEncoding = 4; lastKnownFileType = sourcecode.c.h; path = SBJsonBase.h; sourceTree = "<group>"; };
		DD2A3DF413B5709000468228 /* SBJsonBase.m */ = {isa = PBXFileReference; fileEncoding = 4; lastKnownFileType = sourcecode.c.objc; path = SBJsonBase.m; sourceTree = "<group>"; };
		DD2A3DF513B5709000468228 /* SBJsonParser.h */ = {isa = PBXFileReference; fileEncoding = 4; lastKnownFileType = sourcecode.c.h; path = SBJsonParser.h; sourceTree = "<group>"; };
		DD2A3DF613B5709000468228 /* SBJsonParser.m */ = {isa = PBXFileReference; fileEncoding = 4; lastKnownFileType = sourcecode.c.objc; path = SBJsonParser.m; sourceTree = "<group>"; };
		DD2A3DF713B5709000468228 /* SBJsonWriter.h */ = {isa = PBXFileReference; fileEncoding = 4; lastKnownFileType = sourcecode.c.h; path = SBJsonWriter.h; sourceTree = "<group>"; };
		DD2A3DF813B5709000468228 /* SBJsonWriter.m */ = {isa = PBXFileReference; fileEncoding = 4; lastKnownFileType = sourcecode.c.objc; path = SBJsonWriter.m; sourceTree = "<group>"; };
		DD37745013B41E6D00398228 /* FavrController.h */ = {isa = PBXFileReference; fileEncoding = 4; lastKnownFileType = sourcecode.c.h; path = FavrController.h; sourceTree = "<group>"; };
		DD37745113B41E6D00398228 /* FavrController.m */ = {isa = PBXFileReference; fileEncoding = 4; lastKnownFileType = sourcecode.c.objc; path = FavrController.m; sourceTree = "<group>"; };
		DD37745213B41E6D00398228 /* FavrController.xib */ = {isa = PBXFileReference; fileEncoding = 4; lastKnownFileType = file.xib; path = FavrController.xib; sourceTree = "<group>"; };
		DDC99BE213AD8EB800958DF2 /* top-logo-sample.png */ = {isa = PBXFileReference; lastKnownFileType = image.png; path = "top-logo-sample.png"; sourceTree = "<group>"; };
		DDC99BEB13AD956600958DF2 /* top-logo-sample@2x.png */ = {isa = PBXFileReference; lastKnownFileType = image.png; path = "top-logo-sample@2x.png"; sourceTree = "<group>"; };
		DDC99BF213AD993E00958DF2 /* Default.png */ = {isa = PBXFileReference; lastKnownFileType = image.png; name = Default.png; path = ../Default.png; sourceTree = "<group>"; };
		DDC99BF413AD994F00958DF2 /* Default@2x.png */ = {isa = PBXFileReference; lastKnownFileType = image.png; name = "Default@2x.png"; path = "../Default@2x.png"; sourceTree = "<group>"; };
		DDC99BF613AD9D3E00958DF2 /* TopNewsCell.h */ = {isa = PBXFileReference; fileEncoding = 4; lastKnownFileType = sourcecode.c.h; path = TopNewsCell.h; sourceTree = "<group>"; };
		DDC99BF713AD9D3E00958DF2 /* TopNewsCell.m */ = {isa = PBXFileReference; fileEncoding = 4; lastKnownFileType = sourcecode.c.objc; path = TopNewsCell.m; sourceTree = "<group>"; };
		DDC99BF813AD9D3E00958DF2 /* TopNewsCell.xib */ = {isa = PBXFileReference; fileEncoding = 4; lastKnownFileType = file.xib; path = TopNewsCell.xib; sourceTree = "<group>"; };
		DDD0386513ADBD6B00BD246B /* DelimNewsCell.h */ = {isa = PBXFileReference; fileEncoding = 4; lastKnownFileType = sourcecode.c.h; path = DelimNewsCell.h; sourceTree = "<group>"; };
		DDD0386613ADBD6B00BD246B /* DelimNewsCell.m */ = {isa = PBXFileReference; fileEncoding = 4; lastKnownFileType = sourcecode.c.objc; path = DelimNewsCell.m; sourceTree = "<group>"; };
		DDD0386713ADBD6B00BD246B /* DelimNewsCell.xib */ = {isa = PBXFileReference; fileEncoding = 4; lastKnownFileType = file.xib; path = DelimNewsCell.xib; sourceTree = "<group>"; };
		DDD0389B13ADD2A400BD246B /* QAController.h */ = {isa = PBXFileReference; fileEncoding = 4; lastKnownFileType = sourcecode.c.h; path = QAController.h; sourceTree = "<group>"; };
		DDD0389C13ADD2A500BD246B /* QAController.m */ = {isa = PBXFileReference; fileEncoding = 4; lastKnownFileType = sourcecode.c.objc; path = QAController.m; sourceTree = "<group>"; };
		DDD0389D13ADD2A500BD246B /* QAController.xib */ = {isa = PBXFileReference; fileEncoding = 4; lastKnownFileType = file.xib; path = QAController.xib; sourceTree = "<group>"; };
		DDD038A013ADDBBB00BD246B /* QACell.h */ = {isa = PBXFileReference; fileEncoding = 4; lastKnownFileType = sourcecode.c.h; path = QACell.h; sourceTree = "<group>"; };
		DDD038A113ADDBBC00BD246B /* QACell.m */ = {isa = PBXFileReference; fileEncoding = 4; lastKnownFileType = sourcecode.c.objc; path = QACell.m; sourceTree = "<group>"; };
		DDD038A213ADDBBC00BD246B /* QACell.xib */ = {isa = PBXFileReference; fileEncoding = 4; lastKnownFileType = file.xib; path = QACell.xib; sourceTree = "<group>"; };
		DDED16AA13A3290D003E523C /* iBuh.app */ = {isa = PBXFileReference; explicitFileType = wrapper.application; includeInIndex = 0; path = iBuh.app; sourceTree = BUILT_PRODUCTS_DIR; };
		DDED16AE13A3290D003E523C /* UIKit.framework */ = {isa = PBXFileReference; lastKnownFileType = wrapper.framework; name = UIKit.framework; path = System/Library/Frameworks/UIKit.framework; sourceTree = SDKROOT; };
		DDED16B013A3290D003E523C /* Foundation.framework */ = {isa = PBXFileReference; lastKnownFileType = wrapper.framework; name = Foundation.framework; path = System/Library/Frameworks/Foundation.framework; sourceTree = SDKROOT; };
		DDED16B213A3290D003E523C /* CoreGraphics.framework */ = {isa = PBXFileReference; lastKnownFileType = wrapper.framework; name = CoreGraphics.framework; path = System/Library/Frameworks/CoreGraphics.framework; sourceTree = SDKROOT; };
		DDED16B613A3290D003E523C /* iBuh-Info.plist */ = {isa = PBXFileReference; lastKnownFileType = text.plist.xml; path = "iBuh-Info.plist"; sourceTree = "<group>"; };
		DDED16B813A3290D003E523C /* en */ = {isa = PBXFileReference; lastKnownFileType = text.plist.strings; name = en; path = en.lproj/InfoPlist.strings; sourceTree = "<group>"; };
		DDED16BA13A3290D003E523C /* iBuh-Prefix.pch */ = {isa = PBXFileReference; lastKnownFileType = sourcecode.c.h; path = "iBuh-Prefix.pch"; sourceTree = "<group>"; };
		DDED16BB13A3290D003E523C /* main.m */ = {isa = PBXFileReference; lastKnownFileType = sourcecode.c.objc; path = main.m; sourceTree = "<group>"; };
		DDED16BD13A3290D003E523C /* iBuhAppDelegate.h */ = {isa = PBXFileReference; lastKnownFileType = sourcecode.c.h; path = iBuhAppDelegate.h; sourceTree = "<group>"; };
		DDED16BE13A3290D003E523C /* iBuhAppDelegate.m */ = {isa = PBXFileReference; lastKnownFileType = sourcecode.c.objc; path = iBuhAppDelegate.m; sourceTree = "<group>"; };
		DDED16C113A3290D003E523C /* en */ = {isa = PBXFileReference; lastKnownFileType = file.xib; name = en; path = en.lproj/MainWindow.xib; sourceTree = "<group>"; };
		DDED16D413A3290E003E523C /* iBuhTests.octest */ = {isa = PBXFileReference; explicitFileType = wrapper.cfbundle; includeInIndex = 0; path = iBuhTests.octest; sourceTree = BUILT_PRODUCTS_DIR; };
		DDED16DC13A3290E003E523C /* iBuhTests-Info.plist */ = {isa = PBXFileReference; lastKnownFileType = text.plist.xml; path = "iBuhTests-Info.plist"; sourceTree = "<group>"; };
		DDED16DE13A3290E003E523C /* en */ = {isa = PBXFileReference; lastKnownFileType = text.plist.strings; name = en; path = en.lproj/InfoPlist.strings; sourceTree = "<group>"; };
		DDED16E013A3290E003E523C /* iBuhTests-Prefix.pch */ = {isa = PBXFileReference; lastKnownFileType = sourcecode.c.h; path = "iBuhTests-Prefix.pch"; sourceTree = "<group>"; };
		DDED16E113A3290E003E523C /* iBuhTests.h */ = {isa = PBXFileReference; lastKnownFileType = sourcecode.c.h; path = iBuhTests.h; sourceTree = "<group>"; };
		DDED16E313A3290E003E523C /* iBuhTests.m */ = {isa = PBXFileReference; lastKnownFileType = sourcecode.c.objc; path = iBuhTests.m; sourceTree = "<group>"; };
		DDED16F513A45835003E523C /* Common.h */ = {isa = PBXFileReference; fileEncoding = 4; lastKnownFileType = sourcecode.c.h; path = Common.h; sourceTree = "<group>"; };
		DDED16F613A45835003E523C /* Common.m */ = {isa = PBXFileReference; fileEncoding = 4; lastKnownFileType = sourcecode.c.objc; path = Common.m; sourceTree = "<group>"; };
		DDED177A13A48362003E523C /* NewsController.h */ = {isa = PBXFileReference; fileEncoding = 4; lastKnownFileType = sourcecode.c.h; path = NewsController.h; sourceTree = "<group>"; };
		DDED177B13A48362003E523C /* NewsController.m */ = {isa = PBXFileReference; fileEncoding = 4; lastKnownFileType = sourcecode.c.objc; path = NewsController.m; sourceTree = "<group>"; };
		DDED177C13A48363003E523C /* NewsController.xib */ = {isa = PBXFileReference; fileEncoding = 4; lastKnownFileType = file.xib; path = NewsController.xib; sourceTree = "<group>"; };
/* End PBXFileReference section */

/* Begin PBXFrameworksBuildPhase section */
		DDED16A713A3290D003E523C /* Frameworks */ = {
			isa = PBXFrameworksBuildPhase;
			buildActionMask = 2147483647;
			files = (
				DD251BC913A4F05800DBA93B /* SystemConfiguration.framework in Frameworks */,
				DDED16AF13A3290D003E523C /* UIKit.framework in Frameworks */,
				DDED16B113A3290D003E523C /* Foundation.framework in Frameworks */,
				DDED16B313A3290D003E523C /* CoreGraphics.framework in Frameworks */,
			);
			runOnlyForDeploymentPostprocessing = 0;
		};
		DDED16D013A3290E003E523C /* Frameworks */ = {
			isa = PBXFrameworksBuildPhase;
			buildActionMask = 2147483647;
			files = (
				DDED16D513A3290E003E523C /* UIKit.framework in Frameworks */,
				DDED16D613A3290E003E523C /* Foundation.framework in Frameworks */,
				DDED16D713A3290E003E523C /* CoreGraphics.framework in Frameworks */,
			);
			runOnlyForDeploymentPostprocessing = 0;
		};
/* End PBXFrameworksBuildPhase section */

/* Begin PBXGroup section */
		DD2A3DDC13B5709000468228 /* fb_src */ = {
			isa = PBXGroup;
			children = (
				DD2A3DDD13B5709000468228 /* facebook-ios-sdk.xcodeproj */,
				DD2A3DE013B5709000468228 /* Facebook.h */,
				DD2A3DE113B5709000468228 /* Facebook.m */,
				DD2A3DE213B5709000468228 /* facebook_ios_sdk_Prefix.pch */,
				DD2A3DE313B5709000468228 /* FBConnect.h */,
				DD2A3DE413B5709000468228 /* FBDialog.bundle */,
				DD2A3DE513B5709000468228 /* FBDialog.h */,
				DD2A3DE613B5709000468228 /* FBDialog.m */,
				DD2A3DE713B5709000468228 /* FBLoginDialog.h */,
				DD2A3DE813B5709000468228 /* FBLoginDialog.m */,
				DD2A3DE913B5709000468228 /* FBRequest.h */,
				DD2A3DEA13B5709000468228 /* FBRequest.m */,
				DD2A3DEB13B5709000468228 /* JSON */,
			);
			name = fb_src;
			path = src;
			sourceTree = "<group>";
		};
		DD2A3DDE13B5709000468228 /* Products */ = {
			isa = PBXGroup;
			children = (
				DD2A3E0913B5709100468228 /* libfacebook_ios_sdk.a */,
			);
			name = Products;
			sourceTree = "<group>";
		};
		DD2A3DEB13B5709000468228 /* JSON */ = {
			isa = PBXGroup;
			children = (
				DD2A3DEC13B5709000468228 /* JSON.h */,
				DD2A3DED13B5709000468228 /* NSObject+SBJSON.h */,
				DD2A3DEE13B5709000468228 /* NSObject+SBJSON.m */,
				DD2A3DEF13B5709000468228 /* NSString+SBJSON.h */,
				DD2A3DF013B5709000468228 /* NSString+SBJSON.m */,
				DD2A3DF113B5709000468228 /* SBJSON.h */,
				DD2A3DF213B5709000468228 /* SBJSON.m */,
				DD2A3DF313B5709000468228 /* SBJsonBase.h */,
				DD2A3DF413B5709000468228 /* SBJsonBase.m */,
				DD2A3DF513B5709000468228 /* SBJsonParser.h */,
				DD2A3DF613B5709000468228 /* SBJsonParser.m */,
				DD2A3DF713B5709000468228 /* SBJsonWriter.h */,
				DD2A3DF813B5709000468228 /* SBJsonWriter.m */,
			);
			path = JSON;
			sourceTree = "<group>";
		};
		DDED169F13A3290C003E523C = {
			isa = PBXGroup;
			children = (
				DD251BC813A4F05800DBA93B /* SystemConfiguration.framework */,
				DDED16B413A3290D003E523C /* iBuh */,
				DDED16DA13A3290E003E523C /* iBuhTests */,
				DDED16AD13A3290D003E523C /* Frameworks */,
				DDED16AB13A3290D003E523C /* Products */,
			);
			sourceTree = "<group>";
		};
		DDED16AB13A3290D003E523C /* Products */ = {
			isa = PBXGroup;
			children = (
				DDED16AA13A3290D003E523C /* iBuh.app */,
				DDED16D413A3290E003E523C /* iBuhTests.octest */,
			);
			name = Products;
			sourceTree = "<group>";
		};
		DDED16AD13A3290D003E523C /* Frameworks */ = {
			isa = PBXGroup;
			children = (
				DDED16AE13A3290D003E523C /* UIKit.framework */,
				DDED16B013A3290D003E523C /* Foundation.framework */,
				DDED16B213A3290D003E523C /* CoreGraphics.framework */,
			);
			name = Frameworks;
			sourceTree = "<group>";
		};
		DDED16B413A3290D003E523C /* iBuh */ = {
			isa = PBXGroup;
			children = (
				DDED16B513A3290D003E523C /* Supporting Files */,
				DDED16F813A45852003E523C /* Xibs */,
				DD2A3DDC13B5709000468228 /* fb_src */,
				DDED16ED13A45576003E523C /* Images */,
				DDED16F513A45835003E523C /* Common.h */,
				DDED16F613A45835003E523C /* Common.m */,
				DDED16BD13A3290D003E523C /* iBuhAppDelegate.h */,
				DDED16BE13A3290D003E523C /* iBuhAppDelegate.m */,
				DD251BA313A496A800DBA93B /* Reachability.h */,
				DD251BA413A496A800DBA93B /* Reachability.m */,
				DD251BA613A4975D00DBA93B /* XMLParser.h */,
				DD251BA713A4975D00DBA93B /* XMLParser.m */,
				DD251BA913A497F200DBA93B /* Item.h */,
				DD251BAA13A497F200DBA93B /* Item.m */,
				DDED177A13A48362003E523C /* NewsController.h */,
				DDED177B13A48362003E523C /* NewsController.m */,
				DDD0389B13ADD2A400BD246B /* QAController.h */,
				DDD0389C13ADD2A500BD246B /* QAController.m */,
				8C87437F13A76A2E00588B05 /* NewsDetailController.h */,
				8C87438013A76A2E00588B05 /* NewsDetailController.m */,
				DD10C1D313A6D6C1007E191D /* NewsCell.h */,
				DD10C1D413A6D6C1007E191D /* NewsCell.m */,
				DDC99BF613AD9D3E00958DF2 /* TopNewsCell.h */,
				DDC99BF713AD9D3E00958DF2 /* TopNewsCell.m */,
				DDD0386513ADBD6B00BD246B /* DelimNewsCell.h */,
				DDD0386613ADBD6B00BD246B /* DelimNewsCell.m */,
				DDD038A013ADDBBB00BD246B /* QACell.h */,
				DDD038A113ADDBBC00BD246B /* QACell.m */,
				8C92547E13AF53AF00374063 /* SendQController.h */,
				8C92547F13AF53AF00374063 /* SendQController.m */,
				DD37745013B41E6D00398228 /* FavrController.h */,
				DD37745113B41E6D00398228 /* FavrController.m */,
				8C9A8B6B13B461C000DDD2D2 /* PodController.h */,
				8C9A8B6C13B461C000DDD2D2 /* PodController.m */,
			);
			path = iBuh;
			sourceTree = "<group>";
		};
		DDED16B513A3290D003E523C /* Supporting Files */ = {
			isa = PBXGroup;
			children = (
				DDED16B613A3290D003E523C /* iBuh-Info.plist */,
				DDED16B713A3290D003E523C /* InfoPlist.strings */,
				DDED16BA13A3290D003E523C /* iBuh-Prefix.pch */,
				DDED16BB13A3290D003E523C /* main.m */,
				8C95F19213B34D6900B1F5F4 /* favourites.plist */,
			);
			name = "Supporting Files";
			sourceTree = "<group>";
		};
		DDED16DA13A3290E003E523C /* iBuhTests */ = {
			isa = PBXGroup;
			children = (
				DDED16E113A3290E003E523C /* iBuhTests.h */,
				DDED16E313A3290E003E523C /* iBuhTests.m */,
				DDED16DB13A3290E003E523C /* Supporting Files */,
			);
			path = iBuhTests;
			sourceTree = "<group>";
		};
		DDED16DB13A3290E003E523C /* Supporting Files */ = {
			isa = PBXGroup;
			children = (
				DDED16DC13A3290E003E523C /* iBuhTests-Info.plist */,
				DDED16DD13A3290E003E523C /* InfoPlist.strings */,
				DDED16E013A3290E003E523C /* iBuhTests-Prefix.pch */,
			);
			name = "Supporting Files";
			sourceTree = "<group>";
		};
		DDED16ED13A45576003E523C /* Images */ = {
			isa = PBXGroup;
			children = (
				8C94809313B303EE0085A268 /* word-big.png */,
				8C94809413B303EE0085A268 /* word-big@2x.png */,
				8C94809513B303EE0085A268 /* word.png */,
				8C94809613B303EE0085A268 /* word@2x.png */,
				8C94808E13B303DD0085A268 /* share.png */,
				8C94808F13B303DD0085A268 /* share@2x.png */,
				8C9D0DB513AF6A4A009A8D20 /* 09-chat-2.png */,
				DD06237213B15B3E00A4465F /* 09-chat-2@2x.png */,
				DD06237C13B15BA500A4465F /* 02-redo.png */,
				DD06237D13B15BA500A4465F /* 02-redo@2x.png */,
				DD06237813B15B6E00A4465F /* 65-note.png */,
				DD06237913B15B6E00A4465F /* 65-note@2x.png */,
				DD06237313B15B3E00A4465F /* 19-gear@2x.png */,
				8C9D0DB713AF6A4A009A8D20 /* 19-gear.png */,
				8C9D0DB913AF6A4A009A8D20 /* 28-star.png */,
				DD06237413B15B3E00A4465F /* 28-star@2x.png */,
				DD06236E13B15B1D00A4465F /* 53-house.png */,
				DD06236F13B15B1D00A4465F /* 53-house@2x.png */,
				8C9AAC7213AF3F6B00B759CF /* login-screen-ok.png */,
				8C9AAC7313AF3F6B00B759CF /* login-screen-ok@2x.png */,
				DDC99BEB13AD956600958DF2 /* top-logo-sample@2x.png */,
				DDC99BE213AD8EB800958DF2 /* top-logo-sample.png */,
				DDC99BF413AD994F00958DF2 /* Default@2x.png */,
				DDC99BF213AD993E00958DF2 /* Default.png */,
			);
			name = Images;
			sourceTree = "<group>";
		};
		DDED16F813A45852003E523C /* Xibs */ = {
			isa = PBXGroup;
			children = (
				8CDEB88C13AF0ADD00143F26 /* NewsCell.xib */,
				DDED16C013A3290D003E523C /* MainWindow.xib */,
				DDED177C13A48363003E523C /* NewsController.xib */,
				DDC99BF813AD9D3E00958DF2 /* TopNewsCell.xib */,
				8C87438113A76A2E00588B05 /* NewsDetailController.xib */,
				DDD0386713ADBD6B00BD246B /* DelimNewsCell.xib */,
				DDD0389D13ADD2A500BD246B /* QAController.xib */,
				DDD038A213ADDBBC00BD246B /* QACell.xib */,
				8C92548013AF53AF00374063 /* SendQController.xib */,
				DD37745213B41E6D00398228 /* FavrController.xib */,
				8C9A8B6D13B461C000DDD2D2 /* PodController.xib */,
			);
			name = Xibs;
			sourceTree = "<group>";
		};
/* End PBXGroup section */

/* Begin PBXNativeTarget section */
		DDED16A913A3290D003E523C /* iBuh */ = {
			isa = PBXNativeTarget;
			buildConfigurationList = DDED16E713A3290E003E523C /* Build configuration list for PBXNativeTarget "iBuh" */;
			buildPhases = (
				DDED16A613A3290D003E523C /* Sources */,
				DDED16A713A3290D003E523C /* Frameworks */,
				DDED16A813A3290D003E523C /* Resources */,
			);
			buildRules = (
			);
			dependencies = (
			);
			name = iBuh;
			productName = iBuh;
			productReference = DDED16AA13A3290D003E523C /* iBuh.app */;
			productType = "com.apple.product-type.application";
		};
		DDED16D313A3290E003E523C /* iBuhTests */ = {
			isa = PBXNativeTarget;
			buildConfigurationList = DDED16EA13A3290E003E523C /* Build configuration list for PBXNativeTarget "iBuhTests" */;
			buildPhases = (
				DDED16CF13A3290E003E523C /* Sources */,
				DDED16D013A3290E003E523C /* Frameworks */,
				DDED16D113A3290E003E523C /* Resources */,
				DDED16D213A3290E003E523C /* ShellScript */,
			);
			buildRules = (
			);
			dependencies = (
				DDED16D913A3290E003E523C /* PBXTargetDependency */,
			);
			name = iBuhTests;
			productName = iBuhTests;
			productReference = DDED16D413A3290E003E523C /* iBuhTests.octest */;
			productType = "com.apple.product-type.bundle";
		};
/* End PBXNativeTarget section */

/* Begin PBXProject section */
		DDED16A113A3290C003E523C /* Project object */ = {
			isa = PBXProject;
			buildConfigurationList = DDED16A413A3290C003E523C /* Build configuration list for PBXProject "iBuh" */;
			compatibilityVersion = "Xcode 3.2";
			developmentRegion = English;
			hasScannedForEncodings = 0;
			knownRegions = (
				en,
			);
			mainGroup = DDED169F13A3290C003E523C;
			productRefGroup = DDED16AB13A3290D003E523C /* Products */;
			projectDirPath = "";
			projectReferences = (
				{
					ProductGroup = DD2A3DDE13B5709000468228 /* Products */;
					ProjectRef = DD2A3DDD13B5709000468228 /* facebook-ios-sdk.xcodeproj */;
				},
			);
			projectRoot = "";
			targets = (
				DDED16A913A3290D003E523C /* iBuh */,
				DDED16D313A3290E003E523C /* iBuhTests */,
			);
		};
/* End PBXProject section */

/* Begin PBXReferenceProxy section */
		DD2A3E0913B5709100468228 /* libfacebook_ios_sdk.a */ = {
			isa = PBXReferenceProxy;
			fileType = archive.ar;
			path = libfacebook_ios_sdk.a;
			remoteRef = DD2A3E0813B5709100468228 /* PBXContainerItemProxy */;
			sourceTree = BUILT_PRODUCTS_DIR;
		};
/* End PBXReferenceProxy section */

/* Begin PBXResourcesBuildPhase section */
		DDED16A813A3290D003E523C /* Resources */ = {
			isa = PBXResourcesBuildPhase;
			buildActionMask = 2147483647;
			files = (
				DDED16B913A3290D003E523C /* InfoPlist.strings in Resources */,
				DDED16C213A3290D003E523C /* MainWindow.xib in Resources */,
				DDED177E13A48363003E523C /* NewsController.xib in Resources */,
				8C87438313A76A2E00588B05 /* NewsDetailController.xib in Resources */,
				DDC99BE413AD8EB800958DF2 /* top-logo-sample.png in Resources */,
				DDC99BED13AD956600958DF2 /* top-logo-sample@2x.png in Resources */,
				DDC99BF313AD993E00958DF2 /* Default.png in Resources */,
				DDC99BF513AD994F00958DF2 /* Default@2x.png in Resources */,
				DDC99BFA13AD9D3E00958DF2 /* TopNewsCell.xib in Resources */,
				DDD0386913ADBD6B00BD246B /* DelimNewsCell.xib in Resources */,
				DDD0389F13ADD2A500BD246B /* QAController.xib in Resources */,
				DDD038A413ADDBBD00BD246B /* QACell.xib in Resources */,
				8CDEB88D13AF0ADD00143F26 /* NewsCell.xib in Resources */,
				8C9AAC7413AF3F6B00B759CF /* login-screen-ok.png in Resources */,
				8C9AAC7513AF3F6B00B759CF /* login-screen-ok@2x.png in Resources */,
				8C92548213AF53AF00374063 /* SendQController.xib in Resources */,
				8C9D0DBB13AF6A4A009A8D20 /* 09-chat-2.png in Resources */,
				8C9D0DBD13AF6A4A009A8D20 /* 19-gear.png in Resources */,
				8C9D0DBF13AF6A4A009A8D20 /* 28-star.png in Resources */,
				DD06237013B15B1D00A4465F /* 53-house.png in Resources */,
				DD06237113B15B1D00A4465F /* 53-house@2x.png in Resources */,
				DD06237513B15B3E00A4465F /* 09-chat-2@2x.png in Resources */,
				DD06237613B15B3E00A4465F /* 19-gear@2x.png in Resources */,
				DD06237713B15B3E00A4465F /* 28-star@2x.png in Resources */,
				DD06237A13B15B6E00A4465F /* 65-note.png in Resources */,
				DD06237B13B15B6E00A4465F /* 65-note@2x.png in Resources */,
				DD06237E13B15BA500A4465F /* 02-redo.png in Resources */,
				DD06237F13B15BA500A4465F /* 02-redo@2x.png in Resources */,
				8C94809013B303DD0085A268 /* share.png in Resources */,
				8C94809113B303DD0085A268 /* share@2x.png in Resources */,
				8C94809713B303EE0085A268 /* word-big.png in Resources */,
				8C94809813B303EE0085A268 /* word-big@2x.png in Resources */,
				8C94809913B303EE0085A268 /* word.png in Resources */,
				8C94809A13B303EE0085A268 /* word@2x.png in Resources */,
				8C95F19313B34D6900B1F5F4 /* favourites.plist in Resources */,
				DD37745413B41E6D00398228 /* FavrController.xib in Resources */,
				8C9A8B6F13B461C000DDD2D2 /* PodController.xib in Resources */,
				DD2A3DFD13B5709100468228 /* FBDialog.bundle in Resources */,
			);
			runOnlyForDeploymentPostprocessing = 0;
		};
		DDED16D113A3290E003E523C /* Resources */ = {
			isa = PBXResourcesBuildPhase;
			buildActionMask = 2147483647;
			files = (
				DDED16DF13A3290E003E523C /* InfoPlist.strings in Resources */,
				DDED16E213A3290E003E523C /* iBuhTests.h in Resources */,
			);
			runOnlyForDeploymentPostprocessing = 0;
		};
/* End PBXResourcesBuildPhase section */

/* Begin PBXShellScriptBuildPhase section */
		DDED16D213A3290E003E523C /* ShellScript */ = {
			isa = PBXShellScriptBuildPhase;
			buildActionMask = 2147483647;
			files = (
			);
			inputPaths = (
			);
			outputPaths = (
			);
			runOnlyForDeploymentPostprocessing = 0;
			shellPath = /bin/sh;
			shellScript = "# Run the unit tests in this test bundle.\n\"${SYSTEM_DEVELOPER_DIR}/Tools/RunUnitTests\"\n";
		};
/* End PBXShellScriptBuildPhase section */

/* Begin PBXSourcesBuildPhase section */
		DDED16A613A3290D003E523C /* Sources */ = {
			isa = PBXSourcesBuildPhase;
			buildActionMask = 2147483647;
			files = (
				DDED16BC13A3290D003E523C /* main.m in Sources */,
				DDED16BF13A3290D003E523C /* iBuhAppDelegate.m in Sources */,
				DDED16F713A45835003E523C /* Common.m in Sources */,
				DDED177D13A48363003E523C /* NewsController.m in Sources */,
				DD251BA513A496A800DBA93B /* Reachability.m in Sources */,
				DD251BA813A4975D00DBA93B /* XMLParser.m in Sources */,
				DD251BAB13A497F300DBA93B /* Item.m in Sources */,
				DD10C1D513A6D6C1007E191D /* NewsCell.m in Sources */,
				8C87438213A76A2E00588B05 /* NewsDetailController.m in Sources */,
				DDC99BF913AD9D3E00958DF2 /* TopNewsCell.m in Sources */,
				DDD0386813ADBD6B00BD246B /* DelimNewsCell.m in Sources */,
				DDD0389E13ADD2A500BD246B /* QAController.m in Sources */,
				DDD038A313ADDBBD00BD246B /* QACell.m in Sources */,
				8C92548113AF53AF00374063 /* SendQController.m in Sources */,
				DD37745313B41E6D00398228 /* FavrController.m in Sources */,
				8C9A8B6E13B461C000DDD2D2 /* PodController.m in Sources */,
				DD2A3DFC13B5709100468228 /* Facebook.m in Sources */,
				DD2A3DFE13B5709100468228 /* FBDialog.m in Sources */,
				DD2A3DFF13B5709100468228 /* FBLoginDialog.m in Sources */,
				DD2A3E0013B5709100468228 /* FBRequest.m in Sources */,
				DD2A3E0113B5709100468228 /* NSObject+SBJSON.m in Sources */,
				DD2A3E0213B5709100468228 /* NSString+SBJSON.m in Sources */,
				DD2A3E0313B5709100468228 /* SBJSON.m in Sources */,
				DD2A3E0413B5709100468228 /* SBJsonBase.m in Sources */,
				DD2A3E0513B5709100468228 /* SBJsonParser.m in Sources */,
				DD2A3E0613B5709100468228 /* SBJsonWriter.m in Sources */,
			);
			runOnlyForDeploymentPostprocessing = 0;
		};
		DDED16CF13A3290E003E523C /* Sources */ = {
			isa = PBXSourcesBuildPhase;
			buildActionMask = 2147483647;
			files = (
				DDED16E413A3290E003E523C /* iBuhTests.m in Sources */,
			);
			runOnlyForDeploymentPostprocessing = 0;
		};
/* End PBXSourcesBuildPhase section */

/* Begin PBXTargetDependency section */
		DDED16D913A3290E003E523C /* PBXTargetDependency */ = {
			isa = PBXTargetDependency;
			target = DDED16A913A3290D003E523C /* iBuh */;
			targetProxy = DDED16D813A3290E003E523C /* PBXContainerItemProxy */;
		};
/* End PBXTargetDependency section */

/* Begin PBXVariantGroup section */
		DDED16B713A3290D003E523C /* InfoPlist.strings */ = {
			isa = PBXVariantGroup;
			children = (
				DDED16B813A3290D003E523C /* en */,
			);
			name = InfoPlist.strings;
			sourceTree = "<group>";
		};
		DDED16C013A3290D003E523C /* MainWindow.xib */ = {
			isa = PBXVariantGroup;
			children = (
				DDED16C113A3290D003E523C /* en */,
			);
			name = MainWindow.xib;
			sourceTree = "<group>";
		};
		DDED16DD13A3290E003E523C /* InfoPlist.strings */ = {
			isa = PBXVariantGroup;
			children = (
				DDED16DE13A3290E003E523C /* en */,
			);
			name = InfoPlist.strings;
			sourceTree = "<group>";
		};
/* End PBXVariantGroup section */

/* Begin XCBuildConfiguration section */
		DDED16E513A3290E003E523C /* Debug */ = {
			isa = XCBuildConfiguration;
			buildSettings = {
				ARCHS = "$(ARCHS_STANDARD_32_BIT)";
				"CODE_SIGN_IDENTITY[sdk=iphoneos*]" = "iPhone Developer";
				GCC_C_LANGUAGE_STANDARD = gnu99;
				GCC_OPTIMIZATION_LEVEL = 0;
				GCC_PREPROCESSOR_DEFINITIONS = DEBUG;
				GCC_SYMBOLS_PRIVATE_EXTERN = NO;
				GCC_VERSION = com.apple.compilers.llvmgcc42;
				GCC_WARN_ABOUT_RETURN_TYPE = YES;
				GCC_WARN_UNUSED_VARIABLE = YES;
				IPHONEOS_DEPLOYMENT_TARGET = 4.3;
				SDKROOT = iphoneos;
			};
			name = Debug;
		};
		DDED16E613A3290E003E523C /* Release */ = {
			isa = XCBuildConfiguration;
			buildSettings = {
				ARCHS = "$(ARCHS_STANDARD_32_BIT)";
				"CODE_SIGN_IDENTITY[sdk=iphoneos*]" = "iPhone Developer";
				GCC_C_LANGUAGE_STANDARD = gnu99;
				GCC_VERSION = com.apple.compilers.llvmgcc42;
				GCC_WARN_ABOUT_RETURN_TYPE = YES;
				GCC_WARN_UNUSED_VARIABLE = YES;
				IPHONEOS_DEPLOYMENT_TARGET = 4.3;
				OTHER_CFLAGS = "-DNS_BLOCK_ASSERTIONS=1";
				SDKROOT = iphoneos;
			};
			name = Release;
		};
		DDED16E813A3290E003E523C /* Debug */ = {
			isa = XCBuildConfiguration;
			buildSettings = {
				ALWAYS_SEARCH_USER_PATHS = NO;
				COPY_PHASE_STRIP = NO;
				GCC_DYNAMIC_NO_PIC = NO;
				GCC_PRECOMPILE_PREFIX_HEADER = YES;
				GCC_PREFIX_HEADER = "iBuh/iBuh-Prefix.pch";
				INFOPLIST_FILE = "iBuh/iBuh-Info.plist";
				PRODUCT_NAME = "$(TARGET_NAME)";
				WRAPPER_EXTENSION = app;
			};
			name = Debug;
		};
		DDED16E913A3290E003E523C /* Release */ = {
			isa = XCBuildConfiguration;
			buildSettings = {
				ALWAYS_SEARCH_USER_PATHS = NO;
				COPY_PHASE_STRIP = YES;
				GCC_PRECOMPILE_PREFIX_HEADER = YES;
				GCC_PREFIX_HEADER = "iBuh/iBuh-Prefix.pch";
				INFOPLIST_FILE = "iBuh/iBuh-Info.plist";
				PRODUCT_NAME = "$(TARGET_NAME)";
				VALIDATE_PRODUCT = YES;
				WRAPPER_EXTENSION = app;
			};
			name = Release;
		};
		DDED16EB13A3290E003E523C /* Debug */ = {
			isa = XCBuildConfiguration;
			buildSettings = {
				ALWAYS_SEARCH_USER_PATHS = NO;
				BUNDLE_LOADER = "$(BUILT_PRODUCTS_DIR)/iBuh.app/iBuh";
				FRAMEWORK_SEARCH_PATHS = (
					"$(SDKROOT)/Developer/Library/Frameworks",
					"$(DEVELOPER_LIBRARY_DIR)/Frameworks",
				);
				GCC_PRECOMPILE_PREFIX_HEADER = YES;
				GCC_PREFIX_HEADER = "iBuhTests/iBuhTests-Prefix.pch";
				INFOPLIST_FILE = "iBuhTests/iBuhTests-Info.plist";
				OTHER_LDFLAGS = (
					"-framework",
					SenTestingKit,
				);
				PRODUCT_NAME = "$(TARGET_NAME)";
				TEST_HOST = "$(BUNDLE_LOADER)";
				WRAPPER_EXTENSION = octest;
			};
			name = Debug;
		};
		DDED16EC13A3290E003E523C /* Release */ = {
			isa = XCBuildConfiguration;
			buildSettings = {
				ALWAYS_SEARCH_USER_PATHS = NO;
				BUNDLE_LOADER = "$(BUILT_PRODUCTS_DIR)/iBuh.app/iBuh";
				FRAMEWORK_SEARCH_PATHS = (
					"$(SDKROOT)/Developer/Library/Frameworks",
					"$(DEVELOPER_LIBRARY_DIR)/Frameworks",
				);
				GCC_PRECOMPILE_PREFIX_HEADER = YES;
				GCC_PREFIX_HEADER = "iBuhTests/iBuhTests-Prefix.pch";
				INFOPLIST_FILE = "iBuhTests/iBuhTests-Info.plist";
				OTHER_LDFLAGS = (
					"-framework",
					SenTestingKit,
				);
				PRODUCT_NAME = "$(TARGET_NAME)";
				TEST_HOST = "$(BUNDLE_LOADER)";
				WRAPPER_EXTENSION = octest;
			};
			name = Release;
		};
/* End XCBuildConfiguration section */

/* Begin XCConfigurationList section */
		DDED16A413A3290C003E523C /* Build configuration list for PBXProject "iBuh" */ = {
			isa = XCConfigurationList;
			buildConfigurations = (
				DDED16E513A3290E003E523C /* Debug */,
				DDED16E613A3290E003E523C /* Release */,
			);
			defaultConfigurationIsVisible = 0;
			defaultConfigurationName = Release;
		};
		DDED16E713A3290E003E523C /* Build configuration list for PBXNativeTarget "iBuh" */ = {
			isa = XCConfigurationList;
			buildConfigurations = (
				DDED16E813A3290E003E523C /* Debug */,
				DDED16E913A3290E003E523C /* Release */,
			);
			defaultConfigurationIsVisible = 0;
			defaultConfigurationName = Release;
		};
		DDED16EA13A3290E003E523C /* Build configuration list for PBXNativeTarget "iBuhTests" */ = {
			isa = XCConfigurationList;
			buildConfigurations = (
				DDED16EB13A3290E003E523C /* Debug */,
				DDED16EC13A3290E003E523C /* Release */,
			);
			defaultConfigurationIsVisible = 0;
			defaultConfigurationName = Release;
		};
/* End XCConfigurationList section */
	};
	rootObject = DDED16A113A3290C003E523C /* Project object */;
}
