// !$*UTF8*$!
{
	archiveVersion = 1;
	classes = {
	};
	objectVersion = 46;
	objects = {

/* Begin PBXBuildFile section */
		8C87438213A76A2E00588B05 /* NewsDetailController.m in Sources */ = {isa = PBXBuildFile; fileRef = 8C87438013A76A2E00588B05 /* NewsDetailController.m */; };
		8C87438313A76A2E00588B05 /* NewsDetailController.xib in Resources */ = {isa = PBXBuildFile; fileRef = 8C87438113A76A2E00588B05 /* NewsDetailController.xib */; };
		8C92548113AF53AF00374063 /* SendQController.m in Sources */ = {isa = PBXBuildFile; fileRef = 8C92547F13AF53AF00374063 /* SendQController.m */; };
		8C92548213AF53AF00374063 /* SendQController.xib in Resources */ = {isa = PBXBuildFile; fileRef = 8C92548013AF53AF00374063 /* SendQController.xib */; };
		8C94809013B303DD0085A268 /* share.png in Resources */ = {isa = PBXBuildFile; fileRef = 8C94808E13B303DD0085A268 /* share.png */; };
		8C94809113B303DD0085A268 /* share@2x.png in Resources */ = {isa = PBXBuildFile; fileRef = 8C94808F13B303DD0085A268 /* share@2x.png */; };
		8C94809713B303EE0085A268 /* word-big.png in Resources */ = {isa = PBXBuildFile; fileRef = 8C94809313B303EE0085A268 /* word-big.png */; };
		8C94809813B303EE0085A268 /* word-big@2x.png in Resources */ = {isa = PBXBuildFile; fileRef = 8C94809413B303EE0085A268 /* word-big@2x.png */; };
		8C94809913B303EE0085A268 /* word.png in Resources */ = {isa = PBXBuildFile; fileRef = 8C94809513B303EE0085A268 /* word.png */; };
		8C94809A13B303EE0085A268 /* word@2x.png in Resources */ = {isa = PBXBuildFile; fileRef = 8C94809613B303EE0085A268 /* word@2x.png */; };
		8C95F19313B34D6900B1F5F4 /* favourites.plist in Resources */ = {isa = PBXBuildFile; fileRef = 8C95F19213B34D6900B1F5F4 /* favourites.plist */; };
		8C9784BF13B9CC4800B818EC /* MessageUI.framework in Frameworks */ = {isa = PBXBuildFile; fileRef = 8C9784BE13B9CC4800B818EC /* MessageUI.framework */; };
		8C9A8B6E13B461C000DDD2D2 /* PodController.m in Sources */ = {isa = PBXBuildFile; fileRef = 8C9A8B6C13B461C000DDD2D2 /* PodController.m */; };
		8C9A8B6F13B461C000DDD2D2 /* PodController.xib in Resources */ = {isa = PBXBuildFile; fileRef = 8C9A8B6D13B461C000DDD2D2 /* PodController.xib */; };
		8C9AAC7413AF3F6B00B759CF /* login-screen-ok.png in Resources */ = {isa = PBXBuildFile; fileRef = 8C9AAC7213AF3F6B00B759CF /* login-screen-ok.png */; };
		8C9AAC7513AF3F6B00B759CF /* login-screen-ok@2x.png in Resources */ = {isa = PBXBuildFile; fileRef = 8C9AAC7313AF3F6B00B759CF /* login-screen-ok@2x.png */; };
		8C9AEA8313B999060079E2D4 /* libxml2.2.7.3.dylib in Frameworks */ = {isa = PBXBuildFile; fileRef = 8C9AEA8213B999060079E2D4 /* libxml2.2.7.3.dylib */; };
		8C9AEA9313B9AA730079E2D4 /* iCodeOauthViewController.m in Sources */ = {isa = PBXBuildFile; fileRef = 8C9AEA9213B9AA710079E2D4 /* iCodeOauthViewController.m */; };
		8C9AEA9513B9AAFB0079E2D4 /* iCodeOauthViewController.xib in Resources */ = {isa = PBXBuildFile; fileRef = 8C9AEA9413B9AAFB0079E2D4 /* iCodeOauthViewController.xib */; };
		8C9AEA9813B9AC2C0079E2D4 /* Tweet.m in Sources */ = {isa = PBXBuildFile; fileRef = 8C9AEA9713B9AC2C0079E2D4 /* Tweet.m */; };
		8C9D0DBB13AF6A4A009A8D20 /* 09-chat-2.png in Resources */ = {isa = PBXBuildFile; fileRef = 8C9D0DB513AF6A4A009A8D20 /* 09-chat-2.png */; };
		8C9D0DBD13AF6A4A009A8D20 /* 19-gear.png in Resources */ = {isa = PBXBuildFile; fileRef = 8C9D0DB713AF6A4A009A8D20 /* 19-gear.png */; };
		8C9D0DBF13AF6A4A009A8D20 /* 28-star.png in Resources */ = {isa = PBXBuildFile; fileRef = 8C9D0DB913AF6A4A009A8D20 /* 28-star.png */; };
		8C9E202813BC8E7E001AA2C1 /* Facebook.m in Sources */ = {isa = PBXBuildFile; fileRef = 8C9E200D13BC8E7E001AA2C1 /* Facebook.m */; };
		8C9E202913BC8E7E001AA2C1 /* FBDialog.bundle in Resources */ = {isa = PBXBuildFile; fileRef = 8C9E201013BC8E7E001AA2C1 /* FBDialog.bundle */; };
		8C9E202A13BC8E7E001AA2C1 /* FBDialog.m in Sources */ = {isa = PBXBuildFile; fileRef = 8C9E201213BC8E7E001AA2C1 /* FBDialog.m */; };
		8C9E202B13BC8E7E001AA2C1 /* FBLoginDialog.m in Sources */ = {isa = PBXBuildFile; fileRef = 8C9E201413BC8E7E001AA2C1 /* FBLoginDialog.m */; };
		8C9E202C13BC8E7E001AA2C1 /* FBRequest.m in Sources */ = {isa = PBXBuildFile; fileRef = 8C9E201613BC8E7E001AA2C1 /* FBRequest.m */; };
		8C9E202D13BC8E7E001AA2C1 /* NSObject+SBJSON.m in Sources */ = {isa = PBXBuildFile; fileRef = 8C9E201A13BC8E7E001AA2C1 /* NSObject+SBJSON.m */; };
		8C9E202E13BC8E7E001AA2C1 /* NSString+SBJSON.m in Sources */ = {isa = PBXBuildFile; fileRef = 8C9E201C13BC8E7E001AA2C1 /* NSString+SBJSON.m */; };
		8C9E202F13BC8E7E001AA2C1 /* SBJSON.m in Sources */ = {isa = PBXBuildFile; fileRef = 8C9E201E13BC8E7E001AA2C1 /* SBJSON.m */; };
		8C9E203013BC8E7E001AA2C1 /* SBJsonBase.m in Sources */ = {isa = PBXBuildFile; fileRef = 8C9E202013BC8E7E001AA2C1 /* SBJsonBase.m */; };
		8C9E203113BC8E7E001AA2C1 /* SBJsonParser.m in Sources */ = {isa = PBXBuildFile; fileRef = 8C9E202213BC8E7E001AA2C1 /* SBJsonParser.m */; };
		8C9E203213BC8E7E001AA2C1 /* SBJsonWriter.m in Sources */ = {isa = PBXBuildFile; fileRef = 8C9E202413BC8E7E001AA2C1 /* SBJsonWriter.m */; };
		8CDEB88D13AF0ADD00143F26 /* NewsCell.xib in Resources */ = {isa = PBXBuildFile; fileRef = 8CDEB88C13AF0ADD00143F26 /* NewsCell.xib */; };
		DD06237013B15B1D00A4465F /* 53-house.png in Resources */ = {isa = PBXBuildFile; fileRef = DD06236E13B15B1D00A4465F /* 53-house.png */; };
		DD06237113B15B1D00A4465F /* 53-house@2x.png in Resources */ = {isa = PBXBuildFile; fileRef = DD06236F13B15B1D00A4465F /* 53-house@2x.png */; };
		DD06237513B15B3E00A4465F /* 09-chat-2@2x.png in Resources */ = {isa = PBXBuildFile; fileRef = DD06237213B15B3E00A4465F /* 09-chat-2@2x.png */; };
		DD06237613B15B3E00A4465F /* 19-gear@2x.png in Resources */ = {isa = PBXBuildFile; fileRef = DD06237313B15B3E00A4465F /* 19-gear@2x.png */; };
		DD06237713B15B3E00A4465F /* 28-star@2x.png in Resources */ = {isa = PBXBuildFile; fileRef = DD06237413B15B3E00A4465F /* 28-star@2x.png */; };
		DD06237A13B15B6E00A4465F /* 65-note.png in Resources */ = {isa = PBXBuildFile; fileRef = DD06237813B15B6E00A4465F /* 65-note.png */; };
		DD06237B13B15B6E00A4465F /* 65-note@2x.png in Resources */ = {isa = PBXBuildFile; fileRef = DD06237913B15B6E00A4465F /* 65-note@2x.png */; };
		DD06237E13B15BA500A4465F /* 02-redo.png in Resources */ = {isa = PBXBuildFile; fileRef = DD06237C13B15BA500A4465F /* 02-redo.png */; };
		DD06237F13B15BA500A4465F /* 02-redo@2x.png in Resources */ = {isa = PBXBuildFile; fileRef = DD06237D13B15BA500A4465F /* 02-redo@2x.png */; };
		DD10C1D513A6D6C1007E191D /* NewsCell.m in Sources */ = {isa = PBXBuildFile; fileRef = DD10C1D413A6D6C1007E191D /* NewsCell.m */; };
		DD251BA513A496A800DBA93B /* Reachability.m in Sources */ = {isa = PBXBuildFile; fileRef = DD251BA413A496A800DBA93B /* Reachability.m */; };
		DD251BA813A4975D00DBA93B /* XMLParser.m in Sources */ = {isa = PBXBuildFile; fileRef = DD251BA713A4975D00DBA93B /* XMLParser.m */; };
		DD251BAB13A497F300DBA93B /* Item.m in Sources */ = {isa = PBXBuildFile; fileRef = DD251BAA13A497F200DBA93B /* Item.m */; };
		DD251BC913A4F05800DBA93B /* SystemConfiguration.framework in Frameworks */ = {isa = PBXBuildFile; fileRef = DD251BC813A4F05800DBA93B /* SystemConfiguration.framework */; };
		DD37745313B41E6D00398228 /* FavrController.m in Sources */ = {isa = PBXBuildFile; fileRef = DD37745113B41E6D00398228 /* FavrController.m */; };
		DD37745413B41E6D00398228 /* FavrController.xib in Resources */ = {isa = PBXBuildFile; fileRef = DD37745213B41E6D00398228 /* FavrController.xib */; };
		DDC99BE413AD8EB800958DF2 /* top-logo-sample.png in Resources */ = {isa = PBXBuildFile; fileRef = DDC99BE213AD8EB800958DF2 /* top-logo-sample.png */; };
		DDC99BED13AD956600958DF2 /* top-logo-sample@2x.png in Resources */ = {isa = PBXBuildFile; fileRef = DDC99BEB13AD956600958DF2 /* top-logo-sample@2x.png */; };
		DDC99BF313AD993E00958DF2 /* Default.png in Resources */ = {isa = PBXBuildFile; fileRef = DDC99BF213AD993E00958DF2 /* Default.png */; };
		DDC99BF513AD994F00958DF2 /* Default@2x.png in Resources */ = {isa = PBXBuildFile; fileRef = DDC99BF413AD994F00958DF2 /* Default@2x.png */; };
		DDC99BF913AD9D3E00958DF2 /* TopNewsCell.m in Sources */ = {isa = PBXBuildFile; fileRef = DDC99BF713AD9D3E00958DF2 /* TopNewsCell.m */; };
		DDC99BFA13AD9D3E00958DF2 /* TopNewsCell.xib in Resources */ = {isa = PBXBuildFile; fileRef = DDC99BF813AD9D3E00958DF2 /* TopNewsCell.xib */; };
		DDD0386813ADBD6B00BD246B /* DelimNewsCell.m in Sources */ = {isa = PBXBuildFile; fileRef = DDD0386613ADBD6B00BD246B /* DelimNewsCell.m */; };
		DDD0386913ADBD6B00BD246B /* DelimNewsCell.xib in Resources */ = {isa = PBXBuildFile; fileRef = DDD0386713ADBD6B00BD246B /* DelimNewsCell.xib */; };
		DDD0389E13ADD2A500BD246B /* QAController.m in Sources */ = {isa = PBXBuildFile; fileRef = DDD0389C13ADD2A500BD246B /* QAController.m */; };
		DDD0389F13ADD2A500BD246B /* QAController.xib in Resources */ = {isa = PBXBuildFile; fileRef = DDD0389D13ADD2A500BD246B /* QAController.xib */; };
		DDD038A313ADDBBD00BD246B /* QACell.m in Sources */ = {isa = PBXBuildFile; fileRef = DDD038A113ADDBBC00BD246B /* QACell.m */; };
		DDD038A413ADDBBD00BD246B /* QACell.xib in Resources */ = {isa = PBXBuildFile; fileRef = DDD038A213ADDBBC00BD246B /* QACell.xib */; };
		DDED16AF13A3290D003E523C /* UIKit.framework in Frameworks */ = {isa = PBXBuildFile; fileRef = DDED16AE13A3290D003E523C /* UIKit.framework */; };
		DDED16B113A3290D003E523C /* Foundation.framework in Frameworks */ = {isa = PBXBuildFile; fileRef = DDED16B013A3290D003E523C /* Foundation.framework */; };
		DDED16B313A3290D003E523C /* CoreGraphics.framework in Frameworks */ = {isa = PBXBuildFile; fileRef = DDED16B213A3290D003E523C /* CoreGraphics.framework */; };
		DDED16B913A3290D003E523C /* InfoPlist.strings in Resources */ = {isa = PBXBuildFile; fileRef = DDED16B713A3290D003E523C /* InfoPlist.strings */; };
		DDED16BC13A3290D003E523C /* main.m in Sources */ = {isa = PBXBuildFile; fileRef = DDED16BB13A3290D003E523C /* main.m */; };
		DDED16BF13A3290D003E523C /* iBuhAppDelegate.m in Sources */ = {isa = PBXBuildFile; fileRef = DDED16BE13A3290D003E523C /* iBuhAppDelegate.m */; };
		DDED16C213A3290D003E523C /* MainWindow.xib in Resources */ = {isa = PBXBuildFile; fileRef = DDED16C013A3290D003E523C /* MainWindow.xib */; };
		DDED16D513A3290E003E523C /* UIKit.framework in Frameworks */ = {isa = PBXBuildFile; fileRef = DDED16AE13A3290D003E523C /* UIKit.framework */; };
		DDED16D613A3290E003E523C /* Foundation.framework in Frameworks */ = {isa = PBXBuildFile; fileRef = DDED16B013A3290D003E523C /* Foundation.framework */; };
		DDED16D713A3290E003E523C /* CoreGraphics.framework in Frameworks */ = {isa = PBXBuildFile; fileRef = DDED16B213A3290D003E523C /* CoreGraphics.framework */; };
		DDED16DF13A3290E003E523C /* InfoPlist.strings in Resources */ = {isa = PBXBuildFile; fileRef = DDED16DD13A3290E003E523C /* InfoPlist.strings */; };
		DDED16E213A3290E003E523C /* iBuhTests.h in Resources */ = {isa = PBXBuildFile; fileRef = DDED16E113A3290E003E523C /* iBuhTests.h */; };
		DDED16E413A3290E003E523C /* iBuhTests.m in Sources */ = {isa = PBXBuildFile; fileRef = DDED16E313A3290E003E523C /* iBuhTests.m */; };
		DDED16F713A45835003E523C /* Common.m in Sources */ = {isa = PBXBuildFile; fileRef = DDED16F613A45835003E523C /* Common.m */; };
		DDED177D13A48363003E523C /* NewsController.m in Sources */ = {isa = PBXBuildFile; fileRef = DDED177B13A48362003E523C /* NewsController.m */; };
		DDED177E13A48363003E523C /* NewsController.xib in Resources */ = {isa = PBXBuildFile; fileRef = DDED177C13A48363003E523C /* NewsController.xib */; };
		DDF909E813B95C3E003FC2B5 /* MGTwitterEngine.m in Sources */ = {isa = PBXBuildFile; fileRef = DDF909C313B95C3E003FC2B5 /* MGTwitterEngine.m */; };
		DDF909E913B95C3E003FC2B5 /* MGTwitterHTTPURLConnection.m in Sources */ = {isa = PBXBuildFile; fileRef = DDF909C713B95C3E003FC2B5 /* MGTwitterHTTPURLConnection.m */; };
		DDF909EA13B95C3E003FC2B5 /* MGTwitterLibXMLParser.m in Sources */ = {isa = PBXBuildFile; fileRef = DDF909C913B95C3E003FC2B5 /* MGTwitterLibXMLParser.m */; };
		DDF909EB13B95C3E003FC2B5 /* MGTwitterMessagesLibXMLParser.m in Sources */ = {isa = PBXBuildFile; fileRef = DDF909CB13B95C3E003FC2B5 /* MGTwitterMessagesLibXMLParser.m */; };
		DDF909EC13B95C3E003FC2B5 /* MGTwitterMessagesParser.m in Sources */ = {isa = PBXBuildFile; fileRef = DDF909CD13B95C3E003FC2B5 /* MGTwitterMessagesParser.m */; };
		DDF909ED13B95C3E003FC2B5 /* MGTwitterMiscLibXMLParser.m in Sources */ = {isa = PBXBuildFile; fileRef = DDF909CF13B95C3E003FC2B5 /* MGTwitterMiscLibXMLParser.m */; };
		DDF909EE13B95C3E003FC2B5 /* MGTwitterMiscParser.m in Sources */ = {isa = PBXBuildFile; fileRef = DDF909D113B95C3E003FC2B5 /* MGTwitterMiscParser.m */; };
		DDF909EF13B95C3E003FC2B5 /* MGTwitterStatusesLibXMLParser.m in Sources */ = {isa = PBXBuildFile; fileRef = DDF909D513B95C3E003FC2B5 /* MGTwitterStatusesLibXMLParser.m */; };
		DDF909F013B95C3E003FC2B5 /* MGTwitterStatusesParser.m in Sources */ = {isa = PBXBuildFile; fileRef = DDF909D713B95C3E003FC2B5 /* MGTwitterStatusesParser.m */; };
		DDF909F113B95C3E003FC2B5 /* MGTwitterUsersLibXMLParser.m in Sources */ = {isa = PBXBuildFile; fileRef = DDF909D913B95C3E003FC2B5 /* MGTwitterUsersLibXMLParser.m */; };
		DDF909F213B95C3E003FC2B5 /* MGTwitterUsersParser.m in Sources */ = {isa = PBXBuildFile; fileRef = DDF909DB13B95C3E003FC2B5 /* MGTwitterUsersParser.m */; };
		DDF909F313B95C3E003FC2B5 /* MGTwitterXMLParser.m in Sources */ = {isa = PBXBuildFile; fileRef = DDF909DD13B95C3E003FC2B5 /* MGTwitterXMLParser.m */; };
		DDF909F413B95C3E003FC2B5 /* NSData+Base64.m in Sources */ = {isa = PBXBuildFile; fileRef = DDF909DF13B95C3E003FC2B5 /* NSData+Base64.m */; };
		DDF909F513B95C3E003FC2B5 /* NSString+UUID.m in Sources */ = {isa = PBXBuildFile; fileRef = DDF909E113B95C3E003FC2B5 /* NSString+UUID.m */; };
		DDF909F613B95C3E003FC2B5 /* libOAuth.a in Frameworks */ = {isa = PBXBuildFile; fileRef = DDF909E313B95C3E003FC2B5 /* libOAuth.a */; };
		DDF909F713B95C3E003FC2B5 /* SA_OAuthTwitterController.m in Sources */ = {isa = PBXBuildFile; fileRef = DDF909E513B95C3E003FC2B5 /* SA_OAuthTwitterController.m */; };
		DDF909F813B95C3E003FC2B5 /* SA_OAuthTwitterEngine.m in Sources */ = {isa = PBXBuildFile; fileRef = DDF909E713B95C3E003FC2B5 /* SA_OAuthTwitterEngine.m */; };
/* End PBXBuildFile section */

/* Begin PBXContainerItemProxy section */
		8C9E203413BC8E7E001AA2C1 /* PBXContainerItemProxy */ = {
			isa = PBXContainerItemProxy;
			containerPortal = 8C9E200913BC8E7E001AA2C1 /* facebook-ios-sdk.xcodeproj */;
			proxyType = 2;
			remoteGlobalIDString = D2AAC07E0554694100DB518D;
			remoteInfo = "facebook-ios-sdk";
		};
		DDED16D813A3290E003E523C /* PBXContainerItemProxy */ = {
			isa = PBXContainerItemProxy;
			containerPortal = DDED16A113A3290C003E523C /* Project object */;
			proxyType = 1;
			remoteGlobalIDString = DDED16A913A3290D003E523C;
			remoteInfo = iBuh;
		};
/* End PBXContainerItemProxy section */

/* Begin PBXFileReference section */
		8C87437F13A76A2E00588B05 /* NewsDetailController.h */ = {isa = PBXFileReference; fileEncoding = 4; lastKnownFileType = sourcecode.c.h; path = NewsDetailController.h; sourceTree = "<group>"; };
		8C87438013A76A2E00588B05 /* NewsDetailController.m */ = {isa = PBXFileReference; fileEncoding = 4; lastKnownFileType = sourcecode.c.objc; path = NewsDetailController.m; sourceTree = "<group>"; };
		8C87438113A76A2E00588B05 /* NewsDetailController.xib */ = {isa = PBXFileReference; fileEncoding = 4; lastKnownFileType = file.xib; path = NewsDetailController.xib; sourceTree = "<group>"; };
		8C92547E13AF53AF00374063 /* SendQController.h */ = {isa = PBXFileReference; fileEncoding = 4; lastKnownFileType = sourcecode.c.h; path = SendQController.h; sourceTree = "<group>"; };
		8C92547F13AF53AF00374063 /* SendQController.m */ = {isa = PBXFileReference; fileEncoding = 4; lastKnownFileType = sourcecode.c.objc; path = SendQController.m; sourceTree = "<group>"; };
		8C92548013AF53AF00374063 /* SendQController.xib */ = {isa = PBXFileReference; fileEncoding = 4; lastKnownFileType = file.xib; path = SendQController.xib; sourceTree = "<group>"; };
		8C94808E13B303DD0085A268 /* share.png */ = {isa = PBXFileReference; lastKnownFileType = image.png; path = share.png; sourceTree = "<group>"; };
		8C94808F13B303DD0085A268 /* share@2x.png */ = {isa = PBXFileReference; lastKnownFileType = image.png; path = "share@2x.png"; sourceTree = "<group>"; };
		8C94809313B303EE0085A268 /* word-big.png */ = {isa = PBXFileReference; lastKnownFileType = image.png; path = "word-big.png"; sourceTree = "<group>"; };
		8C94809413B303EE0085A268 /* word-big@2x.png */ = {isa = PBXFileReference; lastKnownFileType = image.png; path = "word-big@2x.png"; sourceTree = "<group>"; };
		8C94809513B303EE0085A268 /* word.png */ = {isa = PBXFileReference; lastKnownFileType = image.png; path = word.png; sourceTree = "<group>"; };
		8C94809613B303EE0085A268 /* word@2x.png */ = {isa = PBXFileReference; lastKnownFileType = image.png; path = "word@2x.png"; sourceTree = "<group>"; };
		8C95F19213B34D6900B1F5F4 /* favourites.plist */ = {isa = PBXFileReference; fileEncoding = 4; lastKnownFileType = text.plist.xml; path = favourites.plist; sourceTree = "<group>"; };
		8C9784BE13B9CC4800B818EC /* MessageUI.framework */ = {isa = PBXFileReference; lastKnownFileType = wrapper.framework; name = MessageUI.framework; path = System/Library/Frameworks/MessageUI.framework; sourceTree = SDKROOT; };
		8C9A8B6B13B461C000DDD2D2 /* PodController.h */ = {isa = PBXFileReference; fileEncoding = 4; lastKnownFileType = sourcecode.c.h; path = PodController.h; sourceTree = "<group>"; };
		8C9A8B6C13B461C000DDD2D2 /* PodController.m */ = {isa = PBXFileReference; fileEncoding = 4; lastKnownFileType = sourcecode.c.objc; path = PodController.m; sourceTree = "<group>"; };
		8C9A8B6D13B461C000DDD2D2 /* PodController.xib */ = {isa = PBXFileReference; fileEncoding = 4; lastKnownFileType = file.xib; path = PodController.xib; sourceTree = "<group>"; };
		8C9AAC7213AF3F6B00B759CF /* login-screen-ok.png */ = {isa = PBXFileReference; lastKnownFileType = image.png; path = "login-screen-ok.png"; sourceTree = "<group>"; };
		8C9AAC7313AF3F6B00B759CF /* login-screen-ok@2x.png */ = {isa = PBXFileReference; lastKnownFileType = image.png; path = "login-screen-ok@2x.png"; sourceTree = "<group>"; };
		8C9AEA8213B999060079E2D4 /* libxml2.2.7.3.dylib */ = {isa = PBXFileReference; lastKnownFileType = "compiled.mach-o.dylib"; name = libxml2.2.7.3.dylib; path = usr/lib/libxml2.2.7.3.dylib; sourceTree = SDKROOT; };
		8C9AEA9113B9AA710079E2D4 /* iCodeOauthViewController.h */ = {isa = PBXFileReference; fileEncoding = 4; lastKnownFileType = sourcecode.c.h; path = iCodeOauthViewController.h; sourceTree = "<group>"; };
		8C9AEA9213B9AA710079E2D4 /* iCodeOauthViewController.m */ = {isa = PBXFileReference; fileEncoding = 4; lastKnownFileType = sourcecode.c.objc; path = iCodeOauthViewController.m; sourceTree = "<group>"; };
		8C9AEA9413B9AAFB0079E2D4 /* iCodeOauthViewController.xib */ = {isa = PBXFileReference; fileEncoding = 4; lastKnownFileType = file.xib; path = iCodeOauthViewController.xib; sourceTree = "<group>"; };
		8C9AEA9613B9AC2B0079E2D4 /* Tweet.h */ = {isa = PBXFileReference; fileEncoding = 4; lastKnownFileType = sourcecode.c.h; path = Tweet.h; sourceTree = "<group>"; };
		8C9AEA9713B9AC2C0079E2D4 /* Tweet.m */ = {isa = PBXFileReference; fileEncoding = 4; lastKnownFileType = sourcecode.c.objc; path = Tweet.m; sourceTree = "<group>"; };
		8C9D0DB513AF6A4A009A8D20 /* 09-chat-2.png */ = {isa = PBXFileReference; lastKnownFileType = image.png; path = "09-chat-2.png"; sourceTree = "<group>"; };
		8C9D0DB713AF6A4A009A8D20 /* 19-gear.png */ = {isa = PBXFileReference; lastKnownFileType = image.png; path = "19-gear.png"; sourceTree = "<group>"; };
		8C9D0DB913AF6A4A009A8D20 /* 28-star.png */ = {isa = PBXFileReference; lastKnownFileType = image.png; path = "28-star.png"; sourceTree = "<group>"; };
		8C9E200913BC8E7E001AA2C1 /* facebook-ios-sdk.xcodeproj */ = {isa = PBXFileReference; lastKnownFileType = "wrapper.pb-project"; path = "facebook-ios-sdk.xcodeproj"; sourceTree = "<group>"; };
		8C9E200C13BC8E7E001AA2C1 /* Facebook.h */ = {isa = PBXFileReference; fileEncoding = 4; lastKnownFileType = sourcecode.c.h; path = Facebook.h; sourceTree = "<group>"; };
		8C9E200D13BC8E7E001AA2C1 /* Facebook.m */ = {isa = PBXFileReference; fileEncoding = 4; lastKnownFileType = sourcecode.c.objc; path = Facebook.m; sourceTree = "<group>"; };
		8C9E200E13BC8E7E001AA2C1 /* facebook_ios_sdk_Prefix.pch */ = {isa = PBXFileReference; fileEncoding = 4; lastKnownFileType = sourcecode.c.h; path = facebook_ios_sdk_Prefix.pch; sourceTree = "<group>"; };
		8C9E200F13BC8E7E001AA2C1 /* FBConnect.h */ = {isa = PBXFileReference; fileEncoding = 4; lastKnownFileType = sourcecode.c.h; path = FBConnect.h; sourceTree = "<group>"; };
		8C9E201013BC8E7E001AA2C1 /* FBDialog.bundle */ = {isa = PBXFileReference; lastKnownFileType = "wrapper.plug-in"; path = FBDialog.bundle; sourceTree = "<group>"; };
		8C9E201113BC8E7E001AA2C1 /* FBDialog.h */ = {isa = PBXFileReference; fileEncoding = 4; lastKnownFileType = sourcecode.c.h; path = FBDialog.h; sourceTree = "<group>"; };
		8C9E201213BC8E7E001AA2C1 /* FBDialog.m */ = {isa = PBXFileReference; fileEncoding = 4; lastKnownFileType = sourcecode.c.objc; path = FBDialog.m; sourceTree = "<group>"; };
		8C9E201313BC8E7E001AA2C1 /* FBLoginDialog.h */ = {isa = PBXFileReference; fileEncoding = 4; lastKnownFileType = sourcecode.c.h; path = FBLoginDialog.h; sourceTree = "<group>"; };
		8C9E201413BC8E7E001AA2C1 /* FBLoginDialog.m */ = {isa = PBXFileReference; fileEncoding = 4; lastKnownFileType = sourcecode.c.objc; path = FBLoginDialog.m; sourceTree = "<group>"; };
		8C9E201513BC8E7E001AA2C1 /* FBRequest.h */ = {isa = PBXFileReference; fileEncoding = 4; lastKnownFileType = sourcecode.c.h; path = FBRequest.h; sourceTree = "<group>"; };
		8C9E201613BC8E7E001AA2C1 /* FBRequest.m */ = {isa = PBXFileReference; fileEncoding = 4; lastKnownFileType = sourcecode.c.objc; path = FBRequest.m; sourceTree = "<group>"; };
		8C9E201813BC8E7E001AA2C1 /* JSON.h */ = {isa = PBXFileReference; fileEncoding = 4; lastKnownFileType = sourcecode.c.h; path = JSON.h; sourceTree = "<group>"; };
		8C9E201913BC8E7E001AA2C1 /* NSObject+SBJSON.h */ = {isa = PBXFileReference; fileEncoding = 4; lastKnownFileType = sourcecode.c.h; path = "NSObject+SBJSON.h"; sourceTree = "<group>"; };
		8C9E201A13BC8E7E001AA2C1 /* NSObject+SBJSON.m */ = {isa = PBXFileReference; fileEncoding = 4; lastKnownFileType = sourcecode.c.objc; path = "NSObject+SBJSON.m"; sourceTree = "<group>"; };
		8C9E201B13BC8E7E001AA2C1 /* NSString+SBJSON.h */ = {isa = PBXFileReference; fileEncoding = 4; lastKnownFileType = sourcecode.c.h; path = "NSString+SBJSON.h"; sourceTree = "<group>"; };
		8C9E201C13BC8E7E001AA2C1 /* NSString+SBJSON.m */ = {isa = PBXFileReference; fileEncoding = 4; lastKnownFileType = sourcecode.c.objc; path = "NSString+SBJSON.m"; sourceTree = "<group>"; };
		8C9E201D13BC8E7E001AA2C1 /* SBJSON.h */ = {isa = PBXFileReference; fileEncoding = 4; lastKnownFileType = sourcecode.c.h; path = SBJSON.h; sourceTree = "<group>"; };
		8C9E201E13BC8E7E001AA2C1 /* SBJSON.m */ = {isa = PBXFileReference; fileEncoding = 4; lastKnownFileType = sourcecode.c.objc; path = SBJSON.m; sourceTree = "<group>"; };
		8C9E201F13BC8E7E001AA2C1 /* SBJsonBase.h */ = {isa = PBXFileReference; fileEncoding = 4; lastKnownFileType = sourcecode.c.h; path = SBJsonBase.h; sourceTree = "<group>"; };
		8C9E202013BC8E7E001AA2C1 /* SBJsonBase.m */ = {isa = PBXFileReference; fileEncoding = 4; lastKnownFileType = sourcecode.c.objc; path = SBJsonBase.m; sourceTree = "<group>"; };
		8C9E202113BC8E7E001AA2C1 /* SBJsonParser.h */ = {isa = PBXFileReference; fileEncoding = 4; lastKnownFileType = sourcecode.c.h; path = SBJsonParser.h; sourceTree = "<group>"; };
		8C9E202213BC8E7E001AA2C1 /* SBJsonParser.m */ = {isa = PBXFileReference; fileEncoding = 4; lastKnownFileType = sourcecode.c.objc; path = SBJsonParser.m; sourceTree = "<group>"; };
		8C9E202313BC8E7E001AA2C1 /* SBJsonWriter.h */ = {isa = PBXFileReference; fileEncoding = 4; lastKnownFileType = sourcecode.c.h; path = SBJsonWriter.h; sourceTree = "<group>"; };
		8C9E202413BC8E7E001AA2C1 /* SBJsonWriter.m */ = {isa = PBXFileReference; fileEncoding = 4; lastKnownFileType = sourcecode.c.objc; path = SBJsonWriter.m; sourceTree = "<group>"; };
		8CDEB88C13AF0ADD00143F26 /* NewsCell.xib */ = {isa = PBXFileReference; fileEncoding = 4; lastKnownFileType = file.xib; path = NewsCell.xib; sourceTree = "<group>"; };
		DD06236E13B15B1D00A4465F /* 53-house.png */ = {isa = PBXFileReference; lastKnownFileType = image.png; path = "53-house.png"; sourceTree = "<group>"; };
		DD06236F13B15B1D00A4465F /* 53-house@2x.png */ = {isa = PBXFileReference; lastKnownFileType = image.png; path = "53-house@2x.png"; sourceTree = "<group>"; };
		DD06237213B15B3E00A4465F /* 09-chat-2@2x.png */ = {isa = PBXFileReference; lastKnownFileType = image.png; path = "09-chat-2@2x.png"; sourceTree = "<group>"; };
		DD06237313B15B3E00A4465F /* 19-gear@2x.png */ = {isa = PBXFileReference; lastKnownFileType = image.png; path = "19-gear@2x.png"; sourceTree = "<group>"; };
		DD06237413B15B3E00A4465F /* 28-star@2x.png */ = {isa = PBXFileReference; lastKnownFileType = image.png; path = "28-star@2x.png"; sourceTree = "<group>"; };
		DD06237813B15B6E00A4465F /* 65-note.png */ = {isa = PBXFileReference; lastKnownFileType = image.png; path = "65-note.png"; sourceTree = "<group>"; };
		DD06237913B15B6E00A4465F /* 65-note@2x.png */ = {isa = PBXFileReference; lastKnownFileType = image.png; path = "65-note@2x.png"; sourceTree = "<group>"; };
		DD06237C13B15BA500A4465F /* 02-redo.png */ = {isa = PBXFileReference; lastKnownFileType = image.png; path = "02-redo.png"; sourceTree = "<group>"; };
		DD06237D13B15BA500A4465F /* 02-redo@2x.png */ = {isa = PBXFileReference; lastKnownFileType = image.png; path = "02-redo@2x.png"; sourceTree = "<group>"; };
		DD10C1D313A6D6C1007E191D /* NewsCell.h */ = {isa = PBXFileReference; fileEncoding = 4; lastKnownFileType = sourcecode.c.h; path = NewsCell.h; sourceTree = "<group>"; };
		DD10C1D413A6D6C1007E191D /* NewsCell.m */ = {isa = PBXFileReference; fileEncoding = 4; lastKnownFileType = sourcecode.c.objc; path = NewsCell.m; sourceTree = "<group>"; };
		DD251BA313A496A800DBA93B /* Reachability.h */ = {isa = PBXFileReference; fileEncoding = 4; lastKnownFileType = sourcecode.c.h; path = Reachability.h; sourceTree = "<group>"; };
		DD251BA413A496A800DBA93B /* Reachability.m */ = {isa = PBXFileReference; fileEncoding = 4; lastKnownFileType = sourcecode.c.objc; path = Reachability.m; sourceTree = "<group>"; };
		DD251BA613A4975D00DBA93B /* XMLParser.h */ = {isa = PBXFileReference; fileEncoding = 4; lastKnownFileType = sourcecode.c.h; path = XMLParser.h; sourceTree = "<group>"; };
		DD251BA713A4975D00DBA93B /* XMLParser.m */ = {isa = PBXFileReference; fileEncoding = 4; lastKnownFileType = sourcecode.c.objc; path = XMLParser.m; sourceTree = "<group>"; };
		DD251BA913A497F200DBA93B /* Item.h */ = {isa = PBXFileReference; fileEncoding = 4; lastKnownFileType = sourcecode.c.h; path = Item.h; sourceTree = "<group>"; };
		DD251BAA13A497F200DBA93B /* Item.m */ = {isa = PBXFileReference; fileEncoding = 4; lastKnownFileType = sourcecode.c.objc; path = Item.m; sourceTree = "<group>"; };
		DD251BC813A4F05800DBA93B /* SystemConfiguration.framework */ = {isa = PBXFileReference; lastKnownFileType = wrapper.framework; name = SystemConfiguration.framework; path = System/Library/Frameworks/SystemConfiguration.framework; sourceTree = SDKROOT; };
		DD37745013B41E6D00398228 /* FavrController.h */ = {isa = PBXFileReference; fileEncoding = 4; lastKnownFileType = sourcecode.c.h; path = FavrController.h; sourceTree = "<group>"; };
		DD37745113B41E6D00398228 /* FavrController.m */ = {isa = PBXFileReference; fileEncoding = 4; lastKnownFileType = sourcecode.c.objc; path = FavrController.m; sourceTree = "<group>"; };
		DD37745213B41E6D00398228 /* FavrController.xib */ = {isa = PBXFileReference; fileEncoding = 4; lastKnownFileType = file.xib; path = FavrController.xib; sourceTree = "<group>"; };
		DDC99BE213AD8EB800958DF2 /* top-logo-sample.png */ = {isa = PBXFileReference; lastKnownFileType = image.png; path = "top-logo-sample.png"; sourceTree = "<group>"; };
		DDC99BEB13AD956600958DF2 /* top-logo-sample@2x.png */ = {isa = PBXFileReference; lastKnownFileType = image.png; path = "top-logo-sample@2x.png"; sourceTree = "<group>"; };
		DDC99BF213AD993E00958DF2 /* Default.png */ = {isa = PBXFileReference; lastKnownFileType = image.png; name = Default.png; path = ../Default.png; sourceTree = "<group>"; };
		DDC99BF413AD994F00958DF2 /* Default@2x.png */ = {isa = PBXFileReference; lastKnownFileType = image.png; name = "Default@2x.png"; path = "../Default@2x.png"; sourceTree = "<group>"; };
		DDC99BF613AD9D3E00958DF2 /* TopNewsCell.h */ = {isa = PBXFileReference; fileEncoding = 4; lastKnownFileType = sourcecode.c.h; path = TopNewsCell.h; sourceTree = "<group>"; };
		DDC99BF713AD9D3E00958DF2 /* TopNewsCell.m */ = {isa = PBXFileReference; fileEncoding = 4; lastKnownFileType = sourcecode.c.objc; path = TopNewsCell.m; sourceTree = "<group>"; };
		DDC99BF813AD9D3E00958DF2 /* TopNewsCell.xib */ = {isa = PBXFileReference; fileEncoding = 4; lastKnownFileType = file.xib; path = TopNewsCell.xib; sourceTree = "<group>"; };
		DDD0386513ADBD6B00BD246B /* DelimNewsCell.h */ = {isa = PBXFileReference; fileEncoding = 4; lastKnownFileType = sourcecode.c.h; path = DelimNewsCell.h; sourceTree = "<group>"; };
		DDD0386613ADBD6B00BD246B /* DelimNewsCell.m */ = {isa = PBXFileReference; fileEncoding = 4; lastKnownFileType = sourcecode.c.objc; path = DelimNewsCell.m; sourceTree = "<group>"; };
		DDD0386713ADBD6B00BD246B /* DelimNewsCell.xib */ = {isa = PBXFileReference; fileEncoding = 4; lastKnownFileType = file.xib; path = DelimNewsCell.xib; sourceTree = "<group>"; };
		DDD0389B13ADD2A400BD246B /* QAController.h */ = {isa = PBXFileReference; fileEncoding = 4; lastKnownFileType = sourcecode.c.h; path = QAController.h; sourceTree = "<group>"; };
		DDD0389C13ADD2A500BD246B /* QAController.m */ = {isa = PBXFileReference; fileEncoding = 4; lastKnownFileType = sourcecode.c.objc; path = QAController.m; sourceTree = "<group>"; };
		DDD0389D13ADD2A500BD246B /* QAController.xib */ = {isa = PBXFileReference; fileEncoding = 4; lastKnownFileType = file.xib; path = QAController.xib; sourceTree = "<group>"; };
		DDD038A013ADDBBB00BD246B /* QACell.h */ = {isa = PBXFileReference; fileEncoding = 4; lastKnownFileType = sourcecode.c.h; path = QACell.h; sourceTree = "<group>"; };
		DDD038A113ADDBBC00BD246B /* QACell.m */ = {isa = PBXFileReference; fileEncoding = 4; lastKnownFileType = sourcecode.c.objc; path = QACell.m; sourceTree = "<group>"; };
		DDD038A213ADDBBC00BD246B /* QACell.xib */ = {isa = PBXFileReference; fileEncoding = 4; lastKnownFileType = file.xib; path = QACell.xib; sourceTree = "<group>"; };
		DDED16AA13A3290D003E523C /* iБухгалтерия.app */ = {isa = PBXFileReference; explicitFileType = wrapper.application; includeInIndex = 0; path = "iБухгалтерия.app"; sourceTree = BUILT_PRODUCTS_DIR; };
		DDED16AE13A3290D003E523C /* UIKit.framework */ = {isa = PBXFileReference; lastKnownFileType = wrapper.framework; name = UIKit.framework; path = System/Library/Frameworks/UIKit.framework; sourceTree = SDKROOT; };
		DDED16B013A3290D003E523C /* Foundation.framework */ = {isa = PBXFileReference; lastKnownFileType = wrapper.framework; name = Foundation.framework; path = System/Library/Frameworks/Foundation.framework; sourceTree = SDKROOT; };
		DDED16B213A3290D003E523C /* CoreGraphics.framework */ = {isa = PBXFileReference; lastKnownFileType = wrapper.framework; name = CoreGraphics.framework; path = System/Library/Frameworks/CoreGraphics.framework; sourceTree = SDKROOT; };
		DDED16B613A3290D003E523C /* iБухгалтерия-Info.plist */ = {isa = PBXFileReference; lastKnownFileType = text.plist.xml; path = "iБухгалтерия-Info.plist"; sourceTree = "<group>"; };
		DDED16B813A3290D003E523C /* en */ = {isa = PBXFileReference; lastKnownFileType = text.plist.strings; name = en; path = en.lproj/InfoPlist.strings; sourceTree = "<group>"; };
		DDED16BA13A3290D003E523C /* iБухгалтерия-Prefix.pch */ = {isa = PBXFileReference; lastKnownFileType = sourcecode.c.h; path = "iБухгалтерия-Prefix.pch"; sourceTree = "<group>"; };
		DDED16BB13A3290D003E523C /* main.m */ = {isa = PBXFileReference; lastKnownFileType = sourcecode.c.objc; path = main.m; sourceTree = "<group>"; };
		DDED16BD13A3290D003E523C /* iBuhAppDelegate.h */ = {isa = PBXFileReference; lastKnownFileType = sourcecode.c.h; path = iBuhAppDelegate.h; sourceTree = "<group>"; };
		DDED16BE13A3290D003E523C /* iBuhAppDelegate.m */ = {isa = PBXFileReference; lastKnownFileType = sourcecode.c.objc; path = iBuhAppDelegate.m; sourceTree = "<group>"; };
		DDED16C113A3290D003E523C /* en */ = {isa = PBXFileReference; lastKnownFileType = file.xib; name = en; path = en.lproj/MainWindow.xib; sourceTree = "<group>"; };
		DDED16D413A3290E003E523C /* iБухгалтерияTests.octest */ = {isa = PBXFileReference; explicitFileType = wrapper.cfbundle; includeInIndex = 0; path = "iБухгалтерияTests.octest"; sourceTree = BUILT_PRODUCTS_DIR; };
		DDED16DC13A3290E003E523C /* iБухгалтерияTests-Info.plist */ = {isa = PBXFileReference; lastKnownFileType = text.plist.xml; path = "iБухгалтерияTests-Info.plist"; sourceTree = "<group>"; };
		DDED16DE13A3290E003E523C /* en */ = {isa = PBXFileReference; lastKnownFileType = text.plist.strings; name = en; path = en.lproj/InfoPlist.strings; sourceTree = "<group>"; };
		DDED16E013A3290E003E523C /* iБухгалтерияTests-Prefix.pch */ = {isa = PBXFileReference; lastKnownFileType = sourcecode.c.h; path = "iБухгалтерияTests-Prefix.pch"; sourceTree = "<group>"; };
		DDED16E113A3290E003E523C /* iBuhTests.h */ = {isa = PBXFileReference; lastKnownFileType = sourcecode.c.h; path = iBuhTests.h; sourceTree = "<group>"; };
		DDED16E313A3290E003E523C /* iBuhTests.m */ = {isa = PBXFileReference; lastKnownFileType = sourcecode.c.objc; path = iBuhTests.m; sourceTree = "<group>"; };
		DDED16F513A45835003E523C /* Common.h */ = {isa = PBXFileReference; fileEncoding = 4; lastKnownFileType = sourcecode.c.h; path = Common.h; sourceTree = "<group>"; };
		DDED16F613A45835003E523C /* Common.m */ = {isa = PBXFileReference; fileEncoding = 4; lastKnownFileType = sourcecode.c.objc; path = Common.m; sourceTree = "<group>"; };
		DDED177A13A48362003E523C /* NewsController.h */ = {isa = PBXFileReference; fileEncoding = 4; lastKnownFileType = sourcecode.c.h; path = NewsController.h; sourceTree = "<group>"; };
		DDED177B13A48362003E523C /* NewsController.m */ = {isa = PBXFileReference; fileEncoding = 4; lastKnownFileType = sourcecode.c.objc; path = NewsController.m; sourceTree = "<group>"; };
		DDED177C13A48363003E523C /* NewsController.xib */ = {isa = PBXFileReference; fileEncoding = 4; lastKnownFileType = file.xib; path = NewsController.xib; sourceTree = "<group>"; };
		DDF909B213B95C3E003FC2B5 /* NSMutableURLRequest+Parameters.h */ = {isa = PBXFileReference; fileEncoding = 4; lastKnownFileType = sourcecode.c.h; path = "NSMutableURLRequest+Parameters.h"; sourceTree = "<group>"; };
		DDF909B313B95C3E003FC2B5 /* NSString+URLEncoding.h */ = {isa = PBXFileReference; fileEncoding = 4; lastKnownFileType = sourcecode.c.h; path = "NSString+URLEncoding.h"; sourceTree = "<group>"; };
		DDF909B413B95C3E003FC2B5 /* NSURL+Base.h */ = {isa = PBXFileReference; fileEncoding = 4; lastKnownFileType = sourcecode.c.h; path = "NSURL+Base.h"; sourceTree = "<group>"; };
		DDF909B513B95C3E003FC2B5 /* OAAsynchronousDataFetcher.h */ = {isa = PBXFileReference; fileEncoding = 4; lastKnownFileType = sourcecode.c.h; path = OAAsynchronousDataFetcher.h; sourceTree = "<group>"; };
		DDF909B613B95C3E003FC2B5 /* OAConsumer.h */ = {isa = PBXFileReference; fileEncoding = 4; lastKnownFileType = sourcecode.c.h; path = OAConsumer.h; sourceTree = "<group>"; };
		DDF909B713B95C3E003FC2B5 /* OADataFetcher.h */ = {isa = PBXFileReference; fileEncoding = 4; lastKnownFileType = sourcecode.c.h; path = OADataFetcher.h; sourceTree = "<group>"; };
		DDF909B813B95C3E003FC2B5 /* OAHMAC_SHA1SignatureProvider.h */ = {isa = PBXFileReference; fileEncoding = 4; lastKnownFileType = sourcecode.c.h; path = OAHMAC_SHA1SignatureProvider.h; sourceTree = "<group>"; };
		DDF909B913B95C3E003FC2B5 /* OAMutableURLRequest.h */ = {isa = PBXFileReference; fileEncoding = 4; lastKnownFileType = sourcecode.c.h; path = OAMutableURLRequest.h; sourceTree = "<group>"; };
		DDF909BA13B95C3E003FC2B5 /* OAPlaintextSignatureProvider.h */ = {isa = PBXFileReference; fileEncoding = 4; lastKnownFileType = sourcecode.c.h; path = OAPlaintextSignatureProvider.h; sourceTree = "<group>"; };
		DDF909BB13B95C3E003FC2B5 /* OARequestParameter.h */ = {isa = PBXFileReference; fileEncoding = 4; lastKnownFileType = sourcecode.c.h; path = OARequestParameter.h; sourceTree = "<group>"; };
		DDF909BC13B95C3E003FC2B5 /* OAServiceTicket.h */ = {isa = PBXFileReference; fileEncoding = 4; lastKnownFileType = sourcecode.c.h; path = OAServiceTicket.h; sourceTree = "<group>"; };
		DDF909BD13B95C3E003FC2B5 /* OASignatureProviding.h */ = {isa = PBXFileReference; fileEncoding = 4; lastKnownFileType = sourcecode.c.h; path = OASignatureProviding.h; sourceTree = "<group>"; };
		DDF909BE13B95C3E003FC2B5 /* OAToken.h */ = {isa = PBXFileReference; fileEncoding = 4; lastKnownFileType = sourcecode.c.h; path = OAToken.h; sourceTree = "<group>"; };
		DDF909BF13B95C3E003FC2B5 /* OAToken_KeychainExtensions.h */ = {isa = PBXFileReference; fileEncoding = 4; lastKnownFileType = sourcecode.c.h; path = OAToken_KeychainExtensions.h; sourceTree = "<group>"; };
		DDF909C013B95C3E003FC2B5 /* OAuthConsumer.h */ = {isa = PBXFileReference; fileEncoding = 4; lastKnownFileType = sourcecode.c.h; path = OAuthConsumer.h; sourceTree = "<group>"; };
		DDF909C213B95C3E003FC2B5 /* MGTwitterEngine.h */ = {isa = PBXFileReference; fileEncoding = 4; lastKnownFileType = sourcecode.c.h; path = MGTwitterEngine.h; sourceTree = "<group>"; };
		DDF909C313B95C3E003FC2B5 /* MGTwitterEngine.m */ = {isa = PBXFileReference; fileEncoding = 4; lastKnownFileType = sourcecode.c.objc; path = MGTwitterEngine.m; sourceTree = "<group>"; };
		DDF909C413B95C3E003FC2B5 /* MGTwitterEngineDelegate.h */ = {isa = PBXFileReference; fileEncoding = 4; lastKnownFileType = sourcecode.c.h; path = MGTwitterEngineDelegate.h; sourceTree = "<group>"; };
		DDF909C513B95C3E003FC2B5 /* MGTwitterEngineGlobalHeader.h */ = {isa = PBXFileReference; fileEncoding = 4; lastKnownFileType = sourcecode.c.h; path = MGTwitterEngineGlobalHeader.h; sourceTree = "<group>"; };
		DDF909C613B95C3E003FC2B5 /* MGTwitterHTTPURLConnection.h */ = {isa = PBXFileReference; fileEncoding = 4; lastKnownFileType = sourcecode.c.h; path = MGTwitterHTTPURLConnection.h; sourceTree = "<group>"; };
		DDF909C713B95C3E003FC2B5 /* MGTwitterHTTPURLConnection.m */ = {isa = PBXFileReference; fileEncoding = 4; lastKnownFileType = sourcecode.c.objc; path = MGTwitterHTTPURLConnection.m; sourceTree = "<group>"; };
		DDF909C813B95C3E003FC2B5 /* MGTwitterLibXMLParser.h */ = {isa = PBXFileReference; fileEncoding = 4; lastKnownFileType = sourcecode.c.h; path = MGTwitterLibXMLParser.h; sourceTree = "<group>"; };
		DDF909C913B95C3E003FC2B5 /* MGTwitterLibXMLParser.m */ = {isa = PBXFileReference; fileEncoding = 4; lastKnownFileType = sourcecode.c.objc; path = MGTwitterLibXMLParser.m; sourceTree = "<group>"; };
		DDF909CA13B95C3E003FC2B5 /* MGTwitterMessagesLibXMLParser.h */ = {isa = PBXFileReference; fileEncoding = 4; lastKnownFileType = sourcecode.c.h; path = MGTwitterMessagesLibXMLParser.h; sourceTree = "<group>"; };
		DDF909CB13B95C3E003FC2B5 /* MGTwitterMessagesLibXMLParser.m */ = {isa = PBXFileReference; fileEncoding = 4; lastKnownFileType = sourcecode.c.objc; path = MGTwitterMessagesLibXMLParser.m; sourceTree = "<group>"; };
		DDF909CC13B95C3E003FC2B5 /* MGTwitterMessagesParser.h */ = {isa = PBXFileReference; fileEncoding = 4; lastKnownFileType = sourcecode.c.h; path = MGTwitterMessagesParser.h; sourceTree = "<group>"; };
		DDF909CD13B95C3E003FC2B5 /* MGTwitterMessagesParser.m */ = {isa = PBXFileReference; fileEncoding = 4; lastKnownFileType = sourcecode.c.objc; path = MGTwitterMessagesParser.m; sourceTree = "<group>"; };
		DDF909CE13B95C3E003FC2B5 /* MGTwitterMiscLibXMLParser.h */ = {isa = PBXFileReference; fileEncoding = 4; lastKnownFileType = sourcecode.c.h; path = MGTwitterMiscLibXMLParser.h; sourceTree = "<group>"; };
		DDF909CF13B95C3E003FC2B5 /* MGTwitterMiscLibXMLParser.m */ = {isa = PBXFileReference; fileEncoding = 4; lastKnownFileType = sourcecode.c.objc; path = MGTwitterMiscLibXMLParser.m; sourceTree = "<group>"; };
		DDF909D013B95C3E003FC2B5 /* MGTwitterMiscParser.h */ = {isa = PBXFileReference; fileEncoding = 4; lastKnownFileType = sourcecode.c.h; path = MGTwitterMiscParser.h; sourceTree = "<group>"; };
		DDF909D113B95C3E003FC2B5 /* MGTwitterMiscParser.m */ = {isa = PBXFileReference; fileEncoding = 4; lastKnownFileType = sourcecode.c.objc; path = MGTwitterMiscParser.m; sourceTree = "<group>"; };
		DDF909D213B95C3E003FC2B5 /* MGTwitterParserDelegate.h */ = {isa = PBXFileReference; fileEncoding = 4; lastKnownFileType = sourcecode.c.h; path = MGTwitterParserDelegate.h; sourceTree = "<group>"; };
		DDF909D313B95C3E003FC2B5 /* MGTwitterRequestTypes.h */ = {isa = PBXFileReference; fileEncoding = 4; lastKnownFileType = sourcecode.c.h; path = MGTwitterRequestTypes.h; sourceTree = "<group>"; };
		DDF909D413B95C3E003FC2B5 /* MGTwitterStatusesLibXMLParser.h */ = {isa = PBXFileReference; fileEncoding = 4; lastKnownFileType = sourcecode.c.h; path = MGTwitterStatusesLibXMLParser.h; sourceTree = "<group>"; };
		DDF909D513B95C3E003FC2B5 /* MGTwitterStatusesLibXMLParser.m */ = {isa = PBXFileReference; fileEncoding = 4; lastKnownFileType = sourcecode.c.objc; path = MGTwitterStatusesLibXMLParser.m; sourceTree = "<group>"; };
		DDF909D613B95C3E003FC2B5 /* MGTwitterStatusesParser.h */ = {isa = PBXFileReference; fileEncoding = 4; lastKnownFileType = sourcecode.c.h; path = MGTwitterStatusesParser.h; sourceTree = "<group>"; };
		DDF909D713B95C3E003FC2B5 /* MGTwitterStatusesParser.m */ = {isa = PBXFileReference; fileEncoding = 4; lastKnownFileType = sourcecode.c.objc; path = MGTwitterStatusesParser.m; sourceTree = "<group>"; };
		DDF909D813B95C3E003FC2B5 /* MGTwitterUsersLibXMLParser.h */ = {isa = PBXFileReference; fileEncoding = 4; lastKnownFileType = sourcecode.c.h; path = MGTwitterUsersLibXMLParser.h; sourceTree = "<group>"; };
		DDF909D913B95C3E003FC2B5 /* MGTwitterUsersLibXMLParser.m */ = {isa = PBXFileReference; fileEncoding = 4; lastKnownFileType = sourcecode.c.objc; path = MGTwitterUsersLibXMLParser.m; sourceTree = "<group>"; };
		DDF909DA13B95C3E003FC2B5 /* MGTwitterUsersParser.h */ = {isa = PBXFileReference; fileEncoding = 4; lastKnownFileType = sourcecode.c.h; path = MGTwitterUsersParser.h; sourceTree = "<group>"; };
		DDF909DB13B95C3E003FC2B5 /* MGTwitterUsersParser.m */ = {isa = PBXFileReference; fileEncoding = 4; lastKnownFileType = sourcecode.c.objc; path = MGTwitterUsersParser.m; sourceTree = "<group>"; };
		DDF909DC13B95C3E003FC2B5 /* MGTwitterXMLParser.h */ = {isa = PBXFileReference; fileEncoding = 4; lastKnownFileType = sourcecode.c.h; path = MGTwitterXMLParser.h; sourceTree = "<group>"; };
		DDF909DD13B95C3E003FC2B5 /* MGTwitterXMLParser.m */ = {isa = PBXFileReference; fileEncoding = 4; lastKnownFileType = sourcecode.c.objc; path = MGTwitterXMLParser.m; sourceTree = "<group>"; };
		DDF909DE13B95C3E003FC2B5 /* NSData+Base64.h */ = {isa = PBXFileReference; fileEncoding = 4; lastKnownFileType = sourcecode.c.h; path = "NSData+Base64.h"; sourceTree = "<group>"; };
		DDF909DF13B95C3E003FC2B5 /* NSData+Base64.m */ = {isa = PBXFileReference; fileEncoding = 4; lastKnownFileType = sourcecode.c.objc; path = "NSData+Base64.m"; sourceTree = "<group>"; };
		DDF909E013B95C3E003FC2B5 /* NSString+UUID.h */ = {isa = PBXFileReference; fileEncoding = 4; lastKnownFileType = sourcecode.c.h; path = "NSString+UUID.h"; sourceTree = "<group>"; };
		DDF909E113B95C3E003FC2B5 /* NSString+UUID.m */ = {isa = PBXFileReference; fileEncoding = 4; lastKnownFileType = sourcecode.c.objc; path = "NSString+UUID.m"; sourceTree = "<group>"; };
		DDF909E313B95C3E003FC2B5 /* libOAuth.a */ = {isa = PBXFileReference; lastKnownFileType = archive.ar; path = libOAuth.a; sourceTree = "<group>"; };
		DDF909E413B95C3E003FC2B5 /* SA_OAuthTwitterController.h */ = {isa = PBXFileReference; fileEncoding = 4; lastKnownFileType = sourcecode.c.h; path = SA_OAuthTwitterController.h; sourceTree = "<group>"; };
		DDF909E513B95C3E003FC2B5 /* SA_OAuthTwitterController.m */ = {isa = PBXFileReference; fileEncoding = 4; lastKnownFileType = sourcecode.c.objc; path = SA_OAuthTwitterController.m; sourceTree = "<group>"; };
		DDF909E613B95C3E003FC2B5 /* SA_OAuthTwitterEngine.h */ = {isa = PBXFileReference; fileEncoding = 4; lastKnownFileType = sourcecode.c.h; path = SA_OAuthTwitterEngine.h; sourceTree = "<group>"; };
		DDF909E713B95C3E003FC2B5 /* SA_OAuthTwitterEngine.m */ = {isa = PBXFileReference; fileEncoding = 4; lastKnownFileType = sourcecode.c.objc; path = SA_OAuthTwitterEngine.m; sourceTree = "<group>"; };
/* End PBXFileReference section */

/* Begin PBXFrameworksBuildPhase section */
		DDED16A713A3290D003E523C /* Frameworks */ = {
			isa = PBXFrameworksBuildPhase;
			buildActionMask = 2147483647;
			files = (
				8C9784BF13B9CC4800B818EC /* MessageUI.framework in Frameworks */,
				8C9AEA8313B999060079E2D4 /* libxml2.2.7.3.dylib in Frameworks */,
				DD251BC913A4F05800DBA93B /* SystemConfiguration.framework in Frameworks */,
				DDED16AF13A3290D003E523C /* UIKit.framework in Frameworks */,
				DDED16B113A3290D003E523C /* Foundation.framework in Frameworks */,
				DDED16B313A3290D003E523C /* CoreGraphics.framework in Frameworks */,
				DDF909F613B95C3E003FC2B5 /* libOAuth.a in Frameworks */,
			);
			runOnlyForDeploymentPostprocessing = 0;
		};
		DDED16D013A3290E003E523C /* Frameworks */ = {
			isa = PBXFrameworksBuildPhase;
			buildActionMask = 2147483647;
			files = (
				DDED16D513A3290E003E523C /* UIKit.framework in Frameworks */,
				DDED16D613A3290E003E523C /* Foundation.framework in Frameworks */,
				DDED16D713A3290E003E523C /* CoreGraphics.framework in Frameworks */,
			);
			runOnlyForDeploymentPostprocessing = 0;
		};
/* End PBXFrameworksBuildPhase section */

/* Begin PBXGroup section */
		8C9E200813BC8E7E001AA2C1 /* fb_src */ = {
			isa = PBXGroup;
			children = (
				8C9E200913BC8E7E001AA2C1 /* facebook-ios-sdk.xcodeproj */,
				8C9E200C13BC8E7E001AA2C1 /* Facebook.h */,
				8C9E200D13BC8E7E001AA2C1 /* Facebook.m */,
				8C9E200E13BC8E7E001AA2C1 /* facebook_ios_sdk_Prefix.pch */,
				8C9E200F13BC8E7E001AA2C1 /* FBConnect.h */,
				8C9E201013BC8E7E001AA2C1 /* FBDialog.bundle */,
				8C9E201113BC8E7E001AA2C1 /* FBDialog.h */,
				8C9E201213BC8E7E001AA2C1 /* FBDialog.m */,
				8C9E201313BC8E7E001AA2C1 /* FBLoginDialog.h */,
				8C9E201413BC8E7E001AA2C1 /* FBLoginDialog.m */,
				8C9E201513BC8E7E001AA2C1 /* FBRequest.h */,
				8C9E201613BC8E7E001AA2C1 /* FBRequest.m */,
				8C9E201713BC8E7E001AA2C1 /* JSON */,
			);
			name = fb_src;
			path = src;
			sourceTree = "<group>";
		};
		8C9E200A13BC8E7E001AA2C1 /* Products */ = {
			isa = PBXGroup;
			children = (
				8C9E203513BC8E7E001AA2C1 /* libfacebook_ios_sdk.a */,
			);
			name = Products;
			sourceTree = "<group>";
		};
		8C9E201713BC8E7E001AA2C1 /* JSON */ = {
			isa = PBXGroup;
			children = (
				8C9E201813BC8E7E001AA2C1 /* JSON.h */,
				8C9E201913BC8E7E001AA2C1 /* NSObject+SBJSON.h */,
				8C9E201A13BC8E7E001AA2C1 /* NSObject+SBJSON.m */,
				8C9E201B13BC8E7E001AA2C1 /* NSString+SBJSON.h */,
				8C9E201C13BC8E7E001AA2C1 /* NSString+SBJSON.m */,
				8C9E201D13BC8E7E001AA2C1 /* SBJSON.h */,
				8C9E201E13BC8E7E001AA2C1 /* SBJSON.m */,
				8C9E201F13BC8E7E001AA2C1 /* SBJsonBase.h */,
				8C9E202013BC8E7E001AA2C1 /* SBJsonBase.m */,
				8C9E202113BC8E7E001AA2C1 /* SBJsonParser.h */,
				8C9E202213BC8E7E001AA2C1 /* SBJsonParser.m */,
				8C9E202313BC8E7E001AA2C1 /* SBJsonWriter.h */,
				8C9E202413BC8E7E001AA2C1 /* SBJsonWriter.m */,
			);
			path = JSON;
			sourceTree = "<group>";
		};
		DDED169F13A3290C003E523C = {
			isa = PBXGroup;
			children = (
				8C9784BE13B9CC4800B818EC /* MessageUI.framework */,
				DD251BC813A4F05800DBA93B /* SystemConfiguration.framework */,
				DDED16B413A3290D003E523C /* iBuh */,
				DDED16DA13A3290E003E523C /* iBuhTests */,
				DDED16AD13A3290D003E523C /* Frameworks */,
				DDED16AB13A3290D003E523C /* Products */,
			);
			sourceTree = "<group>";
		};
		DDED16AB13A3290D003E523C /* Products */ = {
			isa = PBXGroup;
			children = (
				DDED16AA13A3290D003E523C /* iБухгалтерия.app */,
				DDED16D413A3290E003E523C /* iБухгалтерияTests.octest */,
			);
			name = Products;
			sourceTree = "<group>";
		};
		DDED16AD13A3290D003E523C /* Frameworks */ = {
			isa = PBXGroup;
			children = (
				8C9AEA8213B999060079E2D4 /* libxml2.2.7.3.dylib */,
				DDED16AE13A3290D003E523C /* UIKit.framework */,
				DDED16B013A3290D003E523C /* Foundation.framework */,
				DDED16B213A3290D003E523C /* CoreGraphics.framework */,
			);
			name = Frameworks;
			sourceTree = "<group>";
		};
		DDED16B413A3290D003E523C /* iBuh */ = {
			isa = PBXGroup;
			children = (
				8C9E200813BC8E7E001AA2C1 /* fb_src */,
				DDF909B013B95C3E003FC2B5 /* Libraries & Headers */,
				DDF909C113B95C3E003FC2B5 /* MGTwitterEngine */,
				DDF909E213B95C3E003FC2B5 /* SAOAuthTwitterEngine */,
				DDED16B513A3290D003E523C /* Supporting Files */,
				DDED16F813A45852003E523C /* Xibs */,
				DDED16ED13A45576003E523C /* Images */,
				DDED16F513A45835003E523C /* Common.h */,
				DDED16F613A45835003E523C /* Common.m */,
				DDED16BD13A3290D003E523C /* iBuhAppDelegate.h */,
				DDED16BE13A3290D003E523C /* iBuhAppDelegate.m */,
				DD251BA313A496A800DBA93B /* Reachability.h */,
				DD251BA413A496A800DBA93B /* Reachability.m */,
				DD251BA613A4975D00DBA93B /* XMLParser.h */,
				DD251BA713A4975D00DBA93B /* XMLParser.m */,
				DD251BA913A497F200DBA93B /* Item.h */,
				DD251BAA13A497F200DBA93B /* Item.m */,
				DDED177A13A48362003E523C /* NewsController.h */,
				DDED177B13A48362003E523C /* NewsController.m */,
				DDD0389B13ADD2A400BD246B /* QAController.h */,
				DDD0389C13ADD2A500BD246B /* QAController.m */,
				8C87437F13A76A2E00588B05 /* NewsDetailController.h */,
				8C87438013A76A2E00588B05 /* NewsDetailController.m */,
				DD10C1D313A6D6C1007E191D /* NewsCell.h */,
				DD10C1D413A6D6C1007E191D /* NewsCell.m */,
				DDC99BF613AD9D3E00958DF2 /* TopNewsCell.h */,
				DDC99BF713AD9D3E00958DF2 /* TopNewsCell.m */,
				DDD0386513ADBD6B00BD246B /* DelimNewsCell.h */,
				DDD0386613ADBD6B00BD246B /* DelimNewsCell.m */,
				DDD038A013ADDBBB00BD246B /* QACell.h */,
				DDD038A113ADDBBC00BD246B /* QACell.m */,
				8C92547E13AF53AF00374063 /* SendQController.h */,
				8C92547F13AF53AF00374063 /* SendQController.m */,
				DD37745013B41E6D00398228 /* FavrController.h */,
				DD37745113B41E6D00398228 /* FavrController.m */,
				8C9A8B6B13B461C000DDD2D2 /* PodController.h */,
				8C9A8B6C13B461C000DDD2D2 /* PodController.m */,
				8C9AEA9113B9AA710079E2D4 /* iCodeOauthViewController.h */,
				8C9AEA9213B9AA710079E2D4 /* iCodeOauthViewController.m */,
				8C9AEA9613B9AC2B0079E2D4 /* Tweet.h */,
				8C9AEA9713B9AC2C0079E2D4 /* Tweet.m */,
			);
			path = iBuh;
			sourceTree = "<group>";
		};
		DDED16B513A3290D003E523C /* Supporting Files */ = {
			isa = PBXGroup;
			children = (
				DDED16B613A3290D003E523C /* iБухгалтерия-Info.plist */,
				DDED16B713A3290D003E523C /* InfoPlist.strings */,
				DDED16BA13A3290D003E523C /* iБухгалтерия-Prefix.pch */,
				DDED16BB13A3290D003E523C /* main.m */,
				8C95F19213B34D6900B1F5F4 /* favourites.plist */,
			);
			name = "Supporting Files";
			sourceTree = "<group>";
		};
		DDED16DA13A3290E003E523C /* iBuhTests */ = {
			isa = PBXGroup;
			children = (
				DDED16E113A3290E003E523C /* iBuhTests.h */,
				DDED16E313A3290E003E523C /* iBuhTests.m */,
				DDED16DB13A3290E003E523C /* Supporting Files */,
			);
			path = iBuhTests;
			sourceTree = "<group>";
		};
		DDED16DB13A3290E003E523C /* Supporting Files */ = {
			isa = PBXGroup;
			children = (
				DDED16DC13A3290E003E523C /* iБухгалтерияTests-Info.plist */,
				DDED16DD13A3290E003E523C /* InfoPlist.strings */,
				DDED16E013A3290E003E523C /* iБухгалтерияTests-Prefix.pch */,
			);
			name = "Supporting Files";
			sourceTree = "<group>";
		};
		DDED16ED13A45576003E523C /* Images */ = {
			isa = PBXGroup;
			children = (
				8C94809313B303EE0085A268 /* word-big.png */,
				8C94809413B303EE0085A268 /* word-big@2x.png */,
				8C94809513B303EE0085A268 /* word.png */,
				8C94809613B303EE0085A268 /* word@2x.png */,
				8C94808E13B303DD0085A268 /* share.png */,
				8C94808F13B303DD0085A268 /* share@2x.png */,
				8C9D0DB513AF6A4A009A8D20 /* 09-chat-2.png */,
				DD06237213B15B3E00A4465F /* 09-chat-2@2x.png */,
				DD06237C13B15BA500A4465F /* 02-redo.png */,
				DD06237D13B15BA500A4465F /* 02-redo@2x.png */,
				DD06237813B15B6E00A4465F /* 65-note.png */,
				DD06237913B15B6E00A4465F /* 65-note@2x.png */,
				DD06237313B15B3E00A4465F /* 19-gear@2x.png */,
				8C9D0DB713AF6A4A009A8D20 /* 19-gear.png */,
				8C9D0DB913AF6A4A009A8D20 /* 28-star.png */,
				DD06237413B15B3E00A4465F /* 28-star@2x.png */,
				DD06236E13B15B1D00A4465F /* 53-house.png */,
				DD06236F13B15B1D00A4465F /* 53-house@2x.png */,
				8C9AAC7213AF3F6B00B759CF /* login-screen-ok.png */,
				8C9AAC7313AF3F6B00B759CF /* login-screen-ok@2x.png */,
				DDC99BEB13AD956600958DF2 /* top-logo-sample@2x.png */,
				DDC99BE213AD8EB800958DF2 /* top-logo-sample.png */,
				DDC99BF413AD994F00958DF2 /* Default@2x.png */,
				DDC99BF213AD993E00958DF2 /* Default.png */,
			);
			name = Images;
			sourceTree = "<group>";
		};
		DDED16F813A45852003E523C /* Xibs */ = {
			isa = PBXGroup;
			children = (
				8CDEB88C13AF0ADD00143F26 /* NewsCell.xib */,
				DDED16C013A3290D003E523C /* MainWindow.xib */,
				DDED177C13A48363003E523C /* NewsController.xib */,
				DDC99BF813AD9D3E00958DF2 /* TopNewsCell.xib */,
				8C87438113A76A2E00588B05 /* NewsDetailController.xib */,
				DDD0386713ADBD6B00BD246B /* DelimNewsCell.xib */,
				DDD0389D13ADD2A500BD246B /* QAController.xib */,
				DDD038A213ADDBBC00BD246B /* QACell.xib */,
				8C92548013AF53AF00374063 /* SendQController.xib */,
				DD37745213B41E6D00398228 /* FavrController.xib */,
				8C9A8B6D13B461C000DDD2D2 /* PodController.xib */,
				8C9AEA9413B9AAFB0079E2D4 /* iCodeOauthViewController.xib */,
			);
			name = Xibs;
			sourceTree = "<group>";
		};
		DDF909B013B95C3E003FC2B5 /* Libraries & Headers */ = {
			isa = PBXGroup;
			children = (
				DDF909B113B95C3E003FC2B5 /* OAuthConsumer */,
			);
			path = "Libraries & Headers";
			sourceTree = "<group>";
		};
		DDF909B113B95C3E003FC2B5 /* OAuthConsumer */ = {
			isa = PBXGroup;
			children = (
				DDF909B213B95C3E003FC2B5 /* NSMutableURLRequest+Parameters.h */,
				DDF909B313B95C3E003FC2B5 /* NSString+URLEncoding.h */,
				DDF909B413B95C3E003FC2B5 /* NSURL+Base.h */,
				DDF909B513B95C3E003FC2B5 /* OAAsynchronousDataFetcher.h */,
				DDF909B613B95C3E003FC2B5 /* OAConsumer.h */,
				DDF909B713B95C3E003FC2B5 /* OADataFetcher.h */,
				DDF909B813B95C3E003FC2B5 /* OAHMAC_SHA1SignatureProvider.h */,
				DDF909B913B95C3E003FC2B5 /* OAMutableURLRequest.h */,
				DDF909BA13B95C3E003FC2B5 /* OAPlaintextSignatureProvider.h */,
				DDF909BB13B95C3E003FC2B5 /* OARequestParameter.h */,
				DDF909BC13B95C3E003FC2B5 /* OAServiceTicket.h */,
				DDF909BD13B95C3E003FC2B5 /* OASignatureProviding.h */,
				DDF909BE13B95C3E003FC2B5 /* OAToken.h */,
				DDF909BF13B95C3E003FC2B5 /* OAToken_KeychainExtensions.h */,
				DDF909C013B95C3E003FC2B5 /* OAuthConsumer.h */,
			);
			path = OAuthConsumer;
			sourceTree = "<group>";
		};
		DDF909C113B95C3E003FC2B5 /* MGTwitterEngine */ = {
			isa = PBXGroup;
			children = (
				DDF909C213B95C3E003FC2B5 /* MGTwitterEngine.h */,
				DDF909C313B95C3E003FC2B5 /* MGTwitterEngine.m */,
				DDF909C413B95C3E003FC2B5 /* MGTwitterEngineDelegate.h */,
				DDF909C513B95C3E003FC2B5 /* MGTwitterEngineGlobalHeader.h */,
				DDF909C613B95C3E003FC2B5 /* MGTwitterHTTPURLConnection.h */,
				DDF909C713B95C3E003FC2B5 /* MGTwitterHTTPURLConnection.m */,
				DDF909C813B95C3E003FC2B5 /* MGTwitterLibXMLParser.h */,
				DDF909C913B95C3E003FC2B5 /* MGTwitterLibXMLParser.m */,
				DDF909CA13B95C3E003FC2B5 /* MGTwitterMessagesLibXMLParser.h */,
				DDF909CB13B95C3E003FC2B5 /* MGTwitterMessagesLibXMLParser.m */,
				DDF909CC13B95C3E003FC2B5 /* MGTwitterMessagesParser.h */,
				DDF909CD13B95C3E003FC2B5 /* MGTwitterMessagesParser.m */,
				DDF909CE13B95C3E003FC2B5 /* MGTwitterMiscLibXMLParser.h */,
				DDF909CF13B95C3E003FC2B5 /* MGTwitterMiscLibXMLParser.m */,
				DDF909D013B95C3E003FC2B5 /* MGTwitterMiscParser.h */,
				DDF909D113B95C3E003FC2B5 /* MGTwitterMiscParser.m */,
				DDF909D213B95C3E003FC2B5 /* MGTwitterParserDelegate.h */,
				DDF909D313B95C3E003FC2B5 /* MGTwitterRequestTypes.h */,
				DDF909D413B95C3E003FC2B5 /* MGTwitterStatusesLibXMLParser.h */,
				DDF909D513B95C3E003FC2B5 /* MGTwitterStatusesLibXMLParser.m */,
				DDF909D613B95C3E003FC2B5 /* MGTwitterStatusesParser.h */,
				DDF909D713B95C3E003FC2B5 /* MGTwitterStatusesParser.m */,
				DDF909D813B95C3E003FC2B5 /* MGTwitterUsersLibXMLParser.h */,
				DDF909D913B95C3E003FC2B5 /* MGTwitterUsersLibXMLParser.m */,
				DDF909DA13B95C3E003FC2B5 /* MGTwitterUsersParser.h */,
				DDF909DB13B95C3E003FC2B5 /* MGTwitterUsersParser.m */,
				DDF909DC13B95C3E003FC2B5 /* MGTwitterXMLParser.h */,
				DDF909DD13B95C3E003FC2B5 /* MGTwitterXMLParser.m */,
				DDF909DE13B95C3E003FC2B5 /* NSData+Base64.h */,
				DDF909DF13B95C3E003FC2B5 /* NSData+Base64.m */,
				DDF909E013B95C3E003FC2B5 /* NSString+UUID.h */,
				DDF909E113B95C3E003FC2B5 /* NSString+UUID.m */,
			);
			path = MGTwitterEngine;
			sourceTree = "<group>";
		};
		DDF909E213B95C3E003FC2B5 /* SAOAuthTwitterEngine */ = {
			isa = PBXGroup;
			children = (
				DDF909E313B95C3E003FC2B5 /* libOAuth.a */,
				DDF909E413B95C3E003FC2B5 /* SA_OAuthTwitterController.h */,
				DDF909E513B95C3E003FC2B5 /* SA_OAuthTwitterController.m */,
				DDF909E613B95C3E003FC2B5 /* SA_OAuthTwitterEngine.h */,
				DDF909E713B95C3E003FC2B5 /* SA_OAuthTwitterEngine.m */,
			);
			path = SAOAuthTwitterEngine;
			sourceTree = "<group>";
		};
/* End PBXGroup section */

/* Begin PBXNativeTarget section */
		DDED16A913A3290D003E523C /* iБухгалтерия */ = {
			isa = PBXNativeTarget;
			buildConfigurationList = DDED16E713A3290E003E523C /* Build configuration list for PBXNativeTarget "iБухгалтерия" */;
			buildPhases = (
				DDED16A613A3290D003E523C /* Sources */,
				DDED16A713A3290D003E523C /* Frameworks */,
				DDED16A813A3290D003E523C /* Resources */,
			);
			buildRules = (
			);
			dependencies = (
			);
			name = "iБухгалтерия";
			productName = iBuh;
			productReference = DDED16AA13A3290D003E523C /* iБухгалтерия.app */;
			productType = "com.apple.product-type.application";
		};
		DDED16D313A3290E003E523C /* iБухгалтерияTests */ = {
			isa = PBXNativeTarget;
			buildConfigurationList = DDED16EA13A3290E003E523C /* Build configuration list for PBXNativeTarget "iБухгалтерияTests" */;
			buildPhases = (
				DDED16CF13A3290E003E523C /* Sources */,
				DDED16D013A3290E003E523C /* Frameworks */,
				DDED16D113A3290E003E523C /* Resources */,
				DDED16D213A3290E003E523C /* ShellScript */,
			);
			buildRules = (
			);
			dependencies = (
				DDED16D913A3290E003E523C /* PBXTargetDependency */,
			);
			name = "iБухгалтерияTests";
			productName = iBuhTests;
			productReference = DDED16D413A3290E003E523C /* iБухгалтерияTests.octest */;
			productType = "com.apple.product-type.bundle";
		};
/* End PBXNativeTarget section */

/* Begin PBXProject section */
		DDED16A113A3290C003E523C /* Project object */ = {
			isa = PBXProject;
			buildConfigurationList = DDED16A413A3290C003E523C /* Build configuration list for PBXProject "iБухгалтерия" */;
			compatibilityVersion = "Xcode 3.2";
			developmentRegion = English;
			hasScannedForEncodings = 0;
			knownRegions = (
				en,
			);
			mainGroup = DDED169F13A3290C003E523C;
			productRefGroup = DDED16AB13A3290D003E523C /* Products */;
			projectDirPath = "";
			projectReferences = (
				{
					ProductGroup = 8C9E200A13BC8E7E001AA2C1 /* Products */;
					ProjectRef = 8C9E200913BC8E7E001AA2C1 /* facebook-ios-sdk.xcodeproj */;
				},
			);
			projectRoot = "";
			targets = (
				DDED16A913A3290D003E523C /* iБухгалтерия */,
				DDED16D313A3290E003E523C /* iБухгалтерияTests */,
			);
		};
/* End PBXProject section */

/* Begin PBXReferenceProxy section */
		8C9E203513BC8E7E001AA2C1 /* libfacebook_ios_sdk.a */ = {
			isa = PBXReferenceProxy;
			fileType = archive.ar;
			path = libfacebook_ios_sdk.a;
			remoteRef = 8C9E203413BC8E7E001AA2C1 /* PBXContainerItemProxy */;
			sourceTree = BUILT_PRODUCTS_DIR;
		};
/* End PBXReferenceProxy section */

/* Begin PBXResourcesBuildPhase section */
		DDED16A813A3290D003E523C /* Resources */ = {
			isa = PBXResourcesBuildPhase;
			buildActionMask = 2147483647;
			files = (
				DDED16B913A3290D003E523C /* InfoPlist.strings in Resources */,
				DDED16C213A3290D003E523C /* MainWindow.xib in Resources */,
				DDED177E13A48363003E523C /* NewsController.xib in Resources */,
				8C87438313A76A2E00588B05 /* NewsDetailController.xib in Resources */,
				DDC99BE413AD8EB800958DF2 /* top-logo-sample.png in Resources */,
				DDC99BED13AD956600958DF2 /* top-logo-sample@2x.png in Resources */,
				DDC99BF313AD993E00958DF2 /* Default.png in Resources */,
				DDC99BF513AD994F00958DF2 /* Default@2x.png in Resources */,
				DDC99BFA13AD9D3E00958DF2 /* TopNewsCell.xib in Resources */,
				DDD0386913ADBD6B00BD246B /* DelimNewsCell.xib in Resources */,
				DDD0389F13ADD2A500BD246B /* QAController.xib in Resources */,
				DDD038A413ADDBBD00BD246B /* QACell.xib in Resources */,
				8CDEB88D13AF0ADD00143F26 /* NewsCell.xib in Resources */,
				8C9AAC7413AF3F6B00B759CF /* login-screen-ok.png in Resources */,
				8C9AAC7513AF3F6B00B759CF /* login-screen-ok@2x.png in Resources */,
				8C92548213AF53AF00374063 /* SendQController.xib in Resources */,
				8C9D0DBB13AF6A4A009A8D20 /* 09-chat-2.png in Resources */,
				8C9D0DBD13AF6A4A009A8D20 /* 19-gear.png in Resources */,
				8C9D0DBF13AF6A4A009A8D20 /* 28-star.png in Resources */,
				DD06237013B15B1D00A4465F /* 53-house.png in Resources */,
				DD06237113B15B1D00A4465F /* 53-house@2x.png in Resources */,
				DD06237513B15B3E00A4465F /* 09-chat-2@2x.png in Resources */,
				DD06237613B15B3E00A4465F /* 19-gear@2x.png in Resources */,
				DD06237713B15B3E00A4465F /* 28-star@2x.png in Resources */,
				DD06237A13B15B6E00A4465F /* 65-note.png in Resources */,
				DD06237B13B15B6E00A4465F /* 65-note@2x.png in Resources */,
				DD06237E13B15BA500A4465F /* 02-redo.png in Resources */,
				DD06237F13B15BA500A4465F /* 02-redo@2x.png in Resources */,
				8C94809013B303DD0085A268 /* share.png in Resources */,
				8C94809113B303DD0085A268 /* share@2x.png in Resources */,
				8C94809713B303EE0085A268 /* word-big.png in Resources */,
				8C94809813B303EE0085A268 /* word-big@2x.png in Resources */,
				8C94809913B303EE0085A268 /* word.png in Resources */,
				8C94809A13B303EE0085A268 /* word@2x.png in Resources */,
				8C95F19313B34D6900B1F5F4 /* favourites.plist in Resources */,
				DD37745413B41E6D00398228 /* FavrController.xib in Resources */,
				8C9A8B6F13B461C000DDD2D2 /* PodController.xib in Resources */,
				8C9AEA9513B9AAFB0079E2D4 /* iCodeOauthViewController.xib in Resources */,
				8C9E202913BC8E7E001AA2C1 /* FBDialog.bundle in Resources */,
			);
			runOnlyForDeploymentPostprocessing = 0;
		};
		DDED16D113A3290E003E523C /* Resources */ = {
			isa = PBXResourcesBuildPhase;
			buildActionMask = 2147483647;
			files = (
				DDED16DF13A3290E003E523C /* InfoPlist.strings in Resources */,
				DDED16E213A3290E003E523C /* iBuhTests.h in Resources */,
			);
			runOnlyForDeploymentPostprocessing = 0;
		};
/* End PBXResourcesBuildPhase section */

/* Begin PBXShellScriptBuildPhase section */
		DDED16D213A3290E003E523C /* ShellScript */ = {
			isa = PBXShellScriptBuildPhase;
			buildActionMask = 2147483647;
			files = (
			);
			inputPaths = (
			);
			outputPaths = (
			);
			runOnlyForDeploymentPostprocessing = 0;
			shellPath = /bin/sh;
			shellScript = "# Run the unit tests in this test bundle.\n\"${SYSTEM_DEVELOPER_DIR}/Tools/RunUnitTests\"\n";
		};
/* End PBXShellScriptBuildPhase section */

/* Begin PBXSourcesBuildPhase section */
		DDED16A613A3290D003E523C /* Sources */ = {
			isa = PBXSourcesBuildPhase;
			buildActionMask = 2147483647;
			files = (
				DDED16BC13A3290D003E523C /* main.m in Sources */,
				DDED16BF13A3290D003E523C /* iBuhAppDelegate.m in Sources */,
				DDED16F713A45835003E523C /* Common.m in Sources */,
				DDED177D13A48363003E523C /* NewsController.m in Sources */,
				DD251BA513A496A800DBA93B /* Reachability.m in Sources */,
				DD251BA813A4975D00DBA93B /* XMLParser.m in Sources */,
				DD251BAB13A497F300DBA93B /* Item.m in Sources */,
				DD10C1D513A6D6C1007E191D /* NewsCell.m in Sources */,
				8C87438213A76A2E00588B05 /* NewsDetailController.m in Sources */,
				DDC99BF913AD9D3E00958DF2 /* TopNewsCell.m in Sources */,
				DDD0386813ADBD6B00BD246B /* DelimNewsCell.m in Sources */,
				DDD0389E13ADD2A500BD246B /* QAController.m in Sources */,
				DDD038A313ADDBBD00BD246B /* QACell.m in Sources */,
				8C92548113AF53AF00374063 /* SendQController.m in Sources */,
				DD37745313B41E6D00398228 /* FavrController.m in Sources */,
				8C9A8B6E13B461C000DDD2D2 /* PodController.m in Sources */,
				DDF909E813B95C3E003FC2B5 /* MGTwitterEngine.m in Sources */,
				DDF909E913B95C3E003FC2B5 /* MGTwitterHTTPURLConnection.m in Sources */,
				DDF909EA13B95C3E003FC2B5 /* MGTwitterLibXMLParser.m in Sources */,
				DDF909EB13B95C3E003FC2B5 /* MGTwitterMessagesLibXMLParser.m in Sources */,
				DDF909EC13B95C3E003FC2B5 /* MGTwitterMessagesParser.m in Sources */,
				DDF909ED13B95C3E003FC2B5 /* MGTwitterMiscLibXMLParser.m in Sources */,
				DDF909EE13B95C3E003FC2B5 /* MGTwitterMiscParser.m in Sources */,
				DDF909EF13B95C3E003FC2B5 /* MGTwitterStatusesLibXMLParser.m in Sources */,
				DDF909F013B95C3E003FC2B5 /* MGTwitterStatusesParser.m in Sources */,
				DDF909F113B95C3E003FC2B5 /* MGTwitterUsersLibXMLParser.m in Sources */,
				DDF909F213B95C3E003FC2B5 /* MGTwitterUsersParser.m in Sources */,
				DDF909F313B95C3E003FC2B5 /* MGTwitterXMLParser.m in Sources */,
				DDF909F413B95C3E003FC2B5 /* NSData+Base64.m in Sources */,
				DDF909F513B95C3E003FC2B5 /* NSString+UUID.m in Sources */,
				DDF909F713B95C3E003FC2B5 /* SA_OAuthTwitterController.m in Sources */,
				DDF909F813B95C3E003FC2B5 /* SA_OAuthTwitterEngine.m in Sources */,
				8C9AEA9313B9AA730079E2D4 /* iCodeOauthViewController.m in Sources */,
				8C9AEA9813B9AC2C0079E2D4 /* Tweet.m in Sources */,
				8C9E202813BC8E7E001AA2C1 /* Facebook.m in Sources */,
				8C9E202A13BC8E7E001AA2C1 /* FBDialog.m in Sources */,
				8C9E202B13BC8E7E001AA2C1 /* FBLoginDialog.m in Sources */,
				8C9E202C13BC8E7E001AA2C1 /* FBRequest.m in Sources */,
				8C9E202D13BC8E7E001AA2C1 /* NSObject+SBJSON.m in Sources */,
				8C9E202E13BC8E7E001AA2C1 /* NSString+SBJSON.m in Sources */,
				8C9E202F13BC8E7E001AA2C1 /* SBJSON.m in Sources */,
				8C9E203013BC8E7E001AA2C1 /* SBJsonBase.m in Sources */,
				8C9E203113BC8E7E001AA2C1 /* SBJsonParser.m in Sources */,
				8C9E203213BC8E7E001AA2C1 /* SBJsonWriter.m in Sources */,
			);
			runOnlyForDeploymentPostprocessing = 0;
		};
		DDED16CF13A3290E003E523C /* Sources */ = {
			isa = PBXSourcesBuildPhase;
			buildActionMask = 2147483647;
			files = (
				DDED16E413A3290E003E523C /* iBuhTests.m in Sources */,
			);
			runOnlyForDeploymentPostprocessing = 0;
		};
/* End PBXSourcesBuildPhase section */

/* Begin PBXTargetDependency section */
		DDED16D913A3290E003E523C /* PBXTargetDependency */ = {
			isa = PBXTargetDependency;
			target = DDED16A913A3290D003E523C /* iБухгалтерия */;
			targetProxy = DDED16D813A3290E003E523C /* PBXContainerItemProxy */;
		};
/* End PBXTargetDependency section */

/* Begin PBXVariantGroup section */
		DDED16B713A3290D003E523C /* InfoPlist.strings */ = {
			isa = PBXVariantGroup;
			children = (
				DDED16B813A3290D003E523C /* en */,
			);
			name = InfoPlist.strings;
			sourceTree = "<group>";
		};
		DDED16C013A3290D003E523C /* MainWindow.xib */ = {
			isa = PBXVariantGroup;
			children = (
				DDED16C113A3290D003E523C /* en */,
			);
			name = MainWindow.xib;
			sourceTree = "<group>";
		};
		DDED16DD13A3290E003E523C /* InfoPlist.strings */ = {
			isa = PBXVariantGroup;
			children = (
				DDED16DE13A3290E003E523C /* en */,
			);
			name = InfoPlist.strings;
			sourceTree = "<group>";
		};
/* End PBXVariantGroup section */

/* Begin XCBuildConfiguration section */
		DDED16E513A3290E003E523C /* Debug */ = {
			isa = XCBuildConfiguration;
			buildSettings = {
				ARCHS = "$(ARCHS_STANDARD_32_BIT)";
				"CODE_SIGN_IDENTITY[sdk=iphoneos*]" = "iPhone Developer";
				GCC_C_LANGUAGE_STANDARD = gnu99;
				GCC_OPTIMIZATION_LEVEL = 0;
				GCC_PREPROCESSOR_DEFINITIONS = DEBUG;
				GCC_SYMBOLS_PRIVATE_EXTERN = NO;
				GCC_VERSION = com.apple.compilers.llvmgcc42;
				GCC_WARN_ABOUT_RETURN_TYPE = YES;
				GCC_WARN_UNUSED_VARIABLE = YES;
				HEADER_SEARCH_PATHS = "$(SDKROOT)/usr/include/libxml2";
				IPHONEOS_DEPLOYMENT_TARGET = 4.3;
				SDKROOT = iphoneos;
			};
			name = Debug;
		};
		DDED16E613A3290E003E523C /* Release */ = {
			isa = XCBuildConfiguration;
			buildSettings = {
				ARCHS = "$(ARCHS_STANDARD_32_BIT)";
				"CODE_SIGN_IDENTITY[sdk=iphoneos*]" = "iPhone Developer";
				GCC_C_LANGUAGE_STANDARD = gnu99;
				GCC_VERSION = com.apple.compilers.llvmgcc42;
				GCC_WARN_ABOUT_RETURN_TYPE = YES;
				GCC_WARN_UNUSED_VARIABLE = YES;
				HEADER_SEARCH_PATHS = "$(SDKROOT)/usr/include/libxml2";
				IPHONEOS_DEPLOYMENT_TARGET = 4.3;
				OTHER_CFLAGS = "-DNS_BLOCK_ASSERTIONS=1";
				SDKROOT = iphoneos;
			};
			name = Release;
		};
		DDED16E813A3290E003E523C /* Debug */ = {
			isa = XCBuildConfiguration;
			buildSettings = {
				ALWAYS_SEARCH_USER_PATHS = YES;
				COPY_PHASE_STRIP = NO;
				GCC_DYNAMIC_NO_PIC = NO;
				GCC_PRECOMPILE_PREFIX_HEADER = YES;
				GCC_PREFIX_HEADER = "iBuh/iБухгалтерия-Prefix.pch";
				INFOPLIST_FILE = "iBuh/iБухгалтерия-Info.plist";
				LIBRARY_SEARCH_PATHS = (
					"$(inherited)",
					"\"$(SRCROOT)/iBuh/SAOAuthTwitterEngine\"",
					"\"$(SRCROOT)\"",
				);
				PRODUCT_NAME = "iБухгалтерия";
				VALIDATE_PRODUCT = YES;
				WRAPPER_EXTENSION = app;
			};
			name = Debug;
		};
		DDED16E913A3290E003E523C /* Release */ = {
			isa = XCBuildConfiguration;
			buildSettings = {
				ALWAYS_SEARCH_USER_PATHS = YES;
				COPY_PHASE_STRIP = YES;
				GCC_PRECOMPILE_PREFIX_HEADER = YES;
				GCC_PREFIX_HEADER = "iBuh/iБухгалтерия-Prefix.pch";
				INFOPLIST_FILE = "iBuh/iБухгалтерия-Info.plist";
				LIBRARY_SEARCH_PATHS = (
					"$(inherited)",
					"\"$(SRCROOT)/iBuh/SAOAuthTwitterEngine\"",
					"\"$(SRCROOT)\"",
				);
				PRODUCT_NAME = "iБухгалтерия";
				VALIDATE_PRODUCT = YES;
				WRAPPER_EXTENSION = app;
			};
			name = Release;
		};
		DDED16EB13A3290E003E523C /* Debug */ = {
			isa = XCBuildConfiguration;
			buildSettings = {
				ALWAYS_SEARCH_USER_PATHS = NO;
				BUNDLE_LOADER = "$(BUILT_PRODUCTS_DIR)/iBuh.app/iBuh";
				FRAMEWORK_SEARCH_PATHS = (
					"$(SDKROOT)/Developer/Library/Frameworks",
					"$(DEVELOPER_LIBRARY_DIR)/Frameworks",
				);
				GCC_PRECOMPILE_PREFIX_HEADER = YES;
				GCC_PREFIX_HEADER = "iBuhTests/iБухгалтерияTests-Prefix.pch";
				INFOPLIST_FILE = "iBuhTests/iБухгалтерияTests-Info.plist";
				OTHER_LDFLAGS = (
					"-framework",
					SenTestingKit,
				);
				PRODUCT_NAME = "iБухгалтерияTests";
				TEST_HOST = "$(BUNDLE_LOADER)";
				WRAPPER_EXTENSION = octest;
			};
			name = Debug;
		};
		DDED16EC13A3290E003E523C /* Release */ = {
			isa = XCBuildConfiguration;
			buildSettings = {
				ALWAYS_SEARCH_USER_PATHS = NO;
				BUNDLE_LOADER = "$(BUILT_PRODUCTS_DIR)/iBuh.app/iBuh";
				FRAMEWORK_SEARCH_PATHS = (
					"$(SDKROOT)/Developer/Library/Frameworks",
					"$(DEVELOPER_LIBRARY_DIR)/Frameworks",
				);
				GCC_PRECOMPILE_PREFIX_HEADER = YES;
				GCC_PREFIX_HEADER = "iBuhTests/iБухгалтерияTests-Prefix.pch";
				INFOPLIST_FILE = "iBuhTests/iБухгалтерияTests-Info.plist";
				OTHER_LDFLAGS = (
					"-framework",
					SenTestingKit,
				);
				PRODUCT_NAME = "iБухгалтерияTests";
				TEST_HOST = "$(BUNDLE_LOADER)";
				WRAPPER_EXTENSION = octest;
			};
			name = Release;
		};
/* End XCBuildConfiguration section */

/* Begin XCConfigurationList section */
		DDED16A413A3290C003E523C /* Build configuration list for PBXProject "iБухгалтерия" */ = {
			isa = XCConfigurationList;
			buildConfigurations = (
				DDED16E513A3290E003E523C /* Debug */,
				DDED16E613A3290E003E523C /* Release */,
			);
			defaultConfigurationIsVisible = 0;
			defaultConfigurationName = Release;
		};
		DDED16E713A3290E003E523C /* Build configuration list for PBXNativeTarget "iБухгалтерия" */ = {
			isa = XCConfigurationList;
			buildConfigurations = (
				DDED16E813A3290E003E523C /* Debug */,
				DDED16E913A3290E003E523C /* Release */,
			);
			defaultConfigurationIsVisible = 0;
			defaultConfigurationName = Release;
		};
		DDED16EA13A3290E003E523C /* Build configuration list for PBXNativeTarget "iБухгалтерияTests" */ = {
			isa = XCConfigurationList;
			buildConfigurations = (
				DDED16EB13A3290E003E523C /* Debug */,
				DDED16EC13A3290E003E523C /* Release */,
			);
			defaultConfigurationIsVisible = 0;
			defaultConfigurationName = Release;
		};
/* End XCConfigurationList section */
	};
	rootObject = DDED16A113A3290C003E523C /* Project object */;
}
